// !$*UTF8*$!
{
	archiveVersion = 1;
	classes = {
	};
	objectVersion = 54;
	objects = {

/* Begin PBXBuildFile section */
		F43056602EC3BE0100360103 /* ACEView.framework in Frameworks */ = {isa = PBXBuildFile; fileRef = F430565E2EC3BDEE00360103 /* ACEView.framework */; };
		F43056612EC3BE0100360103 /* ACEView.framework in Copy Bundled Frameworks */ = {isa = PBXBuildFile; fileRef = F430565E2EC3BDEE00360103 /* ACEView.framework */; settings = {ATTRIBUTES = (CodeSignOnCopy, RemoveHeadersOnCopy, ); }; };
		F43056992EC3CD7A00360103 /* ext-elastic_tabstops_lite.js in Resources */ = {isa = PBXBuildFile; fileRef = F43056652EC3CD7A00360103 /* ext-elastic_tabstops_lite.js */; };
		F430569A2EC3CD7A00360103 /* theme-terminal.js in Resources */ = {isa = PBXBuildFile; fileRef = F430568F2EC3CD7A00360103 /* theme-terminal.js */; };
		F430569B2EC3CD7A00360103 /* theme-solarized_dark.js in Resources */ = {isa = PBXBuildFile; fileRef = F430568D2EC3CD7A00360103 /* theme-solarized_dark.js */; };
		F430569C2EC3CD7A00360103 /* ext-keybinding_menu.js in Resources */ = {isa = PBXBuildFile; fileRef = F43056682EC3CD7A00360103 /* ext-keybinding_menu.js */; };
		F430569D2EC3CD7A00360103 /* ace.js in Resources */ = {isa = PBXBuildFile; fileRef = F43056622EC3CD7A00360103 /* ace.js */; };
		F430569E2EC3CD7A00360103 /* ext-chromevox.js in Resources */ = {isa = PBXBuildFile; fileRef = F43056642EC3CD7A00360103 /* ext-chromevox.js */; };
		F430569F2EC3CD7A00360103 /* theme-pastel_on_dark.js in Resources */ = {isa = PBXBuildFile; fileRef = F430568C2EC3CD7A00360103 /* theme-pastel_on_dark.js */; };
		F43056A02EC3CD7A00360103 /* theme-monokai.js in Resources */ = {isa = PBXBuildFile; fileRef = F430568B2EC3CD7A00360103 /* theme-monokai.js */; };
		F43056A12EC3CD7A00360103 /* ext-static_highlight.js in Resources */ = {isa = PBXBuildFile; fileRef = F43056712EC3CD7A00360103 /* ext-static_highlight.js */; };
		F43056A22EC3CD7A00360103 /* ext-themelist.js in Resources */ = {isa = PBXBuildFile; fileRef = F43056742EC3CD7A00360103 /* ext-themelist.js */; };
		F43056A32EC3CD7A00360103 /* theme-clouds.js in Resources */ = {isa = PBXBuildFile; fileRef = F430567C2EC3CD7A00360103 /* theme-clouds.js */; };
		F43056A42EC3CD7A00360103 /* keybinding-vim.js in Resources */ = {isa = PBXBuildFile; fileRef = F43056772EC3CD7A00360103 /* keybinding-vim.js */; };
		F43056A52EC3CD7A00360103 /* theme-katzenmilch.js in Resources */ = {isa = PBXBuildFile; fileRef = F43056852EC3CD7A00360103 /* theme-katzenmilch.js */; };
		F43056A62EC3CD7A00360103 /* theme-merbivore.js in Resources */ = {isa = PBXBuildFile; fileRef = F43056882EC3CD7A00360103 /* theme-merbivore.js */; };
		F43056A72EC3CD7A00360103 /* theme-vibrant_ink.js in Resources */ = {isa = PBXBuildFile; fileRef = F43056972EC3CD7A00360103 /* theme-vibrant_ink.js */; };
		F43056A82EC3CD7A00360103 /* keybinding-emacs.js in Resources */ = {isa = PBXBuildFile; fileRef = F43056762EC3CD7A00360103 /* keybinding-emacs.js */; };
		F43056A92EC3CD7A00360103 /* theme-dawn.js in Resources */ = {isa = PBXBuildFile; fileRef = F43056802EC3CD7A00360103 /* theme-dawn.js */; };
		F43056AA2EC3CD7A00360103 /* theme-github.js in Resources */ = {isa = PBXBuildFile; fileRef = F43056832EC3CD7A00360103 /* theme-github.js */; };
		F43056AB2EC3CD7A00360103 /* theme-merbivore_soft.js in Resources */ = {isa = PBXBuildFile; fileRef = F43056892EC3CD7A00360103 /* theme-merbivore_soft.js */; };
		F43056AC2EC3CD7A00360103 /* ext-settings_menu.js in Resources */ = {isa = PBXBuildFile; fileRef = F430566E2EC3CD7A00360103 /* ext-settings_menu.js */; };
		F43056AD2EC3CD7A00360103 /* ext-modelist.js in Resources */ = {isa = PBXBuildFile; fileRef = F430566B2EC3CD7A00360103 /* ext-modelist.js */; };
		F43056AE2EC3CD7A00360103 /* theme-solarized_light.js in Resources */ = {isa = PBXBuildFile; fileRef = F430568E2EC3CD7A00360103 /* theme-solarized_light.js */; };
		F43056AF2EC3CD7A00360103 /* ext-emmet.js in Resources */ = {isa = PBXBuildFile; fileRef = F43056662EC3CD7A00360103 /* ext-emmet.js */; };
		F43056B02EC3CD7A00360103 /* mode-groff.js in Resources */ = {isa = PBXBuildFile; fileRef = F43056782EC3CD7A00360103 /* mode-groff.js */; };
		F43056B12EC3CD7A00360103 /* theme-tomorrow_night_eighties.js in Resources */ = {isa = PBXBuildFile; fileRef = F43056952EC3CD7A00360103 /* theme-tomorrow_night_eighties.js */; };
		F43056B22EC3CD7A00360103 /* theme-textmate.js in Resources */ = {isa = PBXBuildFile; fileRef = F43056902EC3CD7A00360103 /* theme-textmate.js */; };
		F43056B32EC3CD7A00360103 /* theme-kr_theme.js in Resources */ = {isa = PBXBuildFile; fileRef = F43056862EC3CD7A00360103 /* theme-kr_theme.js */; };
		F43056B42EC3CD7A00360103 /* theme-kuroir.js in Resources */ = {isa = PBXBuildFile; fileRef = F43056872EC3CD7A00360103 /* theme-kuroir.js */; };
		F43056B52EC3CD7A00360103 /* theme-chrome.js in Resources */ = {isa = PBXBuildFile; fileRef = F430567B2EC3CD7A00360103 /* theme-chrome.js */; };
		F43056B62EC3CD7A00360103 /* theme-mono_industrial.js in Resources */ = {isa = PBXBuildFile; fileRef = F430568A2EC3CD7A00360103 /* theme-mono_industrial.js */; };
		F43056B72EC3CD7A00360103 /* ext-language_tools.js in Resources */ = {isa = PBXBuildFile; fileRef = F43056692EC3CD7A00360103 /* ext-language_tools.js */; };
		F43056B82EC3CD7A00360103 /* theme-ambiance.js in Resources */ = {isa = PBXBuildFile; fileRef = F43056792EC3CD7A00360103 /* theme-ambiance.js */; };
		F43056B92EC3CD7A00360103 /* theme-tomorrow.js in Resources */ = {isa = PBXBuildFile; fileRef = F43056912EC3CD7A00360103 /* theme-tomorrow.js */; };
		F43056BA2EC3CD7A00360103 /* ext-whitespace.js in Resources */ = {isa = PBXBuildFile; fileRef = F43056752EC3CD7A00360103 /* ext-whitespace.js */; };
		F43056BB2EC3CD7A00360103 /* ext-textarea.js in Resources */ = {isa = PBXBuildFile; fileRef = F43056732EC3CD7A00360103 /* ext-textarea.js */; };
		F43056BC2EC3CD7A00360103 /* theme-clouds_midnight.js in Resources */ = {isa = PBXBuildFile; fileRef = F430567D2EC3CD7A00360103 /* theme-clouds_midnight.js */; };
		F43056BD2EC3CD7A00360103 /* ext-beautify.js in Resources */ = {isa = PBXBuildFile; fileRef = F43056632EC3CD7A00360103 /* ext-beautify.js */; };
		F43056BE2EC3CD7A00360103 /* ext-spellcheck.js in Resources */ = {isa = PBXBuildFile; fileRef = F430566F2EC3CD7A00360103 /* ext-spellcheck.js */; };
		F43056BF2EC3CD7A00360103 /* theme-eclipse.js in Resources */ = {isa = PBXBuildFile; fileRef = F43056822EC3CD7A00360103 /* theme-eclipse.js */; };
		F43056C02EC3CD7A00360103 /* theme-crimson_editor.js in Resources */ = {isa = PBXBuildFile; fileRef = F430567F2EC3CD7A00360103 /* theme-crimson_editor.js */; };
		F43056C12EC3CD7A00360103 /* theme-twilight.js in Resources */ = {isa = PBXBuildFile; fileRef = F43056962EC3CD7A00360103 /* theme-twilight.js */; };
		F43056C22EC3CD7A00360103 /* ext-error_marker.js in Resources */ = {isa = PBXBuildFile; fileRef = F43056672EC3CD7A00360103 /* ext-error_marker.js */; };
		F43056C32EC3CD7A00360103 /* theme-xcode.js in Resources */ = {isa = PBXBuildFile; fileRef = F43056982EC3CD7A00360103 /* theme-xcode.js */; };
		F43056C42EC3CD7A00360103 /* theme-idle_fingers.js in Resources */ = {isa = PBXBuildFile; fileRef = F43056842EC3CD7A00360103 /* theme-idle_fingers.js */; };
		F43056C52EC3CD7A00360103 /* theme-chaos.js in Resources */ = {isa = PBXBuildFile; fileRef = F430567A2EC3CD7A00360103 /* theme-chaos.js */; };
		F43056C62EC3CD7A00360103 /* ext-statusbar.js in Resources */ = {isa = PBXBuildFile; fileRef = F43056722EC3CD7A00360103 /* ext-statusbar.js */; };
		F43056C72EC3CD7A00360103 /* ext-old_ie.js in Resources */ = {isa = PBXBuildFile; fileRef = F430566C2EC3CD7A00360103 /* ext-old_ie.js */; };
		F43056C82EC3CD7A00360103 /* theme-tomorrow_night_blue.js in Resources */ = {isa = PBXBuildFile; fileRef = F43056932EC3CD7A00360103 /* theme-tomorrow_night_blue.js */; };
		F43056C92EC3CD7A00360103 /* theme-cobalt.js in Resources */ = {isa = PBXBuildFile; fileRef = F430567E2EC3CD7A00360103 /* theme-cobalt.js */; };
		F43056CA2EC3CD7A00360103 /* theme-tomorrow_night.js in Resources */ = {isa = PBXBuildFile; fileRef = F43056922EC3CD7A00360103 /* theme-tomorrow_night.js */; };
		F43056CB2EC3CD7A00360103 /* theme-tomorrow_night_bright.js in Resources */ = {isa = PBXBuildFile; fileRef = F43056942EC3CD7A00360103 /* theme-tomorrow_night_bright.js */; };
		F43056CC2EC3CD7A00360103 /* ext-linking.js in Resources */ = {isa = PBXBuildFile; fileRef = F430566A2EC3CD7A00360103 /* ext-linking.js */; };
		F43056CD2EC3CD7A00360103 /* ext-split.js in Resources */ = {isa = PBXBuildFile; fileRef = F43056702EC3CD7A00360103 /* ext-split.js */; };
		F43056CE2EC3CD7A00360103 /* ext-searchbox.js in Resources */ = {isa = PBXBuildFile; fileRef = F430566D2EC3CD7A00360103 /* ext-searchbox.js */; };
		F43056CF2EC3CD7A00360103 /* theme-dreamweaver.js in Resources */ = {isa = PBXBuildFile; fileRef = F43056812EC3CD7A00360103 /* theme-dreamweaver.js */; };
		F43056D12EC3CF9800360103 /* index.html in Resources */ = {isa = PBXBuildFile; fileRef = F43056D02EC3CF9800360103 /* index.html */; };
		F43557EB1C55413A009080DC /* dsa_pub.pem in Resources */ = {isa = PBXBuildFile; fileRef = F43557EA1C554132009080DC /* dsa_pub.pem */; };
		F45AFBD71C51950600953D8F /* CustomACEView.m in Sources */ = {isa = PBXBuildFile; fileRef = F45AFBD61C51950600953D8F /* CustomACEView.m */; };
		F45AFBD91C52D04A00953D8F /* default.man in Resources */ = {isa = PBXBuildFile; fileRef = F45AFBD81C52D04A00953D8F /* default.man */; };
		F45AFBDC1C53B9C000953D8F /* NSWorkspace+Additions.m in Sources */ = {isa = PBXBuildFile; fileRef = F45AFBDB1C53B9C000953D8F /* NSWorkspace+Additions.m */; };
		F45AFBE21C53D53300953D8F /* License.html in Resources */ = {isa = PBXBuildFile; fileRef = F45AFBE01C53D53300953D8F /* License.html */; };
		F472E8A41F2A3A7B007F3EFC /* Credits.rtf in Resources */ = {isa = PBXBuildFile; fileRef = F472E8A31F2A3A7B007F3EFC /* Credits.rtf */; };
		F4796732224FF75B00CA0746 /* Sparkle.framework in Frameworks */ = {isa = PBXBuildFile; fileRef = F4796731224FF75B00CA0746 /* Sparkle.framework */; };
		F4796734224FF7EA00CA0746 /* Sparkle.framework in Copy Bundled Frameworks */ = {isa = PBXBuildFile; fileRef = F4796731224FF75B00CA0746 /* Sparkle.framework */; settings = {ATTRIBUTES = (CodeSignOnCopy, RemoveHeadersOnCopy, ); }; };
		F4796737224FFB5400CA0746 /* DocumentIcon.icns in Resources */ = {isa = PBXBuildFile; fileRef = F4796735224FFB5300CA0746 /* DocumentIcon.icns */; };
		F4796738224FFB5400CA0746 /* AppIcon.icns in Resources */ = {isa = PBXBuildFile; fileRef = F4796736224FFB5400CA0746 /* AppIcon.icns */; };
		F487F4AC141EADEF0093D633 /* Cocoa.framework in Frameworks */ = {isa = PBXBuildFile; fileRef = F487F4AB141EADEF0093D633 /* Cocoa.framework */; };
		F487F4B8141EADEF0093D633 /* main.m in Sources */ = {isa = PBXBuildFile; fileRef = F487F4B7141EADEF0093D633 /* main.m */; };
		F487F4BF141EADEF0093D633 /* ManDrakeDocument.m in Sources */ = {isa = PBXBuildFile; fileRef = F487F4BE141EADEF0093D633 /* ManDrakeDocument.m */; };
		F487F4D2141EAE730093D633 /* MainMenu.xib in Resources */ = {isa = PBXBuildFile; fileRef = F487F4D0141EAE730093D633 /* MainMenu.xib */; };
		F487F4D3141EAE730093D633 /* ManDrakeDocument.xib in Resources */ = {isa = PBXBuildFile; fileRef = F487F4D1141EAE730093D633 /* ManDrakeDocument.xib */; };
		F487F506141EAF8A0093D633 /* WebKit.framework in Frameworks */ = {isa = PBXBuildFile; fileRef = F487F505141EAF8A0093D633 /* WebKit.framework */; };
		F487F535141EB2560093D633 /* ManDrakeApplicationDelegate.m in Sources */ = {isa = PBXBuildFile; fileRef = F487F534141EB2560093D633 /* ManDrakeApplicationDelegate.m */; };
		F4B7D9F8251004BE0025A779 /* cat2html in Resources */ = {isa = PBXBuildFile; fileRef = F4B7D9F7251004BE0025A779 /* cat2html */; };
/* End PBXBuildFile section */

/* Begin PBXCopyFilesBuildPhase section */
		F4796733224FF7D600CA0746 /* Copy Bundled Frameworks */ = {
			isa = PBXCopyFilesBuildPhase;
			buildActionMask = 2147483647;
			dstPath = "";
			dstSubfolderSpec = 10;
			files = (
				F4796734224FF7EA00CA0746 /* Sparkle.framework in Copy Bundled Frameworks */,
				F43056612EC3BE0100360103 /* ACEView.framework in Copy Bundled Frameworks */,
			);
			name = "Copy Bundled Frameworks";
			runOnlyForDeploymentPostprocessing = 0;
		};
/* End PBXCopyFilesBuildPhase section */

/* Begin PBXFileReference section */
		F42AA7DA1C4EC5D0007E0ACE /* README.md */ = {isa = PBXFileReference; lastKnownFileType = net.daringfireball.markdown; path = README.md; sourceTree = "<group>"; };
		F43056582EC1E08800360103 /* OldAppIcon.icns */ = {isa = PBXFileReference; lastKnownFileType = image.icns; path = OldAppIcon.icns; sourceTree = "<group>"; };
		F43056592EC1E08800360103 /* OldDocumentIcon.icns */ = {isa = PBXFileReference; lastKnownFileType = image.icns; path = OldDocumentIcon.icns; sourceTree = "<group>"; };
		F430565A2EC1E08800360103 /* OldManDrakeAppIcon.ai */ = {isa = PBXFileReference; lastKnownFileType = text; path = OldManDrakeAppIcon.ai; sourceTree = "<group>"; };
		F430565B2EC1E08800360103 /* OldManDrakeAppIcon1024.png */ = {isa = PBXFileReference; lastKnownFileType = image.png; path = OldManDrakeAppIcon1024.png; sourceTree = "<group>"; };
		F430565D2EC2150B00360103 /* ManDrake.entitlements */ = {isa = PBXFileReference; lastKnownFileType = text.plist.entitlements; path = ManDrake.entitlements; sourceTree = "<group>"; };
		F430565E2EC3BDEE00360103 /* ACEView.framework */ = {isa = PBXFileReference; lastKnownFileType = wrapper.framework; path = ACEView.framework; sourceTree = "<group>"; };
		F43056622EC3CD7A00360103 /* ace.js */ = {isa = PBXFileReference; lastKnownFileType = sourcecode.javascript; path = ace.js; sourceTree = "<group>"; };
		F43056632EC3CD7A00360103 /* ext-beautify.js */ = {isa = PBXFileReference; lastKnownFileType = sourcecode.javascript; path = "ext-beautify.js"; sourceTree = "<group>"; };
		F43056642EC3CD7A00360103 /* ext-chromevox.js */ = {isa = PBXFileReference; lastKnownFileType = sourcecode.javascript; path = "ext-chromevox.js"; sourceTree = "<group>"; };
		F43056652EC3CD7A00360103 /* ext-elastic_tabstops_lite.js */ = {isa = PBXFileReference; lastKnownFileType = sourcecode.javascript; path = "ext-elastic_tabstops_lite.js"; sourceTree = "<group>"; };
		F43056662EC3CD7A00360103 /* ext-emmet.js */ = {isa = PBXFileReference; lastKnownFileType = sourcecode.javascript; path = "ext-emmet.js"; sourceTree = "<group>"; };
		F43056672EC3CD7A00360103 /* ext-error_marker.js */ = {isa = PBXFileReference; lastKnownFileType = sourcecode.javascript; path = "ext-error_marker.js"; sourceTree = "<group>"; };
		F43056682EC3CD7A00360103 /* ext-keybinding_menu.js */ = {isa = PBXFileReference; lastKnownFileType = sourcecode.javascript; path = "ext-keybinding_menu.js"; sourceTree = "<group>"; };
		F43056692EC3CD7A00360103 /* ext-language_tools.js */ = {isa = PBXFileReference; lastKnownFileType = sourcecode.javascript; path = "ext-language_tools.js"; sourceTree = "<group>"; };
		F430566A2EC3CD7A00360103 /* ext-linking.js */ = {isa = PBXFileReference; lastKnownFileType = sourcecode.javascript; path = "ext-linking.js"; sourceTree = "<group>"; };
		F430566B2EC3CD7A00360103 /* ext-modelist.js */ = {isa = PBXFileReference; lastKnownFileType = sourcecode.javascript; path = "ext-modelist.js"; sourceTree = "<group>"; };
		F430566C2EC3CD7A00360103 /* ext-old_ie.js */ = {isa = PBXFileReference; lastKnownFileType = sourcecode.javascript; path = "ext-old_ie.js"; sourceTree = "<group>"; };
		F430566D2EC3CD7A00360103 /* ext-searchbox.js */ = {isa = PBXFileReference; lastKnownFileType = sourcecode.javascript; path = "ext-searchbox.js"; sourceTree = "<group>"; };
		F430566E2EC3CD7A00360103 /* ext-settings_menu.js */ = {isa = PBXFileReference; lastKnownFileType = sourcecode.javascript; path = "ext-settings_menu.js"; sourceTree = "<group>"; };
		F430566F2EC3CD7A00360103 /* ext-spellcheck.js */ = {isa = PBXFileReference; lastKnownFileType = sourcecode.javascript; path = "ext-spellcheck.js"; sourceTree = "<group>"; };
		F43056702EC3CD7A00360103 /* ext-split.js */ = {isa = PBXFileReference; lastKnownFileType = sourcecode.javascript; path = "ext-split.js"; sourceTree = "<group>"; };
		F43056712EC3CD7A00360103 /* ext-static_highlight.js */ = {isa = PBXFileReference; lastKnownFileType = sourcecode.javascript; path = "ext-static_highlight.js"; sourceTree = "<group>"; };
		F43056722EC3CD7A00360103 /* ext-statusbar.js */ = {isa = PBXFileReference; lastKnownFileType = sourcecode.javascript; path = "ext-statusbar.js"; sourceTree = "<group>"; };
		F43056732EC3CD7A00360103 /* ext-textarea.js */ = {isa = PBXFileReference; lastKnownFileType = sourcecode.javascript; path = "ext-textarea.js"; sourceTree = "<group>"; };
		F43056742EC3CD7A00360103 /* ext-themelist.js */ = {isa = PBXFileReference; lastKnownFileType = sourcecode.javascript; path = "ext-themelist.js"; sourceTree = "<group>"; };
		F43056752EC3CD7A00360103 /* ext-whitespace.js */ = {isa = PBXFileReference; lastKnownFileType = sourcecode.javascript; path = "ext-whitespace.js"; sourceTree = "<group>"; };
		F43056762EC3CD7A00360103 /* keybinding-emacs.js */ = {isa = PBXFileReference; lastKnownFileType = sourcecode.javascript; path = "keybinding-emacs.js"; sourceTree = "<group>"; };
		F43056772EC3CD7A00360103 /* keybinding-vim.js */ = {isa = PBXFileReference; lastKnownFileType = sourcecode.javascript; path = "keybinding-vim.js"; sourceTree = "<group>"; };
		F43056782EC3CD7A00360103 /* mode-groff.js */ = {isa = PBXFileReference; lastKnownFileType = sourcecode.javascript; path = "mode-groff.js"; sourceTree = "<group>"; };
		F43056792EC3CD7A00360103 /* theme-ambiance.js */ = {isa = PBXFileReference; lastKnownFileType = sourcecode.javascript; path = "theme-ambiance.js"; sourceTree = "<group>"; };
		F430567A2EC3CD7A00360103 /* theme-chaos.js */ = {isa = PBXFileReference; lastKnownFileType = sourcecode.javascript; path = "theme-chaos.js"; sourceTree = "<group>"; };
		F430567B2EC3CD7A00360103 /* theme-chrome.js */ = {isa = PBXFileReference; lastKnownFileType = sourcecode.javascript; path = "theme-chrome.js"; sourceTree = "<group>"; };
		F430567C2EC3CD7A00360103 /* theme-clouds.js */ = {isa = PBXFileReference; lastKnownFileType = sourcecode.javascript; path = "theme-clouds.js"; sourceTree = "<group>"; };
		F430567D2EC3CD7A00360103 /* theme-clouds_midnight.js */ = {isa = PBXFileReference; lastKnownFileType = sourcecode.javascript; path = "theme-clouds_midnight.js"; sourceTree = "<group>"; };
		F430567E2EC3CD7A00360103 /* theme-cobalt.js */ = {isa = PBXFileReference; lastKnownFileType = sourcecode.javascript; path = "theme-cobalt.js"; sourceTree = "<group>"; };
		F430567F2EC3CD7A00360103 /* theme-crimson_editor.js */ = {isa = PBXFileReference; lastKnownFileType = sourcecode.javascript; path = "theme-crimson_editor.js"; sourceTree = "<group>"; };
		F43056802EC3CD7A00360103 /* theme-dawn.js */ = {isa = PBXFileReference; lastKnownFileType = sourcecode.javascript; path = "theme-dawn.js"; sourceTree = "<group>"; };
		F43056812EC3CD7A00360103 /* theme-dreamweaver.js */ = {isa = PBXFileReference; lastKnownFileType = sourcecode.javascript; path = "theme-dreamweaver.js"; sourceTree = "<group>"; };
		F43056822EC3CD7A00360103 /* theme-eclipse.js */ = {isa = PBXFileReference; lastKnownFileType = sourcecode.javascript; path = "theme-eclipse.js"; sourceTree = "<group>"; };
		F43056832EC3CD7A00360103 /* theme-github.js */ = {isa = PBXFileReference; lastKnownFileType = sourcecode.javascript; path = "theme-github.js"; sourceTree = "<group>"; };
		F43056842EC3CD7A00360103 /* theme-idle_fingers.js */ = {isa = PBXFileReference; lastKnownFileType = sourcecode.javascript; path = "theme-idle_fingers.js"; sourceTree = "<group>"; };
		F43056852EC3CD7A00360103 /* theme-katzenmilch.js */ = {isa = PBXFileReference; lastKnownFileType = sourcecode.javascript; path = "theme-katzenmilch.js"; sourceTree = "<group>"; };
		F43056862EC3CD7A00360103 /* theme-kr_theme.js */ = {isa = PBXFileReference; lastKnownFileType = sourcecode.javascript; path = "theme-kr_theme.js"; sourceTree = "<group>"; };
		F43056872EC3CD7A00360103 /* theme-kuroir.js */ = {isa = PBXFileReference; lastKnownFileType = sourcecode.javascript; path = "theme-kuroir.js"; sourceTree = "<group>"; };
		F43056882EC3CD7A00360103 /* theme-merbivore.js */ = {isa = PBXFileReference; lastKnownFileType = sourcecode.javascript; path = "theme-merbivore.js"; sourceTree = "<group>"; };
		F43056892EC3CD7A00360103 /* theme-merbivore_soft.js */ = {isa = PBXFileReference; lastKnownFileType = sourcecode.javascript; path = "theme-merbivore_soft.js"; sourceTree = "<group>"; };
		F430568A2EC3CD7A00360103 /* theme-mono_industrial.js */ = {isa = PBXFileReference; lastKnownFileType = sourcecode.javascript; path = "theme-mono_industrial.js"; sourceTree = "<group>"; };
		F430568B2EC3CD7A00360103 /* theme-monokai.js */ = {isa = PBXFileReference; lastKnownFileType = sourcecode.javascript; path = "theme-monokai.js"; sourceTree = "<group>"; };
		F430568C2EC3CD7A00360103 /* theme-pastel_on_dark.js */ = {isa = PBXFileReference; lastKnownFileType = sourcecode.javascript; path = "theme-pastel_on_dark.js"; sourceTree = "<group>"; };
		F430568D2EC3CD7A00360103 /* theme-solarized_dark.js */ = {isa = PBXFileReference; lastKnownFileType = sourcecode.javascript; path = "theme-solarized_dark.js"; sourceTree = "<group>"; };
		F430568E2EC3CD7A00360103 /* theme-solarized_light.js */ = {isa = PBXFileReference; lastKnownFileType = sourcecode.javascript; path = "theme-solarized_light.js"; sourceTree = "<group>"; };
		F430568F2EC3CD7A00360103 /* theme-terminal.js */ = {isa = PBXFileReference; lastKnownFileType = sourcecode.javascript; path = "theme-terminal.js"; sourceTree = "<group>"; };
		F43056902EC3CD7A00360103 /* theme-textmate.js */ = {isa = PBXFileReference; lastKnownFileType = sourcecode.javascript; path = "theme-textmate.js"; sourceTree = "<group>"; };
		F43056912EC3CD7A00360103 /* theme-tomorrow.js */ = {isa = PBXFileReference; lastKnownFileType = sourcecode.javascript; path = "theme-tomorrow.js"; sourceTree = "<group>"; };
		F43056922EC3CD7A00360103 /* theme-tomorrow_night.js */ = {isa = PBXFileReference; lastKnownFileType = sourcecode.javascript; path = "theme-tomorrow_night.js"; sourceTree = "<group>"; };
		F43056932EC3CD7A00360103 /* theme-tomorrow_night_blue.js */ = {isa = PBXFileReference; lastKnownFileType = sourcecode.javascript; path = "theme-tomorrow_night_blue.js"; sourceTree = "<group>"; };
		F43056942EC3CD7A00360103 /* theme-tomorrow_night_bright.js */ = {isa = PBXFileReference; lastKnownFileType = sourcecode.javascript; path = "theme-tomorrow_night_bright.js"; sourceTree = "<group>"; };
		F43056952EC3CD7A00360103 /* theme-tomorrow_night_eighties.js */ = {isa = PBXFileReference; lastKnownFileType = sourcecode.javascript; path = "theme-tomorrow_night_eighties.js"; sourceTree = "<group>"; };
		F43056962EC3CD7A00360103 /* theme-twilight.js */ = {isa = PBXFileReference; lastKnownFileType = sourcecode.javascript; path = "theme-twilight.js"; sourceTree = "<group>"; };
		F43056972EC3CD7A00360103 /* theme-vibrant_ink.js */ = {isa = PBXFileReference; lastKnownFileType = sourcecode.javascript; path = "theme-vibrant_ink.js"; sourceTree = "<group>"; };
		F43056982EC3CD7A00360103 /* theme-xcode.js */ = {isa = PBXFileReference; lastKnownFileType = sourcecode.javascript; path = "theme-xcode.js"; sourceTree = "<group>"; };
		F43056D02EC3CF9800360103 /* index.html */ = {isa = PBXFileReference; lastKnownFileType = text.html; path = index.html; sourceTree = "<group>"; };
		F43557E01C543258009080DC /* mandrake_captain.jpg */ = {isa = PBXFileReference; lastKnownFileType = image.jpeg; path = mandrake_captain.jpg; sourceTree = "<group>"; };
		F43557E11C543258009080DC /* mandrake_icon.png */ = {isa = PBXFileReference; lastKnownFileType = image.png; path = mandrake_icon.png; sourceTree = "<group>"; };
		F43557E31C54345B009080DC /* CHANGES.md */ = {isa = PBXFileReference; lastKnownFileType = net.daringfireball.markdown; path = CHANGES.md; sourceTree = SOURCE_ROOT; };
		F43557E51C553C8E009080DC /* generate_keys.rb */ = {isa = PBXFileReference; lastKnownFileType = text.script.ruby; path = generate_keys.rb; sourceTree = "<group>"; };
		F43557E61C553C8E009080DC /* ManDrakeAppcast.xml */ = {isa = PBXFileReference; lastKnownFileType = text.xml; path = ManDrakeAppcast.xml; sourceTree = "<group>"; };
		F43557E71C553C8E009080DC /* sign_update.rb */ = {isa = PBXFileReference; lastKnownFileType = text.script.ruby; path = sign_update.rb; sourceTree = "<group>"; };
		F43557E81C553C8E009080DC /* update_appcast.sh */ = {isa = PBXFileReference; lastKnownFileType = text.script.sh; path = update_appcast.sh; sourceTree = "<group>"; };
		F43557E91C554132009080DC /* dsa_priv.pem */ = {isa = PBXFileReference; lastKnownFileType = text; path = dsa_priv.pem; sourceTree = "<group>"; };
		F43557EA1C554132009080DC /* dsa_pub.pem */ = {isa = PBXFileReference; lastKnownFileType = text; path = dsa_pub.pem; sourceTree = "<group>"; };
		F442E0711EA7AB5A00BAD80C /* build_cat2html.sh */ = {isa = PBXFileReference; lastKnownFileType = text.script.sh; name = build_cat2html.sh; path = "../../../dim/dim-clt/man/cat2html/build_cat2html.sh"; sourceTree = "<group>"; };
		F45AFBD31C5193A900953D8F /* mode-groff.js */ = {isa = PBXFileReference; fileEncoding = 4; lastKnownFileType = sourcecode.javascript; name = "mode-groff.js"; path = "Resources/mode-groff.js"; sourceTree = "<group>"; };
		F45AFBD51C51950600953D8F /* CustomACEView.h */ = {isa = PBXFileReference; fileEncoding = 4; lastKnownFileType = sourcecode.c.h; path = CustomACEView.h; sourceTree = "<group>"; };
		F45AFBD61C51950600953D8F /* CustomACEView.m */ = {isa = PBXFileReference; fileEncoding = 4; lastKnownFileType = sourcecode.c.objc; path = CustomACEView.m; sourceTree = "<group>"; };
		F45AFBD81C52D04A00953D8F /* default.man */ = {isa = PBXFileReference; fileEncoding = 4; lastKnownFileType = text; name = default.man; path = Resources/default.man; sourceTree = "<group>"; };
		F45AFBDA1C53B9C000953D8F /* NSWorkspace+Additions.h */ = {isa = PBXFileReference; fileEncoding = 4; lastKnownFileType = sourcecode.c.h; lineEnding = 0; path = "NSWorkspace+Additions.h"; sourceTree = "<group>"; xcLanguageSpecificationIdentifier = xcode.lang.objcpp; };
		F45AFBDB1C53B9C000953D8F /* NSWorkspace+Additions.m */ = {isa = PBXFileReference; fileEncoding = 4; lastKnownFileType = sourcecode.c.objc; lineEnding = 0; path = "NSWorkspace+Additions.m"; sourceTree = "<group>"; xcLanguageSpecificationIdentifier = xcode.lang.objc; };
		F45AFBE01C53D53300953D8F /* License.html */ = {isa = PBXFileReference; fileEncoding = 4; lastKnownFileType = text.html; lineEnding = 0; name = License.html; path = ManDrake/Resources/License.html; sourceTree = "<group>"; xcLanguageSpecificationIdentifier = xcode.lang.html; };
		F45AFBFB1C53FBD500953D8F /* Common.h */ = {isa = PBXFileReference; lastKnownFileType = sourcecode.c.h; lineEnding = 0; path = Common.h; sourceTree = "<group>"; xcLanguageSpecificationIdentifier = xcode.lang.objcpp; };
		F472E8A31F2A3A7B007F3EFC /* Credits.rtf */ = {isa = PBXFileReference; fileEncoding = 4; lastKnownFileType = text.rtf; name = Credits.rtf; path = ManDrake/Resources/Credits.rtf; sourceTree = SOURCE_ROOT; };
		F4796731224FF75B00CA0746 /* Sparkle.framework */ = {isa = PBXFileReference; lastKnownFileType = wrapper.framework; path = Sparkle.framework; sourceTree = "<group>"; };
		F4796735224FFB5300CA0746 /* DocumentIcon.icns */ = {isa = PBXFileReference; lastKnownFileType = image.icns; name = DocumentIcon.icns; path = Resources/DocumentIcon.icns; sourceTree = "<group>"; };
		F4796736224FFB5400CA0746 /* AppIcon.icns */ = {isa = PBXFileReference; lastKnownFileType = image.icns; name = AppIcon.icns; path = Resources/AppIcon.icns; sourceTree = "<group>"; };
		F486410A20CADDD7007E2BB6 /* mandrake_screenshot2.jpg */ = {isa = PBXFileReference; lastKnownFileType = image.jpeg; path = mandrake_screenshot2.jpg; sourceTree = "<group>"; };
		F486410B20CADDD7007E2BB6 /* mandrake_screenshot1.jpg */ = {isa = PBXFileReference; lastKnownFileType = image.jpeg; path = mandrake_screenshot1.jpg; sourceTree = "<group>"; };
		F486410C20CAE25D007E2BB6 /* LICENSE.txt */ = {isa = PBXFileReference; lastKnownFileType = text; path = LICENSE.txt; sourceTree = "<group>"; };
		F487F4A7141EADEF0093D633 /* ManDrake.app */ = {isa = PBXFileReference; explicitFileType = wrapper.application; includeInIndex = 0; path = ManDrake.app; sourceTree = BUILT_PRODUCTS_DIR; };
		F487F4AB141EADEF0093D633 /* Cocoa.framework */ = {isa = PBXFileReference; lastKnownFileType = wrapper.framework; name = Cocoa.framework; path = System/Library/Frameworks/Cocoa.framework; sourceTree = SDKROOT; };
		F487F4AE141EADEF0093D633 /* AppKit.framework */ = {isa = PBXFileReference; lastKnownFileType = wrapper.framework; name = AppKit.framework; path = System/Library/Frameworks/AppKit.framework; sourceTree = SDKROOT; };
		F487F4B0141EADEF0093D633 /* Foundation.framework */ = {isa = PBXFileReference; lastKnownFileType = wrapper.framework; name = Foundation.framework; path = System/Library/Frameworks/Foundation.framework; sourceTree = SDKROOT; };
		F487F4B3141EADEF0093D633 /* ManDrake-Info.plist */ = {isa = PBXFileReference; lastKnownFileType = text.plist.xml; path = "ManDrake-Info.plist"; sourceTree = "<group>"; };
		F487F4B7141EADEF0093D633 /* main.m */ = {isa = PBXFileReference; lastKnownFileType = sourcecode.c.objc; lineEnding = 0; path = main.m; sourceTree = "<group>"; xcLanguageSpecificationIdentifier = xcode.lang.objc; };
		F487F4B9141EADEF0093D633 /* ManDrake-Prefix.pch */ = {isa = PBXFileReference; lastKnownFileType = sourcecode.c.h; path = "ManDrake-Prefix.pch"; sourceTree = "<group>"; };
		F487F4BD141EADEF0093D633 /* ManDrakeDocument.h */ = {isa = PBXFileReference; lastKnownFileType = sourcecode.c.h; lineEnding = 0; path = ManDrakeDocument.h; sourceTree = "<group>"; };
		F487F4BE141EADEF0093D633 /* ManDrakeDocument.m */ = {isa = PBXFileReference; lastKnownFileType = sourcecode.c.objc; lineEnding = 0; path = ManDrakeDocument.m; sourceTree = "<group>"; xcLanguageSpecificationIdentifier = xcode.lang.objc; };
		F487F4D0141EAE730093D633 /* MainMenu.xib */ = {isa = PBXFileReference; fileEncoding = 4; lastKnownFileType = file.xib; name = MainMenu.xib; path = Resources/MainMenu.xib; sourceTree = "<group>"; };
		F487F4D1141EAE730093D633 /* ManDrakeDocument.xib */ = {isa = PBXFileReference; fileEncoding = 4; lastKnownFileType = file.xib; name = ManDrakeDocument.xib; path = Resources/ManDrakeDocument.xib; sourceTree = "<group>"; };
		F487F505141EAF8A0093D633 /* WebKit.framework */ = {isa = PBXFileReference; lastKnownFileType = wrapper.framework; name = WebKit.framework; path = /System/Library/Frameworks/WebKit.framework; sourceTree = "<absolute>"; };
		F487F533141EB2560093D633 /* ManDrakeApplicationDelegate.h */ = {isa = PBXFileReference; fileEncoding = 4; lastKnownFileType = sourcecode.c.h; lineEnding = 0; path = ManDrakeApplicationDelegate.h; sourceTree = "<group>"; xcLanguageSpecificationIdentifier = xcode.lang.objcpp; };
		F487F534141EB2560093D633 /* ManDrakeApplicationDelegate.m */ = {isa = PBXFileReference; fileEncoding = 4; lastKnownFileType = sourcecode.c.objc; lineEnding = 0; path = ManDrakeApplicationDelegate.m; sourceTree = "<group>"; xcLanguageSpecificationIdentifier = xcode.lang.objc; };
		F487F53A141EDD560093D633 /* cat2html.l */ = {isa = PBXFileReference; fileEncoding = 4; lastKnownFileType = sourcecode.lex; path = cat2html.l; sourceTree = "<group>"; };
		F4AFF3C8223EEC9100024B12 /* NSTask+Description.h */ = {isa = PBXFileReference; fileEncoding = 4; lastKnownFileType = sourcecode.c.h; path = "NSTask+Description.h"; sourceTree = "<group>"; };
		F4AFF3C9223EEC9100024B12 /* NSTask+Description.m */ = {isa = PBXFileReference; fileEncoding = 4; lastKnownFileType = sourcecode.c.objc; path = "NSTask+Description.m"; sourceTree = "<group>"; };
		F4B7D9F7251004BE0025A779 /* cat2html */ = {isa = PBXFileReference; lastKnownFileType = "compiled.mach-o.executable"; path = cat2html; sourceTree = "<group>"; };
		F4FD5CA11C4D74F900C8D155 /* make_icons.sh */ = {isa = PBXFileReference; lastKnownFileType = text.script.sh; path = make_icons.sh; sourceTree = "<group>"; };
		F4FD5CA41C4D74F900C8D155 /* ManDrakeAppIcon1024.png */ = {isa = PBXFileReference; lastKnownFileType = image.png; path = ManDrakeAppIcon1024.png; sourceTree = "<group>"; };
/* End PBXFileReference section */

/* Begin PBXFrameworksBuildPhase section */
		F487F4A4141EADEF0093D633 /* Frameworks */ = {
			isa = PBXFrameworksBuildPhase;
			buildActionMask = 2147483647;
			files = (
				F487F4AC141EADEF0093D633 /* Cocoa.framework in Frameworks */,
				F43056602EC3BE0100360103 /* ACEView.framework in Frameworks */,
				F487F506141EAF8A0093D633 /* WebKit.framework in Frameworks */,
				F4796732224FF75B00CA0746 /* Sparkle.framework in Frameworks */,
			);
			runOnlyForDeploymentPostprocessing = 0;
		};
/* End PBXFrameworksBuildPhase section */

/* Begin PBXGroup section */
		F42AA7DC1C4EC624007E0ACE /* Documentation */ = {
			isa = PBXGroup;
			children = (
				F43557E31C54345B009080DC /* CHANGES.md */,
				F43557DF1C543258009080DC /* images */,
				F472E8A31F2A3A7B007F3EFC /* Credits.rtf */,
				F486410C20CAE25D007E2BB6 /* LICENSE.txt */,
				F45AFBE01C53D53300953D8F /* License.html */,
				F42AA7DA1C4EC5D0007E0ACE /* README.md */,
			);
			name = Documentation;
			sourceTree = "<group>";
		};
		F430565C2EC1E08800360103 /* Old */ = {
			isa = PBXGroup;
			children = (
				F43056582EC1E08800360103 /* OldAppIcon.icns */,
				F43056592EC1E08800360103 /* OldDocumentIcon.icns */,
				F430565A2EC1E08800360103 /* OldManDrakeAppIcon.ai */,
				F430565B2EC1E08800360103 /* OldManDrakeAppIcon1024.png */,
			);
			path = Old;
			sourceTree = "<group>";
		};
		F43557DF1C543258009080DC /* images */ = {
			isa = PBXGroup;
			children = (
				F43557E01C543258009080DC /* mandrake_captain.jpg */,
				F43557E11C543258009080DC /* mandrake_icon.png */,
				F486410B20CADDD7007E2BB6 /* mandrake_screenshot1.jpg */,
				F486410A20CADDD7007E2BB6 /* mandrake_screenshot2.jpg */,
			);
			path = images;
			sourceTree = "<group>";
		};
		F43557E41C553C8E009080DC /* Sparkle */ = {
			isa = PBXGroup;
			children = (
				F43557E91C554132009080DC /* dsa_priv.pem */,
				F43557EA1C554132009080DC /* dsa_pub.pem */,
				F43557E51C553C8E009080DC /* generate_keys.rb */,
				F43557E61C553C8E009080DC /* ManDrakeAppcast.xml */,
				F43557E71C553C8E009080DC /* sign_update.rb */,
				F43557E81C553C8E009080DC /* update_appcast.sh */,
				F4796731224FF75B00CA0746 /* Sparkle.framework */,
			);
			path = Sparkle;
			sourceTree = "<group>";
		};
		F487F49C141EADEF0093D633 = {
			isa = PBXGroup;
			children = (
				F4FD5CA01C4D74F900C8D155 /* Icons */,
				F42AA7DC1C4EC624007E0ACE /* Documentation */,
				F487F4B1141EADEF0093D633 /* ManDrake */,
				F43557E41C553C8E009080DC /* Sparkle */,
				F487F4AA141EADEF0093D633 /* Frameworks */,
				F487F4A8141EADEF0093D633 /* Products */,
			);
			sourceTree = "<group>";
		};
		F487F4A8141EADEF0093D633 /* Products */ = {
			isa = PBXGroup;
			children = (
				F487F4A7141EADEF0093D633 /* ManDrake.app */,
			);
			name = Products;
			sourceTree = "<group>";
		};
		F487F4AA141EADEF0093D633 /* Frameworks */ = {
			isa = PBXGroup;
			children = (
				F487F505141EAF8A0093D633 /* WebKit.framework */,
				F487F4AE141EADEF0093D633 /* AppKit.framework */,
				F487F4B0141EADEF0093D633 /* Foundation.framework */,
				F430565E2EC3BDEE00360103 /* ACEView.framework */,
				F487F4AB141EADEF0093D633 /* Cocoa.framework */,
			);
			name = Frameworks;
			sourceTree = "<group>";
		};
		F487F4B1141EADEF0093D633 /* ManDrake */ = {
			isa = PBXGroup;
			children = (
				F487F4B9141EADEF0093D633 /* ManDrake-Prefix.pch */,
				F487F4B7141EADEF0093D633 /* main.m */,
				F45AFBFB1C53FBD500953D8F /* Common.h */,
				F487F533141EB2560093D633 /* ManDrakeApplicationDelegate.h */,
				F487F534141EB2560093D633 /* ManDrakeApplicationDelegate.m */,
				F487F4BD141EADEF0093D633 /* ManDrakeDocument.h */,
				F487F4BE141EADEF0093D633 /* ManDrakeDocument.m */,
				F45AFBD51C51950600953D8F /* CustomACEView.h */,
				F45AFBD61C51950600953D8F /* CustomACEView.m */,
				F45AFBDA1C53B9C000953D8F /* NSWorkspace+Additions.h */,
				F45AFBDB1C53B9C000953D8F /* NSWorkspace+Additions.m */,
				F4AFF3C8223EEC9100024B12 /* NSTask+Description.h */,
				F4AFF3C9223EEC9100024B12 /* NSTask+Description.m */,
				F487F4B2141EADEF0093D633 /* Resources */,
				F487F538141EDD560093D633 /* cat2html */,
			);
			path = ManDrake;
			sourceTree = "<group>";
		};
		F487F4B2141EADEF0093D633 /* Resources */ = {
			isa = PBXGroup;
			children = (
				F430565D2EC2150B00360103 /* ManDrake.entitlements */,
				F4796736224FFB5400CA0746 /* AppIcon.icns */,
				F4796735224FFB5300CA0746 /* DocumentIcon.icns */,
				F487F4B3141EADEF0093D633 /* ManDrake-Info.plist */,
				F487F4D0141EAE730093D633 /* MainMenu.xib */,
				F487F4D1141EAE730093D633 /* ManDrakeDocument.xib */,
				F45AFBD31C5193A900953D8F /* mode-groff.js */,
				F45AFBD81C52D04A00953D8F /* default.man */,
				F43056D02EC3CF9800360103 /* index.html */,
				F43056622EC3CD7A00360103 /* ace.js */,
				F43056632EC3CD7A00360103 /* ext-beautify.js */,
				F43056642EC3CD7A00360103 /* ext-chromevox.js */,
				F43056652EC3CD7A00360103 /* ext-elastic_tabstops_lite.js */,
				F43056662EC3CD7A00360103 /* ext-emmet.js */,
				F43056672EC3CD7A00360103 /* ext-error_marker.js */,
				F43056682EC3CD7A00360103 /* ext-keybinding_menu.js */,
				F43056692EC3CD7A00360103 /* ext-language_tools.js */,
				F430566A2EC3CD7A00360103 /* ext-linking.js */,
				F430566B2EC3CD7A00360103 /* ext-modelist.js */,
				F430566C2EC3CD7A00360103 /* ext-old_ie.js */,
				F430566D2EC3CD7A00360103 /* ext-searchbox.js */,
				F430566E2EC3CD7A00360103 /* ext-settings_menu.js */,
				F430566F2EC3CD7A00360103 /* ext-spellcheck.js */,
				F43056702EC3CD7A00360103 /* ext-split.js */,
				F43056712EC3CD7A00360103 /* ext-static_highlight.js */,
				F43056722EC3CD7A00360103 /* ext-statusbar.js */,
				F43056732EC3CD7A00360103 /* ext-textarea.js */,
				F43056742EC3CD7A00360103 /* ext-themelist.js */,
				F43056752EC3CD7A00360103 /* ext-whitespace.js */,
				F43056762EC3CD7A00360103 /* keybinding-emacs.js */,
				F43056772EC3CD7A00360103 /* keybinding-vim.js */,
				F43056782EC3CD7A00360103 /* mode-groff.js */,
				F43056792EC3CD7A00360103 /* theme-ambiance.js */,
				F430567A2EC3CD7A00360103 /* theme-chaos.js */,
				F430567B2EC3CD7A00360103 /* theme-chrome.js */,
				F430567C2EC3CD7A00360103 /* theme-clouds.js */,
				F430567D2EC3CD7A00360103 /* theme-clouds_midnight.js */,
				F430567E2EC3CD7A00360103 /* theme-cobalt.js */,
				F430567F2EC3CD7A00360103 /* theme-crimson_editor.js */,
				F43056802EC3CD7A00360103 /* theme-dawn.js */,
				F43056812EC3CD7A00360103 /* theme-dreamweaver.js */,
				F43056822EC3CD7A00360103 /* theme-eclipse.js */,
				F43056832EC3CD7A00360103 /* theme-github.js */,
				F43056842EC3CD7A00360103 /* theme-idle_fingers.js */,
				F43056852EC3CD7A00360103 /* theme-katzenmilch.js */,
				F43056862EC3CD7A00360103 /* theme-kr_theme.js */,
				F43056872EC3CD7A00360103 /* theme-kuroir.js */,
				F43056882EC3CD7A00360103 /* theme-merbivore.js */,
				F43056892EC3CD7A00360103 /* theme-merbivore_soft.js */,
				F430568A2EC3CD7A00360103 /* theme-mono_industrial.js */,
				F430568B2EC3CD7A00360103 /* theme-monokai.js */,
				F430568C2EC3CD7A00360103 /* theme-pastel_on_dark.js */,
				F430568D2EC3CD7A00360103 /* theme-solarized_dark.js */,
				F430568E2EC3CD7A00360103 /* theme-solarized_light.js */,
				F430568F2EC3CD7A00360103 /* theme-terminal.js */,
				F43056902EC3CD7A00360103 /* theme-textmate.js */,
				F43056912EC3CD7A00360103 /* theme-tomorrow.js */,
				F43056922EC3CD7A00360103 /* theme-tomorrow_night.js */,
				F43056932EC3CD7A00360103 /* theme-tomorrow_night_blue.js */,
				F43056942EC3CD7A00360103 /* theme-tomorrow_night_bright.js */,
				F43056952EC3CD7A00360103 /* theme-tomorrow_night_eighties.js */,
				F43056962EC3CD7A00360103 /* theme-twilight.js */,
				F43056972EC3CD7A00360103 /* theme-vibrant_ink.js */,
				F43056982EC3CD7A00360103 /* theme-xcode.js */,
			);
			name = Resources;
			sourceTree = "<group>";
		};
		F487F538141EDD560093D633 /* cat2html */ = {
			isa = PBXGroup;
			children = (
				F442E0711EA7AB5A00BAD80C /* build_cat2html.sh */,
				F487F53A141EDD560093D633 /* cat2html.l */,
				F4B7D9F7251004BE0025A779 /* cat2html */,
			);
			path = cat2html;
			sourceTree = "<group>";
		};
		F4FD5CA01C4D74F900C8D155 /* Icons */ = {
			isa = PBXGroup;
			children = (
				F430565C2EC1E08800360103 /* Old */,
				F4FD5CA11C4D74F900C8D155 /* make_icons.sh */,
				F4FD5CA41C4D74F900C8D155 /* ManDrakeAppIcon1024.png */,
			);
			path = Icons;
			sourceTree = SOURCE_ROOT;
		};
/* End PBXGroup section */

/* Begin PBXNativeTarget section */
		F487F4A6141EADEF0093D633 /* ManDrake */ = {
			isa = PBXNativeTarget;
			buildConfigurationList = F487F4C8141EADEF0093D633 /* Build configuration list for PBXNativeTarget "ManDrake" */;
			buildPhases = (
				F487F4A3141EADEF0093D633 /* Sources */,
				F487F4A4141EADEF0093D633 /* Frameworks */,
				F4796733224FF7D600CA0746 /* Copy Bundled Frameworks */,
				F487F4A5141EADEF0093D633 /* Resources */,
				F4296FF91E06C57F002C25C4 /* Set CFBundleVersion to git commit count */,
			);
			buildRules = (
			);
			dependencies = (
			);
			name = ManDrake;
			productName = ManDrake;
			productReference = F487F4A7141EADEF0093D633 /* ManDrake.app */;
			productType = "com.apple.product-type.application";
		};
/* End PBXNativeTarget section */

/* Begin PBXProject section */
		F487F49E141EADEF0093D633 /* Project object */ = {
			isa = PBXProject;
			attributes = {
				BuildIndependentTargetsInParallel = YES;
				LastUpgradeCheck = 2610;
			};
			buildConfigurationList = F487F4A1141EADEF0093D633 /* Build configuration list for PBXProject "ManDrake" */;
			compatibilityVersion = "Xcode 3.2";
			developmentRegion = en;
			hasScannedForEncodings = 0;
			knownRegions = (
				en,
				Base,
			);
			mainGroup = F487F49C141EADEF0093D633;
			productRefGroup = F487F4A8141EADEF0093D633 /* Products */;
			projectDirPath = "";
			projectRoot = "";
			targets = (
				F487F4A6141EADEF0093D633 /* ManDrake */,
			);
		};
/* End PBXProject section */

/* Begin PBXResourcesBuildPhase section */
		F487F4A5141EADEF0093D633 /* Resources */ = {
			isa = PBXResourcesBuildPhase;
			buildActionMask = 2147483647;
			files = (
				F45AFBD91C52D04A00953D8F /* default.man in Resources */,
				F472E8A41F2A3A7B007F3EFC /* Credits.rtf in Resources */,
				F487F4D2141EAE730093D633 /* MainMenu.xib in Resources */,
				F45AFBE21C53D53300953D8F /* License.html in Resources */,
				F43056992EC3CD7A00360103 /* ext-elastic_tabstops_lite.js in Resources */,
				F430569A2EC3CD7A00360103 /* theme-terminal.js in Resources */,
				F430569B2EC3CD7A00360103 /* theme-solarized_dark.js in Resources */,
				F430569C2EC3CD7A00360103 /* ext-keybinding_menu.js in Resources */,
				F430569D2EC3CD7A00360103 /* ace.js in Resources */,
				F430569E2EC3CD7A00360103 /* ext-chromevox.js in Resources */,
				F430569F2EC3CD7A00360103 /* theme-pastel_on_dark.js in Resources */,
				F43056A02EC3CD7A00360103 /* theme-monokai.js in Resources */,
				F43056A12EC3CD7A00360103 /* ext-static_highlight.js in Resources */,
				F43056A22EC3CD7A00360103 /* ext-themelist.js in Resources */,
				F43056A32EC3CD7A00360103 /* theme-clouds.js in Resources */,
				F43056A42EC3CD7A00360103 /* keybinding-vim.js in Resources */,
				F43056A52EC3CD7A00360103 /* theme-katzenmilch.js in Resources */,
				F43056A62EC3CD7A00360103 /* theme-merbivore.js in Resources */,
				F43056A72EC3CD7A00360103 /* theme-vibrant_ink.js in Resources */,
				F43056A82EC3CD7A00360103 /* keybinding-emacs.js in Resources */,
				F43056A92EC3CD7A00360103 /* theme-dawn.js in Resources */,
				F43056AA2EC3CD7A00360103 /* theme-github.js in Resources */,
				F43056AB2EC3CD7A00360103 /* theme-merbivore_soft.js in Resources */,
				F43056AC2EC3CD7A00360103 /* ext-settings_menu.js in Resources */,
				F43056AD2EC3CD7A00360103 /* ext-modelist.js in Resources */,
				F43056AE2EC3CD7A00360103 /* theme-solarized_light.js in Resources */,
				F43056AF2EC3CD7A00360103 /* ext-emmet.js in Resources */,
				F43056B02EC3CD7A00360103 /* mode-groff.js in Resources */,
				F43056B12EC3CD7A00360103 /* theme-tomorrow_night_eighties.js in Resources */,
				F43056B22EC3CD7A00360103 /* theme-textmate.js in Resources */,
				F43056B32EC3CD7A00360103 /* theme-kr_theme.js in Resources */,
				F43056B42EC3CD7A00360103 /* theme-kuroir.js in Resources */,
				F43056B52EC3CD7A00360103 /* theme-chrome.js in Resources */,
				F43056B62EC3CD7A00360103 /* theme-mono_industrial.js in Resources */,
				F43056B72EC3CD7A00360103 /* ext-language_tools.js in Resources */,
				F43056B82EC3CD7A00360103 /* theme-ambiance.js in Resources */,
				F43056B92EC3CD7A00360103 /* theme-tomorrow.js in Resources */,
				F43056BA2EC3CD7A00360103 /* ext-whitespace.js in Resources */,
				F43056BB2EC3CD7A00360103 /* ext-textarea.js in Resources */,
				F43056BC2EC3CD7A00360103 /* theme-clouds_midnight.js in Resources */,
				F43056BD2EC3CD7A00360103 /* ext-beautify.js in Resources */,
				F43056BE2EC3CD7A00360103 /* ext-spellcheck.js in Resources */,
				F43056BF2EC3CD7A00360103 /* theme-eclipse.js in Resources */,
				F43056C02EC3CD7A00360103 /* theme-crimson_editor.js in Resources */,
				F43056C12EC3CD7A00360103 /* theme-twilight.js in Resources */,
				F43056C22EC3CD7A00360103 /* ext-error_marker.js in Resources */,
				F43056C32EC3CD7A00360103 /* theme-xcode.js in Resources */,
				F43056C42EC3CD7A00360103 /* theme-idle_fingers.js in Resources */,
				F43056C52EC3CD7A00360103 /* theme-chaos.js in Resources */,
				F43056C62EC3CD7A00360103 /* ext-statusbar.js in Resources */,
				F43056C72EC3CD7A00360103 /* ext-old_ie.js in Resources */,
				F43056C82EC3CD7A00360103 /* theme-tomorrow_night_blue.js in Resources */,
				F43056C92EC3CD7A00360103 /* theme-cobalt.js in Resources */,
				F43056CA2EC3CD7A00360103 /* theme-tomorrow_night.js in Resources */,
				F43056CB2EC3CD7A00360103 /* theme-tomorrow_night_bright.js in Resources */,
				F43056D12EC3CF9800360103 /* index.html in Resources */,
				F43056CC2EC3CD7A00360103 /* ext-linking.js in Resources */,
				F43056CD2EC3CD7A00360103 /* ext-split.js in Resources */,
				F43056CE2EC3CD7A00360103 /* ext-searchbox.js in Resources */,
				F43056CF2EC3CD7A00360103 /* theme-dreamweaver.js in Resources */,
				F487F4D3141EAE730093D633 /* ManDrakeDocument.xib in Resources */,
				F43557EB1C55413A009080DC /* dsa_pub.pem in Resources */,
				F4B7D9F8251004BE0025A779 /* cat2html in Resources */,
				F4796737224FFB5400CA0746 /* DocumentIcon.icns in Resources */,
				F4796738224FFB5400CA0746 /* AppIcon.icns in Resources */,
			);
			runOnlyForDeploymentPostprocessing = 0;
		};
/* End PBXResourcesBuildPhase section */

/* Begin PBXShellScriptBuildPhase section */
		F4296FF91E06C57F002C25C4 /* Set CFBundleVersion to git commit count */ = {
			isa = PBXShellScriptBuildPhase;
			alwaysOutOfDate = 1;
			buildActionMask = 2147483647;
			files = (
			);
			inputPaths = (
			);
			name = "Set CFBundleVersion to git commit count";
			outputPaths = (
			);
			runOnlyForDeploymentPostprocessing = 0;
			shellPath = /bin/sh;
			shellScript = "#!/bin/sh\nBUILD_NUMBER=`git rev-list HEAD | wc -l`\n/usr/libexec/PlistBuddy -c \"Set :CFBundleVersion $BUILD_NUMBER\" \"${TARGET_BUILD_DIR}/${INFOPLIST_PATH}\"\nif [ \"$?\" -ne 0 ] ; then\necho \"warning:Error incrementing CFBundleVersion\"\nfi\n";
		};
/* End PBXShellScriptBuildPhase section */

/* Begin PBXSourcesBuildPhase section */
		F487F4A3141EADEF0093D633 /* Sources */ = {
			isa = PBXSourcesBuildPhase;
			buildActionMask = 2147483647;
			files = (
				F487F4B8141EADEF0093D633 /* main.m in Sources */,
				F45AFBDC1C53B9C000953D8F /* NSWorkspace+Additions.m in Sources */,
				F45AFBD71C51950600953D8F /* CustomACEView.m in Sources */,
				F487F4BF141EADEF0093D633 /* ManDrakeDocument.m in Sources */,
				F487F535141EB2560093D633 /* ManDrakeApplicationDelegate.m in Sources */,
			);
			runOnlyForDeploymentPostprocessing = 0;
		};
/* End PBXSourcesBuildPhase section */

/* Begin XCBuildConfiguration section */
		F487F4C6141EADEF0093D633 /* Debug */ = {
			isa = XCBuildConfiguration;
			buildSettings = {
				ALWAYS_SEARCH_USER_PATHS = NO;
				CLANG_WARN_BLOCK_CAPTURE_AUTORELEASING = YES;
				CLANG_WARN_BOOL_CONVERSION = YES;
				CLANG_WARN_COMMA = YES;
				CLANG_WARN_CONSTANT_CONVERSION = YES;
				CLANG_WARN_DEPRECATED_OBJC_IMPLEMENTATIONS = YES;
				CLANG_WARN_EMPTY_BODY = YES;
				CLANG_WARN_ENUM_CONVERSION = YES;
				CLANG_WARN_INFINITE_RECURSION = YES;
				CLANG_WARN_INT_CONVERSION = YES;
				CLANG_WARN_NON_LITERAL_NULL_CONVERSION = YES;
				CLANG_WARN_OBJC_IMPLICIT_RETAIN_SELF = NO;
				CLANG_WARN_OBJC_LITERAL_CONVERSION = YES;
				CLANG_WARN_QUOTED_INCLUDE_IN_FRAMEWORK_HEADER = YES;
				CLANG_WARN_RANGE_LOOP_ANALYSIS = YES;
				CLANG_WARN_STRICT_PROTOTYPES = YES;
				CLANG_WARN_SUSPICIOUS_MOVE = YES;
				CLANG_WARN_UNREACHABLE_CODE = YES;
				CLANG_WARN__DUPLICATE_METHOD_MATCH = YES;
				COPY_PHASE_STRIP = NO;
				DEAD_CODE_STRIPPING = YES;
				DEBUG_INFORMATION_FORMAT = "dwarf-with-dsym";
				DEVELOPMENT_TEAM = 5WX26Y89JP;
				ENABLE_STRICT_OBJC_MSGSEND = YES;
				ENABLE_TESTABILITY = YES;
				GCC_C_LANGUAGE_STANDARD = gnu99;
				GCC_DYNAMIC_NO_PIC = NO;
				GCC_ENABLE_OBJC_EXCEPTIONS = YES;
				GCC_NO_COMMON_BLOCKS = YES;
				GCC_OPTIMIZATION_LEVEL = 0;
				GCC_SYMBOLS_PRIVATE_EXTERN = YES;
				GCC_VERSION = "";
				GCC_WARN_64_TO_32_BIT_CONVERSION = YES;
				GCC_WARN_ABOUT_MISSING_PROTOTYPES = YES;
				GCC_WARN_ABOUT_RETURN_TYPE = YES;
				GCC_WARN_UNDECLARED_SELECTOR = YES;
				GCC_WARN_UNINITIALIZED_AUTOS = YES;
				GCC_WARN_UNUSED_FUNCTION = YES;
				GCC_WARN_UNUSED_VARIABLE = YES;
				MACOSX_DEPLOYMENT_TARGET = 11.5;
				ONLY_ACTIVE_ARCH = NO;
				SDKROOT = macosx;
				WARNING_CFLAGS = "-Wpartial-availability";
			};
			name = Debug;
		};
		F487F4C7141EADEF0093D633 /* Release */ = {
			isa = XCBuildConfiguration;
			buildSettings = {
				ALWAYS_SEARCH_USER_PATHS = NO;
				CLANG_WARN_BLOCK_CAPTURE_AUTORELEASING = YES;
				CLANG_WARN_BOOL_CONVERSION = YES;
				CLANG_WARN_COMMA = YES;
				CLANG_WARN_CONSTANT_CONVERSION = YES;
				CLANG_WARN_DEPRECATED_OBJC_IMPLEMENTATIONS = YES;
				CLANG_WARN_EMPTY_BODY = YES;
				CLANG_WARN_ENUM_CONVERSION = YES;
				CLANG_WARN_INFINITE_RECURSION = YES;
				CLANG_WARN_INT_CONVERSION = YES;
				CLANG_WARN_NON_LITERAL_NULL_CONVERSION = YES;
				CLANG_WARN_OBJC_IMPLICIT_RETAIN_SELF = NO;
				CLANG_WARN_OBJC_LITERAL_CONVERSION = YES;
				CLANG_WARN_QUOTED_INCLUDE_IN_FRAMEWORK_HEADER = YES;
				CLANG_WARN_RANGE_LOOP_ANALYSIS = YES;
				CLANG_WARN_STRICT_PROTOTYPES = YES;
				CLANG_WARN_SUSPICIOUS_MOVE = YES;
				CLANG_WARN_UNREACHABLE_CODE = YES;
				CLANG_WARN__DUPLICATE_METHOD_MATCH = YES;
				COPY_PHASE_STRIP = YES;
				DEAD_CODE_STRIPPING = YES;
				DEBUG_INFORMATION_FORMAT = "dwarf-with-dsym";
				DEVELOPMENT_TEAM = 5WX26Y89JP;
				ENABLE_STRICT_OBJC_MSGSEND = YES;
				GCC_C_LANGUAGE_STANDARD = gnu99;
				GCC_ENABLE_OBJC_EXCEPTIONS = YES;
				GCC_NO_COMMON_BLOCKS = YES;
				GCC_SYMBOLS_PRIVATE_EXTERN = YES;
				GCC_VERSION = "";
				GCC_WARN_64_TO_32_BIT_CONVERSION = YES;
				GCC_WARN_ABOUT_MISSING_PROTOTYPES = YES;
				GCC_WARN_ABOUT_RETURN_TYPE = YES;
				GCC_WARN_UNDECLARED_SELECTOR = YES;
				GCC_WARN_UNINITIALIZED_AUTOS = YES;
				GCC_WARN_UNUSED_FUNCTION = YES;
				GCC_WARN_UNUSED_VARIABLE = YES;
				MACOSX_DEPLOYMENT_TARGET = 11.5;
				ONLY_ACTIVE_ARCH = NO;
				SDKROOT = macosx;
				WARNING_CFLAGS = "-Wpartial-availability";
			};
			name = Release;
		};
		F487F4C9141EADEF0093D633 /* Debug */ = {
			isa = XCBuildConfiguration;
			buildSettings = {
				CLANG_ENABLE_OBJC_ARC = YES;
				CODE_SIGN_ENTITLEMENTS = ManDrake/Resources/ManDrake.entitlements;
				CODE_SIGN_IDENTITY = "Apple Development";
				CODE_SIGN_STYLE = Automatic;
				COMBINE_HIDPI_IMAGES = YES;
				DEAD_CODE_STRIPPING = YES;
				DEVELOPMENT_TEAM = 5WX26Y89JP;
				ENABLE_HARDENED_RUNTIME = YES;
				FRAMEWORK_SEARCH_PATHS = (
					"$(inherited)",
					"$(PROJECT_DIR)/Sparkle",
					"$(PROJECT_DIR)",
				);
				GCC_PRECOMPILE_PREFIX_HEADER = YES;
				GCC_PREFIX_HEADER = "ManDrake/ManDrake-Prefix.pch";
				GENERATE_PKGINFO_FILE = NO;
				INFOPLIST_FILE = "ManDrake/ManDrake-Info.plist";
				INFOPLIST_KEY_CFBundleDisplayName = ManDrake;
				INFOPLIST_KEY_LSApplicationCategoryType = "public.app-category.developer-tools";
				LD_RUNPATH_SEARCH_PATHS = "@loader_path/../Frameworks";
				MACOSX_DEPLOYMENT_TARGET = 13.5;
				MARKETING_VERSION = 3.3.1;
				PRODUCT_BUNDLE_IDENTIFIER = org.sveinbjorn.ManDrake;
				PRODUCT_NAME = "$(TARGET_NAME)";
				PROVISIONING_PROFILE_SPECIFIER = "";
				SDKROOT = macosx;
				USER_HEADER_SEARCH_PATHS = ManDrake/External/UliKit/;
				WRAPPER_EXTENSION = app;
			};
			name = Debug;
		};
		F487F4CA141EADEF0093D633 /* Release */ = {
			isa = XCBuildConfiguration;
			buildSettings = {
				CLANG_ENABLE_OBJC_ARC = YES;
				CODE_SIGN_ENTITLEMENTS = ManDrake/Resources/ManDrake.entitlements;
				CODE_SIGN_IDENTITY = "Apple Development";
				CODE_SIGN_STYLE = Automatic;
				COMBINE_HIDPI_IMAGES = YES;
				DEAD_CODE_STRIPPING = YES;
				DEVELOPMENT_TEAM = 5WX26Y89JP;
				ENABLE_HARDENED_RUNTIME = YES;
				FRAMEWORK_SEARCH_PATHS = (
					"$(inherited)",
					"$(PROJECT_DIR)/Sparkle",
					"$(PROJECT_DIR)",
				);
				GCC_PRECOMPILE_PREFIX_HEADER = YES;
				GCC_PREFIX_HEADER = "ManDrake/ManDrake-Prefix.pch";
				GENERATE_PKGINFO_FILE = NO;
				INFOPLIST_FILE = "ManDrake/ManDrake-Info.plist";
				INFOPLIST_KEY_CFBundleDisplayName = ManDrake;
				INFOPLIST_KEY_LSApplicationCategoryType = "public.app-category.developer-tools";
				LD_RUNPATH_SEARCH_PATHS = "@loader_path/../Frameworks";
				MACOSX_DEPLOYMENT_TARGET = 13.5;
				MARKETING_VERSION = 3.3.1;
				PRODUCT_BUNDLE_IDENTIFIER = org.sveinbjorn.ManDrake;
				PRODUCT_NAME = "$(TARGET_NAME)";
				PROVISIONING_PROFILE_SPECIFIER = "";
				SDKROOT = macosx;
				USER_HEADER_SEARCH_PATHS = ManDrake/External/UliKit/;
				WRAPPER_EXTENSION = app;
			};
			name = Release;
		};
/* End XCBuildConfiguration section */

/* Begin XCConfigurationList section */
		F487F4A1141EADEF0093D633 /* Build configuration list for PBXProject "ManDrake" */ = {
			isa = XCConfigurationList;
			buildConfigurations = (
				F487F4C6141EADEF0093D633 /* Debug */,
				F487F4C7141EADEF0093D633 /* Release */,
			);
			defaultConfigurationIsVisible = 0;
			defaultConfigurationName = Release;
		};
		F487F4C8141EADEF0093D633 /* Build configuration list for PBXNativeTarget "ManDrake" */ = {
			isa = XCConfigurationList;
			buildConfigurations = (
				F487F4C9141EADEF0093D633 /* Debug */,
				F487F4CA141EADEF0093D633 /* Release */,
			);
			defaultConfigurationIsVisible = 0;
			defaultConfigurationName = Release;
		};
/* End XCConfigurationList section */
	};
	rootObject = F487F49E141EADEF0093D633 /* Project object */;
}
