// !$*UTF8*$!
{
	archiveVersion = 1;
	classes = {
	};
	objectVersion = 46;
	objects = {

/* Begin PBXBuildFile section */
		2092A52F7C61A1257CBC66A6 /* libPods.a in Frameworks */ = {isa = PBXBuildFile; fileRef = 954C136C20B1E1695A2CD08D /* libPods.a */; };
		F45AFBD41C5193A900953D8F /* mode-groff.js in Resources */ = {isa = PBXBuildFile; fileRef = F45AFBD31C5193A900953D8F /* mode-groff.js */; };
		F45AFBD71C51950600953D8F /* CustomACEView.m in Sources */ = {isa = PBXBuildFile; fileRef = F45AFBD61C51950600953D8F /* CustomACEView.m */; };
		F45AFBD91C52D04A00953D8F /* default.man in Resources */ = {isa = PBXBuildFile; fileRef = F45AFBD81C52D04A00953D8F /* default.man */; };
		F45AFBDC1C53B9C000953D8F /* NSWorkspace+Additions.m in Sources */ = {isa = PBXBuildFile; fileRef = F45AFBDB1C53B9C000953D8F /* NSWorkspace+Additions.m */; };
		F45AFBDE1C53BA9200953D8F /* mandoc in Resources */ = {isa = PBXBuildFile; fileRef = F45AFBDD1C53BA9200953D8F /* mandoc */; };
		F45AFBE21C53D53300953D8F /* License.html in Resources */ = {isa = PBXBuildFile; fileRef = F45AFBE01C53D53300953D8F /* License.html */; };
		F45AFBE31C53D53300953D8F /* Readme.html in Resources */ = {isa = PBXBuildFile; fileRef = F45AFBE11C53D53300953D8F /* Readme.html */; };
		F45AFBF81C53DBAC00953D8F /* Credits.html in Resources */ = {isa = PBXBuildFile; fileRef = F45AFBF71C53DBAC00953D8F /* Credits.html */; };
		F487F4AC141EADEF0093D633 /* Cocoa.framework in Frameworks */ = {isa = PBXBuildFile; fileRef = F487F4AB141EADEF0093D633 /* Cocoa.framework */; };
		F487F4B8141EADEF0093D633 /* main.m in Sources */ = {isa = PBXBuildFile; fileRef = F487F4B7141EADEF0093D633 /* main.m */; };
		F487F4BF141EADEF0093D633 /* ManDrakeDocument.m in Sources */ = {isa = PBXBuildFile; fileRef = F487F4BE141EADEF0093D633 /* ManDrakeDocument.m */; };
		F487F4D2141EAE730093D633 /* MainMenu.xib in Resources */ = {isa = PBXBuildFile; fileRef = F487F4D0141EAE730093D633 /* MainMenu.xib */; };
		F487F4D3141EAE730093D633 /* ManDrakeDocument.xib in Resources */ = {isa = PBXBuildFile; fileRef = F487F4D1141EAE730093D633 /* ManDrakeDocument.xib */; };
		F487F4DA141EAE910093D633 /* cat2html in Resources */ = {isa = PBXBuildFile; fileRef = F487F4D4141EAE910093D633 /* cat2html */; };
		F487F506141EAF8A0093D633 /* WebKit.framework in Frameworks */ = {isa = PBXBuildFile; fileRef = F487F505141EAF8A0093D633 /* WebKit.framework */; };
		F487F535141EB2560093D633 /* ManDrakeApplicationDelegate.m in Sources */ = {isa = PBXBuildFile; fileRef = F487F534141EB2560093D633 /* ManDrakeApplicationDelegate.m */; };
		F4FD5CA91C4D757E00C8D155 /* Images.xcassets in Resources */ = {isa = PBXBuildFile; fileRef = F4FD5CA81C4D757E00C8D155 /* Images.xcassets */; };
/* End PBXBuildFile section */

/* Begin PBXFileReference section */
		6368337353AE3D70E8C0D94C /* Pods.debug.xcconfig */ = {isa = PBXFileReference; includeInIndex = 1; lastKnownFileType = text.xcconfig; name = Pods.debug.xcconfig; path = "Pods/Target Support Files/Pods/Pods.debug.xcconfig"; sourceTree = "<group>"; };
		954C136C20B1E1695A2CD08D /* libPods.a */ = {isa = PBXFileReference; explicitFileType = archive.ar; includeInIndex = 0; path = libPods.a; sourceTree = BUILT_PRODUCTS_DIR; };
		ED24DF9167DE298866004E1F /* Pods.release.xcconfig */ = {isa = PBXFileReference; includeInIndex = 1; lastKnownFileType = text.xcconfig; name = Pods.release.xcconfig; path = "Pods/Target Support Files/Pods/Pods.release.xcconfig"; sourceTree = "<group>"; };
		F42AA7DA1C4EC5D0007E0ACE /* README.md */ = {isa = PBXFileReference; lastKnownFileType = net.daringfireball.markdown; path = README.md; sourceTree = "<group>"; };
		F43557DA1C542510009080DC /* mandrake_captain.jpg */ = {isa = PBXFileReference; lastKnownFileType = image.jpeg; path = mandrake_captain.jpg; sourceTree = "<group>"; };
		F43557DB1C542519009080DC /* mandrake_screenshot.png */ = {isa = PBXFileReference; lastKnownFileType = image.png; path = mandrake_screenshot.png; sourceTree = "<group>"; };
		F43557DC1C542521009080DC /* mandrake_icon.png */ = {isa = PBXFileReference; lastKnownFileType = image.png; path = mandrake_icon.png; sourceTree = "<group>"; };
		F45AFBD31C5193A900953D8F /* mode-groff.js */ = {isa = PBXFileReference; fileEncoding = 4; lastKnownFileType = sourcecode.javascript; name = "mode-groff.js"; path = "Resources/mode-groff.js"; sourceTree = "<group>"; };
		F45AFBD51C51950600953D8F /* CustomACEView.h */ = {isa = PBXFileReference; fileEncoding = 4; lastKnownFileType = sourcecode.c.h; path = CustomACEView.h; sourceTree = "<group>"; };
		F45AFBD61C51950600953D8F /* CustomACEView.m */ = {isa = PBXFileReference; fileEncoding = 4; lastKnownFileType = sourcecode.c.objc; path = CustomACEView.m; sourceTree = "<group>"; };
		F45AFBD81C52D04A00953D8F /* default.man */ = {isa = PBXFileReference; fileEncoding = 4; lastKnownFileType = text; name = default.man; path = Resources/default.man; sourceTree = "<group>"; };
		F45AFBDA1C53B9C000953D8F /* NSWorkspace+Additions.h */ = {isa = PBXFileReference; fileEncoding = 4; lastKnownFileType = sourcecode.c.h; path = "NSWorkspace+Additions.h"; sourceTree = "<group>"; };
		F45AFBDB1C53B9C000953D8F /* NSWorkspace+Additions.m */ = {isa = PBXFileReference; fileEncoding = 4; lastKnownFileType = sourcecode.c.objc; path = "NSWorkspace+Additions.m"; sourceTree = "<group>"; };
		F45AFBDD1C53BA9200953D8F /* mandoc */ = {isa = PBXFileReference; lastKnownFileType = "compiled.mach-o.executable"; name = mandoc; path = Resources/mandoc; sourceTree = "<group>"; };
		F45AFBE01C53D53300953D8F /* License.html */ = {isa = PBXFileReference; fileEncoding = 4; lastKnownFileType = text.html; name = License.html; path = ManDrake/Resources/License.html; sourceTree = "<group>"; };
		F45AFBE11C53D53300953D8F /* Readme.html */ = {isa = PBXFileReference; fileEncoding = 4; lastKnownFileType = text.html; name = Readme.html; path = ManDrake/Resources/Readme.html; sourceTree = "<group>"; };
		F45AFBF71C53DBAC00953D8F /* Credits.html */ = {isa = PBXFileReference; fileEncoding = 4; lastKnownFileType = text.html; name = Credits.html; path = ManDrake/Resources/Credits.html; sourceTree = "<group>"; };
		F45AFBFB1C53FBD500953D8F /* Common.h */ = {isa = PBXFileReference; lastKnownFileType = sourcecode.c.h; path = Common.h; sourceTree = "<group>"; };
		F487F4A7141EADEF0093D633 /* ManDrake.app */ = {isa = PBXFileReference; explicitFileType = wrapper.application; includeInIndex = 0; path = ManDrake.app; sourceTree = BUILT_PRODUCTS_DIR; };
		F487F4AB141EADEF0093D633 /* Cocoa.framework */ = {isa = PBXFileReference; lastKnownFileType = wrapper.framework; name = Cocoa.framework; path = System/Library/Frameworks/Cocoa.framework; sourceTree = SDKROOT; };
		F487F4AE141EADEF0093D633 /* AppKit.framework */ = {isa = PBXFileReference; lastKnownFileType = wrapper.framework; name = AppKit.framework; path = System/Library/Frameworks/AppKit.framework; sourceTree = SDKROOT; };
		F487F4B0141EADEF0093D633 /* Foundation.framework */ = {isa = PBXFileReference; lastKnownFileType = wrapper.framework; name = Foundation.framework; path = System/Library/Frameworks/Foundation.framework; sourceTree = SDKROOT; };
		F487F4B3141EADEF0093D633 /* ManDrake-Info.plist */ = {isa = PBXFileReference; lastKnownFileType = text.plist.xml; path = "ManDrake-Info.plist"; sourceTree = "<group>"; };
		F487F4B7141EADEF0093D633 /* main.m */ = {isa = PBXFileReference; lastKnownFileType = sourcecode.c.objc; path = main.m; sourceTree = "<group>"; };
		F487F4B9141EADEF0093D633 /* ManDrake-Prefix.pch */ = {isa = PBXFileReference; lastKnownFileType = sourcecode.c.h; path = "ManDrake-Prefix.pch"; sourceTree = "<group>"; };
		F487F4BD141EADEF0093D633 /* ManDrakeDocument.h */ = {isa = PBXFileReference; lastKnownFileType = sourcecode.c.h; path = ManDrakeDocument.h; sourceTree = "<group>"; };
		F487F4BE141EADEF0093D633 /* ManDrakeDocument.m */ = {isa = PBXFileReference; lastKnownFileType = sourcecode.c.objc; path = ManDrakeDocument.m; sourceTree = "<group>"; };
		F487F4D0141EAE730093D633 /* MainMenu.xib */ = {isa = PBXFileReference; fileEncoding = 4; lastKnownFileType = file.xib; name = MainMenu.xib; path = Resources/MainMenu.xib; sourceTree = "<group>"; };
		F487F4D1141EAE730093D633 /* ManDrakeDocument.xib */ = {isa = PBXFileReference; fileEncoding = 4; lastKnownFileType = file.xib; name = ManDrakeDocument.xib; path = Resources/ManDrakeDocument.xib; sourceTree = "<group>"; };
		F487F4D4141EAE910093D633 /* cat2html */ = {isa = PBXFileReference; lastKnownFileType = "compiled.mach-o.executable"; name = cat2html; path = Resources/cat2html; sourceTree = "<group>"; };
		F487F505141EAF8A0093D633 /* WebKit.framework */ = {isa = PBXFileReference; lastKnownFileType = wrapper.framework; name = WebKit.framework; path = /System/Library/Frameworks/WebKit.framework; sourceTree = "<absolute>"; };
		F487F533141EB2560093D633 /* ManDrakeApplicationDelegate.h */ = {isa = PBXFileReference; fileEncoding = 4; lastKnownFileType = sourcecode.c.h; path = ManDrakeApplicationDelegate.h; sourceTree = "<group>"; };
		F487F534141EB2560093D633 /* ManDrakeApplicationDelegate.m */ = {isa = PBXFileReference; fileEncoding = 4; lastKnownFileType = sourcecode.c.objc; path = ManDrakeApplicationDelegate.m; sourceTree = "<group>"; };
		F487F539141EDD560093D633 /* cat2html.c */ = {isa = PBXFileReference; fileEncoding = 4; lastKnownFileType = sourcecode.c.c; path = cat2html.c; sourceTree = "<group>"; };
		F487F53A141EDD560093D633 /* cat2html.l */ = {isa = PBXFileReference; fileEncoding = 4; lastKnownFileType = sourcecode.lex; path = cat2html.l; sourceTree = "<group>"; };
		F487F53B141EDD560093D633 /* Makefile */ = {isa = PBXFileReference; fileEncoding = 4; lastKnownFileType = sourcecode.make; path = Makefile; sourceTree = "<group>"; };
		F487F53C141EDD560093D633 /* Makefile.postamble */ = {isa = PBXFileReference; fileEncoding = 4; lastKnownFileType = text; path = Makefile.postamble; sourceTree = "<group>"; };
		F487F53D141EDD560093D633 /* Makefile.preamble */ = {isa = PBXFileReference; fileEncoding = 4; lastKnownFileType = text; path = Makefile.preamble; sourceTree = "<group>"; };
		F4FD5CA11C4D74F900C8D155 /* make_icons.sh */ = {isa = PBXFileReference; lastKnownFileType = text.script.sh; path = make_icons.sh; sourceTree = "<group>"; };
		F4FD5CA21C4D74F900C8D155 /* ManDrakeAppIcon.ai */ = {isa = PBXFileReference; lastKnownFileType = text; path = ManDrakeAppIcon.ai; sourceTree = "<group>"; };
		F4FD5CA41C4D74F900C8D155 /* ManDrakeAppIcon1024.png */ = {isa = PBXFileReference; lastKnownFileType = image.png; path = ManDrakeAppIcon1024.png; sourceTree = "<group>"; };
		F4FD5CA81C4D757E00C8D155 /* Images.xcassets */ = {isa = PBXFileReference; lastKnownFileType = folder.assetcatalog; path = Images.xcassets; sourceTree = "<group>"; };
/* End PBXFileReference section */

/* Begin PBXFrameworksBuildPhase section */
		F487F4A4141EADEF0093D633 /* Frameworks */ = {
			isa = PBXFrameworksBuildPhase;
			buildActionMask = 2147483647;
			files = (
				F487F4AC141EADEF0093D633 /* Cocoa.framework in Frameworks */,
				F487F506141EAF8A0093D633 /* WebKit.framework in Frameworks */,
				2092A52F7C61A1257CBC66A6 /* libPods.a in Frameworks */,
			);
			runOnlyForDeploymentPostprocessing = 0;
		};
/* End PBXFrameworksBuildPhase section */

/* Begin PBXGroup section */
		F42AA7DC1C4EC624007E0ACE /* Documentation */ = {
			isa = PBXGroup;
			children = (
				F43557DC1C542521009080DC /* mandrake_icon.png */,
				F43557DA1C542510009080DC /* mandrake_captain.jpg */,
				F43557DB1C542519009080DC /* mandrake_screenshot.png */,
				F45AFBE01C53D53300953D8F /* License.html */,
				F45AFBE11C53D53300953D8F /* Readme.html */,
				F45AFBF71C53DBAC00953D8F /* Credits.html */,
				F42AA7DA1C4EC5D0007E0ACE /* README.md */,
			);
			name = Documentation;
			sourceTree = "<group>";
		};
		F487F49C141EADEF0093D633 = {
			isa = PBXGroup;
			children = (
				F42AA7DC1C4EC624007E0ACE /* Documentation */,
				F487F4B1141EADEF0093D633 /* ManDrake */,
				F487F4B2141EADEF0093D633 /* Resources */,
				F487F4AA141EADEF0093D633 /* Frameworks */,
				F487F4A8141EADEF0093D633 /* Products */,
				F5C6953A6735BC329B005716 /* Pods */,
			);
			sourceTree = "<group>";
		};
		F487F4A8141EADEF0093D633 /* Products */ = {
			isa = PBXGroup;
			children = (
				F487F4A7141EADEF0093D633 /* ManDrake.app */,
			);
			name = Products;
			sourceTree = "<group>";
		};
		F487F4AA141EADEF0093D633 /* Frameworks */ = {
			isa = PBXGroup;
			children = (
				F487F505141EAF8A0093D633 /* WebKit.framework */,
				F487F4AE141EADEF0093D633 /* AppKit.framework */,
				F487F4B0141EADEF0093D633 /* Foundation.framework */,
				F487F4AB141EADEF0093D633 /* Cocoa.framework */,
				954C136C20B1E1695A2CD08D /* libPods.a */,
			);
			name = Frameworks;
			sourceTree = "<group>";
		};
		F487F4B1141EADEF0093D633 /* ManDrake */ = {
			isa = PBXGroup;
			children = (
				F487F4B7141EADEF0093D633 /* main.m */,
				F487F4B9141EADEF0093D633 /* ManDrake-Prefix.pch */,
				F45AFBFB1C53FBD500953D8F /* Common.h */,
				F487F533141EB2560093D633 /* ManDrakeApplicationDelegate.h */,
				F487F534141EB2560093D633 /* ManDrakeApplicationDelegate.m */,
				F487F4BD141EADEF0093D633 /* ManDrakeDocument.h */,
				F487F4BE141EADEF0093D633 /* ManDrakeDocument.m */,
				F45AFBD51C51950600953D8F /* CustomACEView.h */,
				F45AFBD61C51950600953D8F /* CustomACEView.m */,
				F45AFBDA1C53B9C000953D8F /* NSWorkspace+Additions.h */,
				F45AFBDB1C53B9C000953D8F /* NSWorkspace+Additions.m */,
				F487F538141EDD560093D633 /* cat2html */,
			);
			path = ManDrake;
			sourceTree = "<group>";
		};
		F487F4B2141EADEF0093D633 /* Resources */ = {
			isa = PBXGroup;
			children = (
				F4FD5CA81C4D757E00C8D155 /* Images.xcassets */,
				F4FD5CA01C4D74F900C8D155 /* Icons */,
				F487F4D0141EAE730093D633 /* MainMenu.xib */,
				F487F4D1141EAE730093D633 /* ManDrakeDocument.xib */,
				F487F4B3141EADEF0093D633 /* ManDrake-Info.plist */,
				F45AFBD31C5193A900953D8F /* mode-groff.js */,
				F45AFBD81C52D04A00953D8F /* default.man */,
				F487F4D4141EAE910093D633 /* cat2html */,
				F45AFBDD1C53BA9200953D8F /* mandoc */,
			);
			name = Resources;
			path = ManDrake;
			sourceTree = "<group>";
		};
		F487F538141EDD560093D633 /* cat2html */ = {
			isa = PBXGroup;
			children = (
				F487F539141EDD560093D633 /* cat2html.c */,
				F487F53A141EDD560093D633 /* cat2html.l */,
				F487F53B141EDD560093D633 /* Makefile */,
				F487F53C141EDD560093D633 /* Makefile.postamble */,
				F487F53D141EDD560093D633 /* Makefile.preamble */,
			);
			path = cat2html;
			sourceTree = "<group>";
		};
		F4FD5CA01C4D74F900C8D155 /* Icons */ = {
			isa = PBXGroup;
			children = (
				F4FD5CA11C4D74F900C8D155 /* make_icons.sh */,
				F4FD5CA21C4D74F900C8D155 /* ManDrakeAppIcon.ai */,
				F4FD5CA41C4D74F900C8D155 /* ManDrakeAppIcon1024.png */,
			);
			path = Icons;
			sourceTree = SOURCE_ROOT;
		};
		F5C6953A6735BC329B005716 /* Pods */ = {
			isa = PBXGroup;
			children = (
				6368337353AE3D70E8C0D94C /* Pods.debug.xcconfig */,
				ED24DF9167DE298866004E1F /* Pods.release.xcconfig */,
			);
			name = Pods;
			sourceTree = "<group>";
		};
/* End PBXGroup section */

/* Begin PBXNativeTarget section */
		F487F4A6141EADEF0093D633 /* ManDrake */ = {
			isa = PBXNativeTarget;
			buildConfigurationList = F487F4C8141EADEF0093D633 /* Build configuration list for PBXNativeTarget "ManDrake" */;
			buildPhases = (
				5419D70B7A8FADDC726F1AE9 /* Check Pods Manifest.lock */,
				F487F4A3141EADEF0093D633 /* Sources */,
				F487F4A4141EADEF0093D633 /* Frameworks */,
				2EC8F10CAF71182BCA4F871E /* Copy Pods Resources */,
				F487F4A5141EADEF0093D633 /* Resources */,
				18FB821FE9A8B01872633938 /* Embed Pods Frameworks */,
			);
			buildRules = (
			);
			dependencies = (
			);
			name = ManDrake;
			productName = ManDrake;
			productReference = F487F4A7141EADEF0093D633 /* ManDrake.app */;
			productType = "com.apple.product-type.application";
		};
/* End PBXNativeTarget section */

/* Begin PBXProject section */
		F487F49E141EADEF0093D633 /* Project object */ = {
			isa = PBXProject;
			attributes = {
				LastUpgradeCheck = 0720;
			};
			buildConfigurationList = F487F4A1141EADEF0093D633 /* Build configuration list for PBXProject "ManDrake" */;
			compatibilityVersion = "Xcode 3.2";
			developmentRegion = English;
			hasScannedForEncodings = 0;
			knownRegions = (
				en,
			);
			mainGroup = F487F49C141EADEF0093D633;
			productRefGroup = F487F4A8141EADEF0093D633 /* Products */;
			projectDirPath = "";
			projectRoot = "";
			targets = (
				F487F4A6141EADEF0093D633 /* ManDrake */,
			);
		};
/* End PBXProject section */

/* Begin PBXResourcesBuildPhase section */
		F487F4A5141EADEF0093D633 /* Resources */ = {
			isa = PBXResourcesBuildPhase;
			buildActionMask = 2147483647;
			files = (
				F45AFBD91C52D04A00953D8F /* default.man in Resources */,
				F45AFBF81C53DBAC00953D8F /* Credits.html in Resources */,
				F487F4D2141EAE730093D633 /* MainMenu.xib in Resources */,
				F45AFBE21C53D53300953D8F /* License.html in Resources */,
				F487F4D3141EAE730093D633 /* ManDrakeDocument.xib in Resources */,
				F487F4DA141EAE910093D633 /* cat2html in Resources */,
				F45AFBDE1C53BA9200953D8F /* mandoc in Resources */,
				F45AFBE31C53D53300953D8F /* Readme.html in Resources */,
				F45AFBD41C5193A900953D8F /* mode-groff.js in Resources */,
				F4FD5CA91C4D757E00C8D155 /* Images.xcassets in Resources */,
			);
			runOnlyForDeploymentPostprocessing = 0;
		};
/* End PBXResourcesBuildPhase section */

/* Begin PBXShellScriptBuildPhase section */
		18FB821FE9A8B01872633938 /* Embed Pods Frameworks */ = {
			isa = PBXShellScriptBuildPhase;
			buildActionMask = 2147483647;
			files = (
			);
			inputPaths = (
			);
			name = "Embed Pods Frameworks";
			outputPaths = (
			);
			runOnlyForDeploymentPostprocessing = 0;
			shellPath = /bin/sh;
			shellScript = "\"${SRCROOT}/Pods/Target Support Files/Pods/Pods-frameworks.sh\"\n";
			showEnvVarsInLog = 0;
		};
		2EC8F10CAF71182BCA4F871E /* Copy Pods Resources */ = {
			isa = PBXShellScriptBuildPhase;
			buildActionMask = 2147483647;
			files = (
			);
			inputPaths = (
			);
			name = "Copy Pods Resources";
			outputPaths = (
			);
			runOnlyForDeploymentPostprocessing = 0;
			shellPath = /bin/sh;
			shellScript = "\"${SRCROOT}/Pods/Target Support Files/Pods/Pods-resources.sh\"\n";
			showEnvVarsInLog = 0;
		};
		5419D70B7A8FADDC726F1AE9 /* Check Pods Manifest.lock */ = {
			isa = PBXShellScriptBuildPhase;
			buildActionMask = 2147483647;
			files = (
			);
			inputPaths = (
			);
			name = "Check Pods Manifest.lock";
			outputPaths = (
			);
			runOnlyForDeploymentPostprocessing = 0;
			shellPath = /bin/sh;
			shellScript = "diff \"${PODS_ROOT}/../Podfile.lock\" \"${PODS_ROOT}/Manifest.lock\" > /dev/null\nif [[ $? != 0 ]] ; then\n    cat << EOM\nerror: The sandbox is not in sync with the Podfile.lock. Run 'pod install' or update your CocoaPods installation.\nEOM\n    exit 1\nfi\n";
			showEnvVarsInLog = 0;
		};
/* End PBXShellScriptBuildPhase section */

/* Begin PBXSourcesBuildPhase section */
		F487F4A3141EADEF0093D633 /* Sources */ = {
			isa = PBXSourcesBuildPhase;
			buildActionMask = 2147483647;
			files = (
				F487F4B8141EADEF0093D633 /* main.m in Sources */,
				F45AFBDC1C53B9C000953D8F /* NSWorkspace+Additions.m in Sources */,
				F45AFBD71C51950600953D8F /* CustomACEView.m in Sources */,
				F487F4BF141EADEF0093D633 /* ManDrakeDocument.m in Sources */,
				F487F535141EB2560093D633 /* ManDrakeApplicationDelegate.m in Sources */,
			);
			runOnlyForDeploymentPostprocessing = 0;
		};
/* End PBXSourcesBuildPhase section */

/* Begin XCBuildConfiguration section */
		F487F4C6141EADEF0093D633 /* Debug */ = {
			isa = XCBuildConfiguration;
			buildSettings = {
				ALWAYS_SEARCH_USER_PATHS = YES;
				CLANG_WARN_BOOL_CONVERSION = YES;
				CLANG_WARN_CONSTANT_CONVERSION = YES;
				CLANG_WARN_EMPTY_BODY = YES;
				CLANG_WARN_ENUM_CONVERSION = YES;
				CLANG_WARN_INT_CONVERSION = YES;
				CLANG_WARN_UNREACHABLE_CODE = YES;
				CLANG_WARN__DUPLICATE_METHOD_MATCH = YES;
				COPY_PHASE_STRIP = NO;
				DEBUG_INFORMATION_FORMAT = "dwarf-with-dsym";
				ENABLE_STRICT_OBJC_MSGSEND = YES;
				GCC_C_LANGUAGE_STANDARD = gnu99;
				GCC_DYNAMIC_NO_PIC = NO;
				GCC_ENABLE_OBJC_EXCEPTIONS = YES;
				GCC_NO_COMMON_BLOCKS = YES;
				GCC_OPTIMIZATION_LEVEL = 0;
				GCC_SYMBOLS_PRIVATE_EXTERN = YES;
				GCC_VERSION = com.apple.compilers.llvm.clang.1_0;
				GCC_WARN_64_TO_32_BIT_CONVERSION = YES;
				GCC_WARN_ABOUT_MISSING_PROTOTYPES = YES;
				GCC_WARN_ABOUT_RETURN_TYPE = YES;
				GCC_WARN_UNDECLARED_SELECTOR = YES;
				GCC_WARN_UNINITIALIZED_AUTOS = YES;
				GCC_WARN_UNUSED_FUNCTION = YES;
				GCC_WARN_UNUSED_VARIABLE = YES;
				MACOSX_DEPLOYMENT_TARGET = 10.6;
				ONLY_ACTIVE_ARCH = YES;
				SDKROOT = macosx;
			};
			name = Debug;
		};
		F487F4C7141EADEF0093D633 /* Release */ = {
			isa = XCBuildConfiguration;
			buildSettings = {
				ALWAYS_SEARCH_USER_PATHS = YES;
				CLANG_WARN_BOOL_CONVERSION = YES;
				CLANG_WARN_CONSTANT_CONVERSION = YES;
				CLANG_WARN_EMPTY_BODY = YES;
				CLANG_WARN_ENUM_CONVERSION = YES;
				CLANG_WARN_INT_CONVERSION = YES;
				CLANG_WARN_UNREACHABLE_CODE = YES;
				CLANG_WARN__DUPLICATE_METHOD_MATCH = YES;
				COPY_PHASE_STRIP = YES;
				DEBUG_INFORMATION_FORMAT = "dwarf-with-dsym";
				ENABLE_STRICT_OBJC_MSGSEND = YES;
				GCC_C_LANGUAGE_STANDARD = gnu99;
				GCC_ENABLE_OBJC_EXCEPTIONS = YES;
				GCC_NO_COMMON_BLOCKS = YES;
				GCC_SYMBOLS_PRIVATE_EXTERN = YES;
				GCC_VERSION = com.apple.compilers.llvm.clang.1_0;
				GCC_WARN_64_TO_32_BIT_CONVERSION = YES;
				GCC_WARN_ABOUT_MISSING_PROTOTYPES = YES;
				GCC_WARN_ABOUT_RETURN_TYPE = YES;
				GCC_WARN_UNDECLARED_SELECTOR = YES;
				GCC_WARN_UNINITIALIZED_AUTOS = YES;
				GCC_WARN_UNUSED_FUNCTION = YES;
				GCC_WARN_UNUSED_VARIABLE = YES;
				MACOSX_DEPLOYMENT_TARGET = 10.6;
				ONLY_ACTIVE_ARCH = NO;
				SDKROOT = macosx;
			};
			name = Release;
		};
		F487F4C9141EADEF0093D633 /* Debug */ = {
			isa = XCBuildConfiguration;
			baseConfigurationReference = 6368337353AE3D70E8C0D94C /* Pods.debug.xcconfig */;
			buildSettings = {
				ASSETCATALOG_COMPILER_APPICON_NAME = AppIcon;
				CLANG_ENABLE_OBJC_ARC = YES;
				COMBINE_HIDPI_IMAGES = YES;
				GCC_PRECOMPILE_PREFIX_HEADER = YES;
				GCC_PREFIX_HEADER = "ManDrake/ManDrake-Prefix.pch";
				INFOPLIST_FILE = "ManDrake/ManDrake-Info.plist";
				MACOSX_DEPLOYMENT_TARGET = 10.7;
				PRODUCT_NAME = "$(TARGET_NAME)";
				SDKROOT = macosx;
				USER_HEADER_SEARCH_PATHS = ManDrake/External/UliKit/;
				WRAPPER_EXTENSION = app;
			};
			name = Debug;
		};
		F487F4CA141EADEF0093D633 /* Release */ = {
			isa = XCBuildConfiguration;
			baseConfigurationReference = ED24DF9167DE298866004E1F /* Pods.release.xcconfig */;
			buildSettings = {
				ASSETCATALOG_COMPILER_APPICON_NAME = AppIcon;
				CLANG_ENABLE_OBJC_ARC = YES;
				COMBINE_HIDPI_IMAGES = YES;
				GCC_PRECOMPILE_PREFIX_HEADER = YES;
				GCC_PREFIX_HEADER = "ManDrake/ManDrake-Prefix.pch";
				INFOPLIST_FILE = "ManDrake/ManDrake-Info.plist";
				MACOSX_DEPLOYMENT_TARGET = 10.7;
				PRODUCT_NAME = "$(TARGET_NAME)";
				SDKROOT = macosx;
				USER_HEADER_SEARCH_PATHS = ManDrake/External/UliKit/;
				WRAPPER_EXTENSION = app;
			};
			name = Release;
		};
/* End XCBuildConfiguration section */

/* Begin XCConfigurationList section */
		F487F4A1141EADEF0093D633 /* Build configuration list for PBXProject "ManDrake" */ = {
			isa = XCConfigurationList;
			buildConfigurations = (
				F487F4C6141EADEF0093D633 /* Debug */,
				F487F4C7141EADEF0093D633 /* Release */,
			);
			defaultConfigurationIsVisible = 0;
			defaultConfigurationName = Release;
		};
		F487F4C8141EADEF0093D633 /* Build configuration list for PBXNativeTarget "ManDrake" */ = {
			isa = XCConfigurationList;
			buildConfigurations = (
				F487F4C9141EADEF0093D633 /* Debug */,
				F487F4CA141EADEF0093D633 /* Release */,
			);
			defaultConfigurationIsVisible = 0;
			defaultConfigurationName = Release;
		};
/* End XCConfigurationList section */
	};
	rootObject = F487F49E141EADEF0093D633 /* Project object */;
}
