// !$*UTF8*$!
{
	archiveVersion = 1;
	classes = {
	};
	objectVersion = 46;
	objects = {

/* Begin PBXBuildFile section */
		EB0556708A55681D8CD43C6E /* libPods-ManDrake.a in Frameworks */ = {isa = PBXBuildFile; fileRef = 92873E6389F9DBEBB6841DEB /* libPods-ManDrake.a */; };
		F4296FFB1E06C77E002C25C4 /* mode-groff.js in Copy mode-groff.js */ = {isa = PBXBuildFile; fileRef = F45AFBD31C5193A900953D8F /* mode-groff.js */; };
		F43557EB1C55413A009080DC /* dsa_pub.pem in Resources */ = {isa = PBXBuildFile; fileRef = F43557EA1C554132009080DC /* dsa_pub.pem */; };
		F45AFBD71C51950600953D8F /* CustomACEView.m in Sources */ = {isa = PBXBuildFile; fileRef = F45AFBD61C51950600953D8F /* CustomACEView.m */; };
		F45AFBD91C52D04A00953D8F /* default.man in Resources */ = {isa = PBXBuildFile; fileRef = F45AFBD81C52D04A00953D8F /* default.man */; };
		F45AFBDC1C53B9C000953D8F /* NSWorkspace+Additions.m in Sources */ = {isa = PBXBuildFile; fileRef = F45AFBDB1C53B9C000953D8F /* NSWorkspace+Additions.m */; };
		F45AFBDE1C53BA9200953D8F /* mandoc in Resources */ = {isa = PBXBuildFile; fileRef = F45AFBDD1C53BA9200953D8F /* mandoc */; };
		F45AFBE21C53D53300953D8F /* License.html in Resources */ = {isa = PBXBuildFile; fileRef = F45AFBE01C53D53300953D8F /* License.html */; };
		F472E8A41F2A3A7B007F3EFC /* Credits.rtf in Resources */ = {isa = PBXBuildFile; fileRef = F472E8A31F2A3A7B007F3EFC /* Credits.rtf */; };
		F4796732224FF75B00CA0746 /* Sparkle.framework in Frameworks */ = {isa = PBXBuildFile; fileRef = F4796731224FF75B00CA0746 /* Sparkle.framework */; };
		F4796734224FF7EA00CA0746 /* Sparkle.framework in Copy Bundled Frameworks */ = {isa = PBXBuildFile; fileRef = F4796731224FF75B00CA0746 /* Sparkle.framework */; settings = {ATTRIBUTES = (CodeSignOnCopy, RemoveHeadersOnCopy, ); }; };
		F4796737224FFB5400CA0746 /* DocumentIcon.icns in Resources */ = {isa = PBXBuildFile; fileRef = F4796735224FFB5300CA0746 /* DocumentIcon.icns */; };
		F4796738224FFB5400CA0746 /* AppIcon.icns in Resources */ = {isa = PBXBuildFile; fileRef = F4796736224FFB5400CA0746 /* AppIcon.icns */; };
		F487F4AC141EADEF0093D633 /* Cocoa.framework in Frameworks */ = {isa = PBXBuildFile; fileRef = F487F4AB141EADEF0093D633 /* Cocoa.framework */; };
		F487F4B8141EADEF0093D633 /* main.m in Sources */ = {isa = PBXBuildFile; fileRef = F487F4B7141EADEF0093D633 /* main.m */; };
		F487F4BF141EADEF0093D633 /* ManDrakeDocument.m in Sources */ = {isa = PBXBuildFile; fileRef = F487F4BE141EADEF0093D633 /* ManDrakeDocument.m */; };
		F487F4D2141EAE730093D633 /* MainMenu.xib in Resources */ = {isa = PBXBuildFile; fileRef = F487F4D0141EAE730093D633 /* MainMenu.xib */; };
		F487F4D3141EAE730093D633 /* ManDrakeDocument.xib in Resources */ = {isa = PBXBuildFile; fileRef = F487F4D1141EAE730093D633 /* ManDrakeDocument.xib */; };
		F487F506141EAF8A0093D633 /* WebKit.framework in Frameworks */ = {isa = PBXBuildFile; fileRef = F487F505141EAF8A0093D633 /* WebKit.framework */; };
		F487F535141EB2560093D633 /* ManDrakeApplicationDelegate.m in Sources */ = {isa = PBXBuildFile; fileRef = F487F534141EB2560093D633 /* ManDrakeApplicationDelegate.m */; };
		F4B7D9F8251004BE0025A779 /* cat2html in Resources */ = {isa = PBXBuildFile; fileRef = F4B7D9F7251004BE0025A779 /* cat2html */; };
/* End PBXBuildFile section */

/* Begin PBXCopyFilesBuildPhase section */
		F4296FFA1E06C770002C25C4 /* Copy mode-groff.js */ = {
			isa = PBXCopyFilesBuildPhase;
			buildActionMask = 2147483647;
			dstPath = "";
			dstSubfolderSpec = 7;
			files = (
				F4296FFB1E06C77E002C25C4 /* mode-groff.js in Copy mode-groff.js */,
			);
			name = "Copy mode-groff.js";
			runOnlyForDeploymentPostprocessing = 0;
		};
		F4796733224FF7D600CA0746 /* Copy Bundled Frameworks */ = {
			isa = PBXCopyFilesBuildPhase;
			buildActionMask = 2147483647;
			dstPath = "";
			dstSubfolderSpec = 10;
			files = (
				F4796734224FF7EA00CA0746 /* Sparkle.framework in Copy Bundled Frameworks */,
			);
			name = "Copy Bundled Frameworks";
			runOnlyForDeploymentPostprocessing = 0;
		};
/* End PBXCopyFilesBuildPhase section */

/* Begin PBXFileReference section */
		1765B518EC55CEC9D2FA5110 /* Pods-ManDrake.release.xcconfig */ = {isa = PBXFileReference; includeInIndex = 1; lastKnownFileType = text.xcconfig; name = "Pods-ManDrake.release.xcconfig"; path = "Pods/Target Support Files/Pods-ManDrake/Pods-ManDrake.release.xcconfig"; sourceTree = "<group>"; };
		1D8C3EB843CFB4099FEB1A6F /* Pods-ManDrake.debug.xcconfig */ = {isa = PBXFileReference; includeInIndex = 1; lastKnownFileType = text.xcconfig; name = "Pods-ManDrake.debug.xcconfig"; path = "Pods/Target Support Files/Pods-ManDrake/Pods-ManDrake.debug.xcconfig"; sourceTree = "<group>"; };
		92873E6389F9DBEBB6841DEB /* libPods-ManDrake.a */ = {isa = PBXFileReference; explicitFileType = archive.ar; includeInIndex = 0; path = "libPods-ManDrake.a"; sourceTree = BUILT_PRODUCTS_DIR; };
		F42AA7DA1C4EC5D0007E0ACE /* README.md */ = {isa = PBXFileReference; lastKnownFileType = net.daringfireball.markdown; path = README.md; sourceTree = "<group>"; };
		F43557DD1C5429C8009080DC /* AppIcon.icns */ = {isa = PBXFileReference; lastKnownFileType = image.icns; path = AppIcon.icns; sourceTree = "<group>"; };
		F43557DE1C5429C8009080DC /* DocumentIcon.icns */ = {isa = PBXFileReference; lastKnownFileType = image.icns; path = DocumentIcon.icns; sourceTree = "<group>"; };
		F43557E01C543258009080DC /* mandrake_captain.jpg */ = {isa = PBXFileReference; lastKnownFileType = image.jpeg; path = mandrake_captain.jpg; sourceTree = "<group>"; };
		F43557E11C543258009080DC /* mandrake_icon.png */ = {isa = PBXFileReference; lastKnownFileType = image.png; path = mandrake_icon.png; sourceTree = "<group>"; };
		F43557E31C54345B009080DC /* CHANGES.txt */ = {isa = PBXFileReference; lastKnownFileType = text; path = CHANGES.txt; sourceTree = SOURCE_ROOT; };
		F43557E51C553C8E009080DC /* generate_keys.rb */ = {isa = PBXFileReference; lastKnownFileType = text.script.ruby; path = generate_keys.rb; sourceTree = "<group>"; };
		F43557E61C553C8E009080DC /* ManDrakeAppcast.xml */ = {isa = PBXFileReference; lastKnownFileType = text.xml; path = ManDrakeAppcast.xml; sourceTree = "<group>"; };
		F43557E71C553C8E009080DC /* sign_update.rb */ = {isa = PBXFileReference; lastKnownFileType = text.script.ruby; path = sign_update.rb; sourceTree = "<group>"; };
		F43557E81C553C8E009080DC /* update_appcast.sh */ = {isa = PBXFileReference; lastKnownFileType = text.script.sh; path = update_appcast.sh; sourceTree = "<group>"; };
		F43557E91C554132009080DC /* dsa_priv.pem */ = {isa = PBXFileReference; lastKnownFileType = text; path = dsa_priv.pem; sourceTree = "<group>"; };
		F43557EA1C554132009080DC /* dsa_pub.pem */ = {isa = PBXFileReference; lastKnownFileType = text; path = dsa_pub.pem; sourceTree = "<group>"; };
		F442E0711EA7AB5A00BAD80C /* build_cat2html.sh */ = {isa = PBXFileReference; lastKnownFileType = text.script.sh; name = build_cat2html.sh; path = "../../../dim/dim-clt/man/cat2html/build_cat2html.sh"; sourceTree = "<group>"; };
		F45AFBD31C5193A900953D8F /* mode-groff.js */ = {isa = PBXFileReference; fileEncoding = 4; lastKnownFileType = sourcecode.javascript; name = "mode-groff.js"; path = "Resources/mode-groff.js"; sourceTree = "<group>"; };
		F45AFBD51C51950600953D8F /* CustomACEView.h */ = {isa = PBXFileReference; fileEncoding = 4; lastKnownFileType = sourcecode.c.h; path = CustomACEView.h; sourceTree = "<group>"; };
		F45AFBD61C51950600953D8F /* CustomACEView.m */ = {isa = PBXFileReference; fileEncoding = 4; lastKnownFileType = sourcecode.c.objc; path = CustomACEView.m; sourceTree = "<group>"; };
		F45AFBD81C52D04A00953D8F /* default.man */ = {isa = PBXFileReference; fileEncoding = 4; lastKnownFileType = text; name = default.man; path = Resources/default.man; sourceTree = "<group>"; };
		F45AFBDA1C53B9C000953D8F /* NSWorkspace+Additions.h */ = {isa = PBXFileReference; fileEncoding = 4; lastKnownFileType = sourcecode.c.h; lineEnding = 0; path = "NSWorkspace+Additions.h"; sourceTree = "<group>"; xcLanguageSpecificationIdentifier = xcode.lang.objcpp; };
		F45AFBDB1C53B9C000953D8F /* NSWorkspace+Additions.m */ = {isa = PBXFileReference; fileEncoding = 4; lastKnownFileType = sourcecode.c.objc; lineEnding = 0; path = "NSWorkspace+Additions.m"; sourceTree = "<group>"; xcLanguageSpecificationIdentifier = xcode.lang.objc; };
		F45AFBDD1C53BA9200953D8F /* mandoc */ = {isa = PBXFileReference; lastKnownFileType = "compiled.mach-o.executable"; name = mandoc; path = Resources/mandoc; sourceTree = "<group>"; };
		F45AFBE01C53D53300953D8F /* License.html */ = {isa = PBXFileReference; fileEncoding = 4; lastKnownFileType = text.html; lineEnding = 0; name = License.html; path = ManDrake/Resources/License.html; sourceTree = "<group>"; xcLanguageSpecificationIdentifier = xcode.lang.html; };
		F45AFBFB1C53FBD500953D8F /* Common.h */ = {isa = PBXFileReference; lastKnownFileType = sourcecode.c.h; lineEnding = 0; path = Common.h; sourceTree = "<group>"; xcLanguageSpecificationIdentifier = xcode.lang.objcpp; };
		F472E8A31F2A3A7B007F3EFC /* Credits.rtf */ = {isa = PBXFileReference; fileEncoding = 4; lastKnownFileType = text.rtf; name = Credits.rtf; path = ManDrake/Resources/Credits.rtf; sourceTree = SOURCE_ROOT; };
		F4796731224FF75B00CA0746 /* Sparkle.framework */ = {isa = PBXFileReference; lastKnownFileType = wrapper.framework; path = Sparkle.framework; sourceTree = "<group>"; };
		F4796735224FFB5300CA0746 /* DocumentIcon.icns */ = {isa = PBXFileReference; lastKnownFileType = image.icns; name = DocumentIcon.icns; path = Resources/DocumentIcon.icns; sourceTree = "<group>"; };
		F4796736224FFB5400CA0746 /* AppIcon.icns */ = {isa = PBXFileReference; lastKnownFileType = image.icns; name = AppIcon.icns; path = Resources/AppIcon.icns; sourceTree = "<group>"; };
		F486410A20CADDD7007E2BB6 /* mandrake_screenshot2.jpg */ = {isa = PBXFileReference; lastKnownFileType = image.jpeg; path = mandrake_screenshot2.jpg; sourceTree = "<group>"; };
		F486410B20CADDD7007E2BB6 /* mandrake_screenshot1.jpg */ = {isa = PBXFileReference; lastKnownFileType = image.jpeg; path = mandrake_screenshot1.jpg; sourceTree = "<group>"; };
		F486410C20CAE25D007E2BB6 /* LICENSE.txt */ = {isa = PBXFileReference; lastKnownFileType = text; path = LICENSE.txt; sourceTree = "<group>"; };
		F487F4A7141EADEF0093D633 /* ManDrake.app */ = {isa = PBXFileReference; explicitFileType = wrapper.application; includeInIndex = 0; path = ManDrake.app; sourceTree = BUILT_PRODUCTS_DIR; };
		F487F4AB141EADEF0093D633 /* Cocoa.framework */ = {isa = PBXFileReference; lastKnownFileType = wrapper.framework; name = Cocoa.framework; path = System/Library/Frameworks/Cocoa.framework; sourceTree = SDKROOT; };
		F487F4AE141EADEF0093D633 /* AppKit.framework */ = {isa = PBXFileReference; lastKnownFileType = wrapper.framework; name = AppKit.framework; path = System/Library/Frameworks/AppKit.framework; sourceTree = SDKROOT; };
		F487F4B0141EADEF0093D633 /* Foundation.framework */ = {isa = PBXFileReference; lastKnownFileType = wrapper.framework; name = Foundation.framework; path = System/Library/Frameworks/Foundation.framework; sourceTree = SDKROOT; };
		F487F4B3141EADEF0093D633 /* ManDrake-Info.plist */ = {isa = PBXFileReference; lastKnownFileType = text.plist.xml; path = "ManDrake-Info.plist"; sourceTree = "<group>"; };
		F487F4B7141EADEF0093D633 /* main.m */ = {isa = PBXFileReference; lastKnownFileType = sourcecode.c.objc; lineEnding = 0; path = main.m; sourceTree = "<group>"; xcLanguageSpecificationIdentifier = xcode.lang.objc; };
		F487F4B9141EADEF0093D633 /* ManDrake-Prefix.pch */ = {isa = PBXFileReference; lastKnownFileType = sourcecode.c.h; path = "ManDrake-Prefix.pch"; sourceTree = "<group>"; };
		F487F4BD141EADEF0093D633 /* ManDrakeDocument.h */ = {isa = PBXFileReference; lastKnownFileType = sourcecode.c.h; lineEnding = 0; path = ManDrakeDocument.h; sourceTree = "<group>"; };
		F487F4BE141EADEF0093D633 /* ManDrakeDocument.m */ = {isa = PBXFileReference; lastKnownFileType = sourcecode.c.objc; lineEnding = 0; path = ManDrakeDocument.m; sourceTree = "<group>"; xcLanguageSpecificationIdentifier = xcode.lang.objc; };
		F487F4D0141EAE730093D633 /* MainMenu.xib */ = {isa = PBXFileReference; fileEncoding = 4; lastKnownFileType = file.xib; name = MainMenu.xib; path = Resources/MainMenu.xib; sourceTree = "<group>"; };
		F487F4D1141EAE730093D633 /* ManDrakeDocument.xib */ = {isa = PBXFileReference; fileEncoding = 4; lastKnownFileType = file.xib; name = ManDrakeDocument.xib; path = Resources/ManDrakeDocument.xib; sourceTree = "<group>"; };
		F487F505141EAF8A0093D633 /* WebKit.framework */ = {isa = PBXFileReference; lastKnownFileType = wrapper.framework; name = WebKit.framework; path = /System/Library/Frameworks/WebKit.framework; sourceTree = "<absolute>"; };
		F487F533141EB2560093D633 /* ManDrakeApplicationDelegate.h */ = {isa = PBXFileReference; fileEncoding = 4; lastKnownFileType = sourcecode.c.h; lineEnding = 0; path = ManDrakeApplicationDelegate.h; sourceTree = "<group>"; xcLanguageSpecificationIdentifier = xcode.lang.objcpp; };
		F487F534141EB2560093D633 /* ManDrakeApplicationDelegate.m */ = {isa = PBXFileReference; fileEncoding = 4; lastKnownFileType = sourcecode.c.objc; lineEnding = 0; path = ManDrakeApplicationDelegate.m; sourceTree = "<group>"; xcLanguageSpecificationIdentifier = xcode.lang.objc; };
		F487F53A141EDD560093D633 /* cat2html.l */ = {isa = PBXFileReference; fileEncoding = 4; lastKnownFileType = sourcecode.lex; path = cat2html.l; sourceTree = "<group>"; };
		F4AFF3C8223EEC9100024B12 /* NSTask+Description.h */ = {isa = PBXFileReference; fileEncoding = 4; lastKnownFileType = sourcecode.c.h; path = "NSTask+Description.h"; sourceTree = "<group>"; };
		F4AFF3C9223EEC9100024B12 /* NSTask+Description.m */ = {isa = PBXFileReference; fileEncoding = 4; lastKnownFileType = sourcecode.c.objc; path = "NSTask+Description.m"; sourceTree = "<group>"; };
		F4B7D9F7251004BE0025A779 /* cat2html */ = {isa = PBXFileReference; lastKnownFileType = "compiled.mach-o.executable"; path = cat2html; sourceTree = "<group>"; };
		F4FD5CA11C4D74F900C8D155 /* make_icons.sh */ = {isa = PBXFileReference; lastKnownFileType = text.script.sh; path = make_icons.sh; sourceTree = "<group>"; };
		F4FD5CA21C4D74F900C8D155 /* ManDrakeAppIcon.ai */ = {isa = PBXFileReference; lastKnownFileType = text; path = ManDrakeAppIcon.ai; sourceTree = "<group>"; };
		F4FD5CA41C4D74F900C8D155 /* ManDrakeAppIcon1024.png */ = {isa = PBXFileReference; lastKnownFileType = image.png; path = ManDrakeAppIcon1024.png; sourceTree = "<group>"; };
/* End PBXFileReference section */

/* Begin PBXFrameworksBuildPhase section */
		F487F4A4141EADEF0093D633 /* Frameworks */ = {
			isa = PBXFrameworksBuildPhase;
			buildActionMask = 2147483647;
			files = (
				F487F4AC141EADEF0093D633 /* Cocoa.framework in Frameworks */,
				F487F506141EAF8A0093D633 /* WebKit.framework in Frameworks */,
				EB0556708A55681D8CD43C6E /* libPods-ManDrake.a in Frameworks */,
				F4796732224FF75B00CA0746 /* Sparkle.framework in Frameworks */,
			);
			runOnlyForDeploymentPostprocessing = 0;
		};
/* End PBXFrameworksBuildPhase section */

/* Begin PBXGroup section */
		3D3A8111977051158E7CB7C0 /* Pods */ = {
			isa = PBXGroup;
			children = (
				1D8C3EB843CFB4099FEB1A6F /* Pods-ManDrake.debug.xcconfig */,
				1765B518EC55CEC9D2FA5110 /* Pods-ManDrake.release.xcconfig */,
			);
			name = Pods;
			sourceTree = "<group>";
		};
		F42AA7DC1C4EC624007E0ACE /* Documentation */ = {
			isa = PBXGroup;
			children = (
				F43557E31C54345B009080DC /* CHANGES.txt */,
				F43557DF1C543258009080DC /* images */,
				F472E8A31F2A3A7B007F3EFC /* Credits.rtf */,
				F486410C20CAE25D007E2BB6 /* LICENSE.txt */,
				F45AFBE01C53D53300953D8F /* License.html */,
				F42AA7DA1C4EC5D0007E0ACE /* README.md */,
			);
			name = Documentation;
			sourceTree = "<group>";
		};
		F43557DF1C543258009080DC /* images */ = {
			isa = PBXGroup;
			children = (
				F43557E01C543258009080DC /* mandrake_captain.jpg */,
				F43557E11C543258009080DC /* mandrake_icon.png */,
				F486410B20CADDD7007E2BB6 /* mandrake_screenshot1.jpg */,
				F486410A20CADDD7007E2BB6 /* mandrake_screenshot2.jpg */,
			);
			path = images;
			sourceTree = "<group>";
		};
		F43557E41C553C8E009080DC /* Sparkle */ = {
			isa = PBXGroup;
			children = (
				F43557E91C554132009080DC /* dsa_priv.pem */,
				F43557EA1C554132009080DC /* dsa_pub.pem */,
				F43557E51C553C8E009080DC /* generate_keys.rb */,
				F43557E61C553C8E009080DC /* ManDrakeAppcast.xml */,
				F43557E71C553C8E009080DC /* sign_update.rb */,
				F43557E81C553C8E009080DC /* update_appcast.sh */,
				F4796731224FF75B00CA0746 /* Sparkle.framework */,
			);
			path = Sparkle;
			sourceTree = "<group>";
		};
		F487F49C141EADEF0093D633 = {
			isa = PBXGroup;
			children = (
				F4FD5CA01C4D74F900C8D155 /* Icons */,
				F42AA7DC1C4EC624007E0ACE /* Documentation */,
				F487F4B1141EADEF0093D633 /* ManDrake */,
				F43557E41C553C8E009080DC /* Sparkle */,
				F487F4AA141EADEF0093D633 /* Frameworks */,
				F487F4A8141EADEF0093D633 /* Products */,
				3D3A8111977051158E7CB7C0 /* Pods */,
			);
			sourceTree = "<group>";
		};
		F487F4A8141EADEF0093D633 /* Products */ = {
			isa = PBXGroup;
			children = (
				F487F4A7141EADEF0093D633 /* ManDrake.app */,
			);
			name = Products;
			sourceTree = "<group>";
		};
		F487F4AA141EADEF0093D633 /* Frameworks */ = {
			isa = PBXGroup;
			children = (
				F487F505141EAF8A0093D633 /* WebKit.framework */,
				F487F4AE141EADEF0093D633 /* AppKit.framework */,
				F487F4B0141EADEF0093D633 /* Foundation.framework */,
				F487F4AB141EADEF0093D633 /* Cocoa.framework */,
				92873E6389F9DBEBB6841DEB /* libPods-ManDrake.a */,
			);
			name = Frameworks;
			sourceTree = "<group>";
		};
		F487F4B1141EADEF0093D633 /* ManDrake */ = {
			isa = PBXGroup;
			children = (
				F487F4B9141EADEF0093D633 /* ManDrake-Prefix.pch */,
				F487F4B7141EADEF0093D633 /* main.m */,
				F45AFBFB1C53FBD500953D8F /* Common.h */,
				F487F533141EB2560093D633 /* ManDrakeApplicationDelegate.h */,
				F487F534141EB2560093D633 /* ManDrakeApplicationDelegate.m */,
				F487F4BD141EADEF0093D633 /* ManDrakeDocument.h */,
				F487F4BE141EADEF0093D633 /* ManDrakeDocument.m */,
				F45AFBD51C51950600953D8F /* CustomACEView.h */,
				F45AFBD61C51950600953D8F /* CustomACEView.m */,
				F45AFBDA1C53B9C000953D8F /* NSWorkspace+Additions.h */,
				F45AFBDB1C53B9C000953D8F /* NSWorkspace+Additions.m */,
				F4AFF3C8223EEC9100024B12 /* NSTask+Description.h */,
				F4AFF3C9223EEC9100024B12 /* NSTask+Description.m */,
				F487F4B2141EADEF0093D633 /* Resources */,
				F487F538141EDD560093D633 /* cat2html */,
			);
			path = ManDrake;
			sourceTree = "<group>";
		};
		F487F4B2141EADEF0093D633 /* Resources */ = {
			isa = PBXGroup;
			children = (
				F4796736224FFB5400CA0746 /* AppIcon.icns */,
				F4796735224FFB5300CA0746 /* DocumentIcon.icns */,
				F487F4B3141EADEF0093D633 /* ManDrake-Info.plist */,
				F487F4D0141EAE730093D633 /* MainMenu.xib */,
				F487F4D1141EAE730093D633 /* ManDrakeDocument.xib */,
				F45AFBD31C5193A900953D8F /* mode-groff.js */,
				F45AFBD81C52D04A00953D8F /* default.man */,
				F45AFBDD1C53BA9200953D8F /* mandoc */,
			);
			name = Resources;
			sourceTree = "<group>";
		};
		F487F538141EDD560093D633 /* cat2html */ = {
			isa = PBXGroup;
			children = (
				F442E0711EA7AB5A00BAD80C /* build_cat2html.sh */,
				F487F53A141EDD560093D633 /* cat2html.l */,
				F4B7D9F7251004BE0025A779 /* cat2html */,
			);
			path = cat2html;
			sourceTree = "<group>";
		};
		F4FD5CA01C4D74F900C8D155 /* Icons */ = {
			isa = PBXGroup;
			children = (
				F43557DD1C5429C8009080DC /* AppIcon.icns */,
				F43557DE1C5429C8009080DC /* DocumentIcon.icns */,
				F4FD5CA11C4D74F900C8D155 /* make_icons.sh */,
				F4FD5CA21C4D74F900C8D155 /* ManDrakeAppIcon.ai */,
				F4FD5CA41C4D74F900C8D155 /* ManDrakeAppIcon1024.png */,
			);
			path = Icons;
			sourceTree = SOURCE_ROOT;
		};
/* End PBXGroup section */

/* Begin PBXNativeTarget section */
		F487F4A6141EADEF0093D633 /* ManDrake */ = {
			isa = PBXNativeTarget;
			buildConfigurationList = F487F4C8141EADEF0093D633 /* Build configuration list for PBXNativeTarget "ManDrake" */;
			buildPhases = (
				7306959F6D36CD22FE74AD30 /* [CP] Check Pods Manifest.lock */,
				F487F4A3141EADEF0093D633 /* Sources */,
				F487F4A4141EADEF0093D633 /* Frameworks */,
				F4796733224FF7D600CA0746 /* Copy Bundled Frameworks */,
				F487F4A5141EADEF0093D633 /* Resources */,
				A632E6CB83F8E3FF40AF5BE0 /* [CP] Copy Pods Resources */,
				F4296FF91E06C57F002C25C4 /* Set CFBundleVersion to git commit count */,
				F43557EC1C56AE04009080DC /* Delete Unneded Pods Resources */,
				F4296FFA1E06C770002C25C4 /* Copy mode-groff.js */,
			);
			buildRules = (
			);
			dependencies = (
			);
			name = ManDrake;
			productName = ManDrake;
			productReference = F487F4A7141EADEF0093D633 /* ManDrake.app */;
			productType = "com.apple.product-type.application";
		};
/* End PBXNativeTarget section */

/* Begin PBXProject section */
		F487F49E141EADEF0093D633 /* Project object */ = {
			isa = PBXProject;
			attributes = {
				LastUpgradeCheck = 1160;
				TargetAttributes = {
					F487F4A6141EADEF0093D633 = {
						DevelopmentTeam = 5WX26Y89JP;
						ProvisioningStyle = Manual;
					};
				};
			};
			buildConfigurationList = F487F4A1141EADEF0093D633 /* Build configuration list for PBXProject "ManDrake" */;
			compatibilityVersion = "Xcode 3.2";
			developmentRegion = en;
			hasScannedForEncodings = 0;
			knownRegions = (
				en,
				Base,
			);
			mainGroup = F487F49C141EADEF0093D633;
			productRefGroup = F487F4A8141EADEF0093D633 /* Products */;
			projectDirPath = "";
			projectRoot = "";
			targets = (
				F487F4A6141EADEF0093D633 /* ManDrake */,
			);
		};
/* End PBXProject section */

/* Begin PBXResourcesBuildPhase section */
		F487F4A5141EADEF0093D633 /* Resources */ = {
			isa = PBXResourcesBuildPhase;
			buildActionMask = 2147483647;
			files = (
				F45AFBD91C52D04A00953D8F /* default.man in Resources */,
				F472E8A41F2A3A7B007F3EFC /* Credits.rtf in Resources */,
				F487F4D2141EAE730093D633 /* MainMenu.xib in Resources */,
				F45AFBE21C53D53300953D8F /* License.html in Resources */,
				F487F4D3141EAE730093D633 /* ManDrakeDocument.xib in Resources */,
				F45AFBDE1C53BA9200953D8F /* mandoc in Resources */,
				F43557EB1C55413A009080DC /* dsa_pub.pem in Resources */,
				F4B7D9F8251004BE0025A779 /* cat2html in Resources */,
				F4796737224FFB5400CA0746 /* DocumentIcon.icns in Resources */,
				F4796738224FFB5400CA0746 /* AppIcon.icns in Resources */,
			);
			runOnlyForDeploymentPostprocessing = 0;
		};
/* End PBXResourcesBuildPhase section */

/* Begin PBXShellScriptBuildPhase section */
		7306959F6D36CD22FE74AD30 /* [CP] Check Pods Manifest.lock */ = {
			isa = PBXShellScriptBuildPhase;
			buildActionMask = 2147483647;
			files = (
			);
			inputPaths = (
				"${PODS_PODFILE_DIR_PATH}/Podfile.lock",
				"${PODS_ROOT}/Manifest.lock",
			);
			name = "[CP] Check Pods Manifest.lock";
			outputPaths = (
				"$(DERIVED_FILE_DIR)/Pods-ManDrake-checkManifestLockResult.txt",
			);
			runOnlyForDeploymentPostprocessing = 0;
			shellPath = /bin/sh;
			shellScript = "diff \"${PODS_PODFILE_DIR_PATH}/Podfile.lock\" \"${PODS_ROOT}/Manifest.lock\" > /dev/null\nif [ $? != 0 ] ; then\n    # print error to STDERR\n    echo \"error: The sandbox is not in sync with the Podfile.lock. Run 'pod install' or update your CocoaPods installation.\" >&2\n    exit 1\nfi\n# This output is used by Xcode 'outputs' to avoid re-running this script phase.\necho \"SUCCESS\" > \"${SCRIPT_OUTPUT_FILE_0}\"\n";
			showEnvVarsInLog = 0;
		};
		A632E6CB83F8E3FF40AF5BE0 /* [CP] Copy Pods Resources */ = {
			isa = PBXShellScriptBuildPhase;
			buildActionMask = 2147483647;
			files = (
			);
			inputPaths = (
				"${SRCROOT}/Pods/Target Support Files/Pods-ManDrake/Pods-ManDrake-resources.sh",
				"${PODS_ROOT}/ACEView/ACEView/Dependencies/ace/src/ace.js",
				"${PODS_ROOT}/ACEView/ACEView/Dependencies/ace/src/ext-beautify.js",
				"${PODS_ROOT}/ACEView/ACEView/Dependencies/ace/src/ext-chromevox.js",
				"${PODS_ROOT}/ACEView/ACEView/Dependencies/ace/src/ext-elastic_tabstops_lite.js",
				"${PODS_ROOT}/ACEView/ACEView/Dependencies/ace/src/ext-emmet.js",
				"${PODS_ROOT}/ACEView/ACEView/Dependencies/ace/src/ext-error_marker.js",
				"${PODS_ROOT}/ACEView/ACEView/Dependencies/ace/src/ext-keybinding_menu.js",
				"${PODS_ROOT}/ACEView/ACEView/Dependencies/ace/src/ext-language_tools.js",
				"${PODS_ROOT}/ACEView/ACEView/Dependencies/ace/src/ext-linking.js",
				"${PODS_ROOT}/ACEView/ACEView/Dependencies/ace/src/ext-modelist.js",
				"${PODS_ROOT}/ACEView/ACEView/Dependencies/ace/src/ext-old_ie.js",
				"${PODS_ROOT}/ACEView/ACEView/Dependencies/ace/src/ext-searchbox.js",
				"${PODS_ROOT}/ACEView/ACEView/Dependencies/ace/src/ext-settings_menu.js",
				"${PODS_ROOT}/ACEView/ACEView/Dependencies/ace/src/ext-spellcheck.js",
				"${PODS_ROOT}/ACEView/ACEView/Dependencies/ace/src/ext-split.js",
				"${PODS_ROOT}/ACEView/ACEView/Dependencies/ace/src/ext-static_highlight.js",
				"${PODS_ROOT}/ACEView/ACEView/Dependencies/ace/src/ext-statusbar.js",
				"${PODS_ROOT}/ACEView/ACEView/Dependencies/ace/src/ext-textarea.js",
				"${PODS_ROOT}/ACEView/ACEView/Dependencies/ace/src/ext-themelist.js",
				"${PODS_ROOT}/ACEView/ACEView/Dependencies/ace/src/ext-whitespace.js",
				"${PODS_ROOT}/ACEView/ACEView/Dependencies/ace/src/keybinding-emacs.js",
				"${PODS_ROOT}/ACEView/ACEView/Dependencies/ace/src/keybinding-vim.js",
				"${PODS_ROOT}/ACEView/ACEView/Dependencies/ace/src/mode-abap.js",
				"${PODS_ROOT}/ACEView/ACEView/Dependencies/ace/src/mode-actionscript.js",
				"${PODS_ROOT}/ACEView/ACEView/Dependencies/ace/src/mode-ada.js",
				"${PODS_ROOT}/ACEView/ACEView/Dependencies/ace/src/mode-apache_conf.js",
				"${PODS_ROOT}/ACEView/ACEView/Dependencies/ace/src/mode-applescript.js",
				"${PODS_ROOT}/ACEView/ACEView/Dependencies/ace/src/mode-asciidoc.js",
				"${PODS_ROOT}/ACEView/ACEView/Dependencies/ace/src/mode-assembly_x86.js",
				"${PODS_ROOT}/ACEView/ACEView/Dependencies/ace/src/mode-autohotkey.js",
				"${PODS_ROOT}/ACEView/ACEView/Dependencies/ace/src/mode-batchfile.js",
				"${PODS_ROOT}/ACEView/ACEView/Dependencies/ace/src/mode-c9search.js",
				"${PODS_ROOT}/ACEView/ACEView/Dependencies/ace/src/mode-cirru.js",
				"${PODS_ROOT}/ACEView/ACEView/Dependencies/ace/src/mode-clojure.js",
				"${PODS_ROOT}/ACEView/ACEView/Dependencies/ace/src/mode-cobol.js",
				"${PODS_ROOT}/ACEView/ACEView/Dependencies/ace/src/mode-coffee.js",
				"${PODS_ROOT}/ACEView/ACEView/Dependencies/ace/src/mode-coldfusion.js",
				"${PODS_ROOT}/ACEView/ACEView/Dependencies/ace/src/mode-csharp.js",
				"${PODS_ROOT}/ACEView/ACEView/Dependencies/ace/src/mode-css.js",
				"${PODS_ROOT}/ACEView/ACEView/Dependencies/ace/src/mode-curly.js",
				"${PODS_ROOT}/ACEView/ACEView/Dependencies/ace/src/mode-c_cpp.js",
				"${PODS_ROOT}/ACEView/ACEView/Dependencies/ace/src/mode-d.js",
				"${PODS_ROOT}/ACEView/ACEView/Dependencies/ace/src/mode-dart.js",
				"${PODS_ROOT}/ACEView/ACEView/Dependencies/ace/src/mode-diff.js",
				"${PODS_ROOT}/ACEView/ACEView/Dependencies/ace/src/mode-django.js",
				"${PODS_ROOT}/ACEView/ACEView/Dependencies/ace/src/mode-dockerfile.js",
				"${PODS_ROOT}/ACEView/ACEView/Dependencies/ace/src/mode-dot.js",
				"${PODS_ROOT}/ACEView/ACEView/Dependencies/ace/src/mode-eiffel.js",
				"${PODS_ROOT}/ACEView/ACEView/Dependencies/ace/src/mode-ejs.js",
				"${PODS_ROOT}/ACEView/ACEView/Dependencies/ace/src/mode-elixir.js",
				"${PODS_ROOT}/ACEView/ACEView/Dependencies/ace/src/mode-elm.js",
				"${PODS_ROOT}/ACEView/ACEView/Dependencies/ace/src/mode-erlang.js",
				"${PODS_ROOT}/ACEView/ACEView/Dependencies/ace/src/mode-forth.js",
				"${PODS_ROOT}/ACEView/ACEView/Dependencies/ace/src/mode-ftl.js",
				"${PODS_ROOT}/ACEView/ACEView/Dependencies/ace/src/mode-gcode.js",
				"${PODS_ROOT}/ACEView/ACEView/Dependencies/ace/src/mode-gherkin.js",
				"${PODS_ROOT}/ACEView/ACEView/Dependencies/ace/src/mode-gitignore.js",
				"${PODS_ROOT}/ACEView/ACEView/Dependencies/ace/src/mode-glsl.js",
				"${PODS_ROOT}/ACEView/ACEView/Dependencies/ace/src/mode-golang.js",
				"${PODS_ROOT}/ACEView/ACEView/Dependencies/ace/src/mode-groovy.js",
				"${PODS_ROOT}/ACEView/ACEView/Dependencies/ace/src/mode-haml.js",
				"${PODS_ROOT}/ACEView/ACEView/Dependencies/ace/src/mode-handlebars.js",
				"${PODS_ROOT}/ACEView/ACEView/Dependencies/ace/src/mode-haskell.js",
				"${PODS_ROOT}/ACEView/ACEView/Dependencies/ace/src/mode-haxe.js",
				"${PODS_ROOT}/ACEView/ACEView/Dependencies/ace/src/mode-html.js",
				"${PODS_ROOT}/ACEView/ACEView/Dependencies/ace/src/mode-html_ruby.js",
				"${PODS_ROOT}/ACEView/ACEView/Dependencies/ace/src/mode-ini.js",
				"${PODS_ROOT}/ACEView/ACEView/Dependencies/ace/src/mode-io.js",
				"${PODS_ROOT}/ACEView/ACEView/Dependencies/ace/src/mode-jack.js",
				"${PODS_ROOT}/ACEView/ACEView/Dependencies/ace/src/mode-jade.js",
				"${PODS_ROOT}/ACEView/ACEView/Dependencies/ace/src/mode-java.js",
				"${PODS_ROOT}/ACEView/ACEView/Dependencies/ace/src/mode-javascript.js",
				"${PODS_ROOT}/ACEView/ACEView/Dependencies/ace/src/mode-json.js",
				"${PODS_ROOT}/ACEView/ACEView/Dependencies/ace/src/mode-jsoniq.js",
				"${PODS_ROOT}/ACEView/ACEView/Dependencies/ace/src/mode-jsp.js",
				"${PODS_ROOT}/ACEView/ACEView/Dependencies/ace/src/mode-jsx.js",
				"${PODS_ROOT}/ACEView/ACEView/Dependencies/ace/src/mode-julia.js",
				"${PODS_ROOT}/ACEView/ACEView/Dependencies/ace/src/mode-latex.js",
				"${PODS_ROOT}/ACEView/ACEView/Dependencies/ace/src/mode-less.js",
				"${PODS_ROOT}/ACEView/ACEView/Dependencies/ace/src/mode-liquid.js",
				"${PODS_ROOT}/ACEView/ACEView/Dependencies/ace/src/mode-lisp.js",
				"${PODS_ROOT}/ACEView/ACEView/Dependencies/ace/src/mode-livescript.js",
				"${PODS_ROOT}/ACEView/ACEView/Dependencies/ace/src/mode-logiql.js",
				"${PODS_ROOT}/ACEView/ACEView/Dependencies/ace/src/mode-lsl.js",
				"${PODS_ROOT}/ACEView/ACEView/Dependencies/ace/src/mode-lua.js",
				"${PODS_ROOT}/ACEView/ACEView/Dependencies/ace/src/mode-luapage.js",
				"${PODS_ROOT}/ACEView/ACEView/Dependencies/ace/src/mode-lucene.js",
				"${PODS_ROOT}/ACEView/ACEView/Dependencies/ace/src/mode-makefile.js",
				"${PODS_ROOT}/ACEView/ACEView/Dependencies/ace/src/mode-markdown.js",
				"${PODS_ROOT}/ACEView/ACEView/Dependencies/ace/src/mode-mask.js",
				"${PODS_ROOT}/ACEView/ACEView/Dependencies/ace/src/mode-matlab.js",
				"${PODS_ROOT}/ACEView/ACEView/Dependencies/ace/src/mode-mel.js",
				"${PODS_ROOT}/ACEView/ACEView/Dependencies/ace/src/mode-mushcode.js",
				"${PODS_ROOT}/ACEView/ACEView/Dependencies/ace/src/mode-mysql.js",
				"${PODS_ROOT}/ACEView/ACEView/Dependencies/ace/src/mode-nix.js",
				"${PODS_ROOT}/ACEView/ACEView/Dependencies/ace/src/mode-objectivec.js",
				"${PODS_ROOT}/ACEView/ACEView/Dependencies/ace/src/mode-ocaml.js",
				"${PODS_ROOT}/ACEView/ACEView/Dependencies/ace/src/mode-pascal.js",
				"${PODS_ROOT}/ACEView/ACEView/Dependencies/ace/src/mode-perl.js",
				"${PODS_ROOT}/ACEView/ACEView/Dependencies/ace/src/mode-pgsql.js",
				"${PODS_ROOT}/ACEView/ACEView/Dependencies/ace/src/mode-php.js",
				"${PODS_ROOT}/ACEView/ACEView/Dependencies/ace/src/mode-plain_text.js",
				"${PODS_ROOT}/ACEView/ACEView/Dependencies/ace/src/mode-powershell.js",
				"${PODS_ROOT}/ACEView/ACEView/Dependencies/ace/src/mode-praat.js",
				"${PODS_ROOT}/ACEView/ACEView/Dependencies/ace/src/mode-prolog.js",
				"${PODS_ROOT}/ACEView/ACEView/Dependencies/ace/src/mode-properties.js",
				"${PODS_ROOT}/ACEView/ACEView/Dependencies/ace/src/mode-protobuf.js",
				"${PODS_ROOT}/ACEView/ACEView/Dependencies/ace/src/mode-python.js",
				"${PODS_ROOT}/ACEView/ACEView/Dependencies/ace/src/mode-r.js",
				"${PODS_ROOT}/ACEView/ACEView/Dependencies/ace/src/mode-rdoc.js",
				"${PODS_ROOT}/ACEView/ACEView/Dependencies/ace/src/mode-rhtml.js",
				"${PODS_ROOT}/ACEView/ACEView/Dependencies/ace/src/mode-ruby.js",
				"${PODS_ROOT}/ACEView/ACEView/Dependencies/ace/src/mode-rust.js",
				"${PODS_ROOT}/ACEView/ACEView/Dependencies/ace/src/mode-sass.js",
				"${PODS_ROOT}/ACEView/ACEView/Dependencies/ace/src/mode-scad.js",
				"${PODS_ROOT}/ACEView/ACEView/Dependencies/ace/src/mode-scala.js",
				"${PODS_ROOT}/ACEView/ACEView/Dependencies/ace/src/mode-scheme.js",
				"${PODS_ROOT}/ACEView/ACEView/Dependencies/ace/src/mode-scss.js",
				"${PODS_ROOT}/ACEView/ACEView/Dependencies/ace/src/mode-sh.js",
				"${PODS_ROOT}/ACEView/ACEView/Dependencies/ace/src/mode-sjs.js",
				"${PODS_ROOT}/ACEView/ACEView/Dependencies/ace/src/mode-smarty.js",
				"${PODS_ROOT}/ACEView/ACEView/Dependencies/ace/src/mode-snippets.js",
				"${PODS_ROOT}/ACEView/ACEView/Dependencies/ace/src/mode-soy_template.js",
				"${PODS_ROOT}/ACEView/ACEView/Dependencies/ace/src/mode-space.js",
				"${PODS_ROOT}/ACEView/ACEView/Dependencies/ace/src/mode-sql.js",
				"${PODS_ROOT}/ACEView/ACEView/Dependencies/ace/src/mode-stylus.js",
				"${PODS_ROOT}/ACEView/ACEView/Dependencies/ace/src/mode-svg.js",
				"${PODS_ROOT}/ACEView/ACEView/Dependencies/ace/src/mode-tcl.js",
				"${PODS_ROOT}/ACEView/ACEView/Dependencies/ace/src/mode-tex.js",
				"${PODS_ROOT}/ACEView/ACEView/Dependencies/ace/src/mode-text.js",
				"${PODS_ROOT}/ACEView/ACEView/Dependencies/ace/src/mode-textile.js",
				"${PODS_ROOT}/ACEView/ACEView/Dependencies/ace/src/mode-toml.js",
				"${PODS_ROOT}/ACEView/ACEView/Dependencies/ace/src/mode-twig.js",
				"${PODS_ROOT}/ACEView/ACEView/Dependencies/ace/src/mode-typescript.js",
				"${PODS_ROOT}/ACEView/ACEView/Dependencies/ace/src/mode-vala.js",
				"${PODS_ROOT}/ACEView/ACEView/Dependencies/ace/src/mode-vbscript.js",
				"${PODS_ROOT}/ACEView/ACEView/Dependencies/ace/src/mode-velocity.js",
				"${PODS_ROOT}/ACEView/ACEView/Dependencies/ace/src/mode-verilog.js",
				"${PODS_ROOT}/ACEView/ACEView/Dependencies/ace/src/mode-vhdl.js",
				"${PODS_ROOT}/ACEView/ACEView/Dependencies/ace/src/mode-xml.js",
				"${PODS_ROOT}/ACEView/ACEView/Dependencies/ace/src/mode-xquery.js",
				"${PODS_ROOT}/ACEView/ACEView/Dependencies/ace/src/mode-yaml.js",
				"${PODS_ROOT}/ACEView/ACEView/Dependencies/ace/src/theme-ambiance.js",
				"${PODS_ROOT}/ACEView/ACEView/Dependencies/ace/src/theme-chaos.js",
				"${PODS_ROOT}/ACEView/ACEView/Dependencies/ace/src/theme-chrome.js",
				"${PODS_ROOT}/ACEView/ACEView/Dependencies/ace/src/theme-clouds.js",
				"${PODS_ROOT}/ACEView/ACEView/Dependencies/ace/src/theme-clouds_midnight.js",
				"${PODS_ROOT}/ACEView/ACEView/Dependencies/ace/src/theme-cobalt.js",
				"${PODS_ROOT}/ACEView/ACEView/Dependencies/ace/src/theme-crimson_editor.js",
				"${PODS_ROOT}/ACEView/ACEView/Dependencies/ace/src/theme-dawn.js",
				"${PODS_ROOT}/ACEView/ACEView/Dependencies/ace/src/theme-dreamweaver.js",
				"${PODS_ROOT}/ACEView/ACEView/Dependencies/ace/src/theme-eclipse.js",
				"${PODS_ROOT}/ACEView/ACEView/Dependencies/ace/src/theme-github.js",
				"${PODS_ROOT}/ACEView/ACEView/Dependencies/ace/src/theme-idle_fingers.js",
				"${PODS_ROOT}/ACEView/ACEView/Dependencies/ace/src/theme-katzenmilch.js",
				"${PODS_ROOT}/ACEView/ACEView/Dependencies/ace/src/theme-kr_theme.js",
				"${PODS_ROOT}/ACEView/ACEView/Dependencies/ace/src/theme-kuroir.js",
				"${PODS_ROOT}/ACEView/ACEView/Dependencies/ace/src/theme-merbivore.js",
				"${PODS_ROOT}/ACEView/ACEView/Dependencies/ace/src/theme-merbivore_soft.js",
				"${PODS_ROOT}/ACEView/ACEView/Dependencies/ace/src/theme-monokai.js",
				"${PODS_ROOT}/ACEView/ACEView/Dependencies/ace/src/theme-mono_industrial.js",
				"${PODS_ROOT}/ACEView/ACEView/Dependencies/ace/src/theme-pastel_on_dark.js",
				"${PODS_ROOT}/ACEView/ACEView/Dependencies/ace/src/theme-solarized_dark.js",
				"${PODS_ROOT}/ACEView/ACEView/Dependencies/ace/src/theme-solarized_light.js",
				"${PODS_ROOT}/ACEView/ACEView/Dependencies/ace/src/theme-terminal.js",
				"${PODS_ROOT}/ACEView/ACEView/Dependencies/ace/src/theme-textmate.js",
				"${PODS_ROOT}/ACEView/ACEView/Dependencies/ace/src/theme-tomorrow.js",
				"${PODS_ROOT}/ACEView/ACEView/Dependencies/ace/src/theme-tomorrow_night.js",
				"${PODS_ROOT}/ACEView/ACEView/Dependencies/ace/src/theme-tomorrow_night_blue.js",
				"${PODS_ROOT}/ACEView/ACEView/Dependencies/ace/src/theme-tomorrow_night_bright.js",
				"${PODS_ROOT}/ACEView/ACEView/Dependencies/ace/src/theme-tomorrow_night_eighties.js",
				"${PODS_ROOT}/ACEView/ACEView/Dependencies/ace/src/theme-twilight.js",
				"${PODS_ROOT}/ACEView/ACEView/Dependencies/ace/src/theme-vibrant_ink.js",
				"${PODS_ROOT}/ACEView/ACEView/Dependencies/ace/src/theme-xcode.js",
				"${PODS_ROOT}/ACEView/ACEView/Dependencies/ace/src/worker-coffee.js",
				"${PODS_ROOT}/ACEView/ACEView/Dependencies/ace/src/worker-css.js",
				"${PODS_ROOT}/ACEView/ACEView/Dependencies/ace/src/worker-html.js",
				"${PODS_ROOT}/ACEView/ACEView/Dependencies/ace/src/worker-javascript.js",
				"${PODS_ROOT}/ACEView/ACEView/Dependencies/ace/src/worker-json.js",
				"${PODS_ROOT}/ACEView/ACEView/Dependencies/ace/src/worker-lua.js",
				"${PODS_ROOT}/ACEView/ACEView/Dependencies/ace/src/worker-php.js",
				"${PODS_ROOT}/ACEView/ACEView/Dependencies/ace/src/worker-xquery.js",
				"${PODS_ROOT}/ACEView/ACEView/HTML/index.html",
			);
			name = "[CP] Copy Pods Resources";
			outputPaths = (
				"${TARGET_BUILD_DIR}/${UNLOCALIZED_RESOURCES_FOLDER_PATH}/ace.js",
				"${TARGET_BUILD_DIR}/${UNLOCALIZED_RESOURCES_FOLDER_PATH}/ext-beautify.js",
				"${TARGET_BUILD_DIR}/${UNLOCALIZED_RESOURCES_FOLDER_PATH}/ext-chromevox.js",
				"${TARGET_BUILD_DIR}/${UNLOCALIZED_RESOURCES_FOLDER_PATH}/ext-elastic_tabstops_lite.js",
				"${TARGET_BUILD_DIR}/${UNLOCALIZED_RESOURCES_FOLDER_PATH}/ext-emmet.js",
				"${TARGET_BUILD_DIR}/${UNLOCALIZED_RESOURCES_FOLDER_PATH}/ext-error_marker.js",
				"${TARGET_BUILD_DIR}/${UNLOCALIZED_RESOURCES_FOLDER_PATH}/ext-keybinding_menu.js",
				"${TARGET_BUILD_DIR}/${UNLOCALIZED_RESOURCES_FOLDER_PATH}/ext-language_tools.js",
				"${TARGET_BUILD_DIR}/${UNLOCALIZED_RESOURCES_FOLDER_PATH}/ext-linking.js",
				"${TARGET_BUILD_DIR}/${UNLOCALIZED_RESOURCES_FOLDER_PATH}/ext-modelist.js",
				"${TARGET_BUILD_DIR}/${UNLOCALIZED_RESOURCES_FOLDER_PATH}/ext-old_ie.js",
				"${TARGET_BUILD_DIR}/${UNLOCALIZED_RESOURCES_FOLDER_PATH}/ext-searchbox.js",
				"${TARGET_BUILD_DIR}/${UNLOCALIZED_RESOURCES_FOLDER_PATH}/ext-settings_menu.js",
				"${TARGET_BUILD_DIR}/${UNLOCALIZED_RESOURCES_FOLDER_PATH}/ext-spellcheck.js",
				"${TARGET_BUILD_DIR}/${UNLOCALIZED_RESOURCES_FOLDER_PATH}/ext-split.js",
				"${TARGET_BUILD_DIR}/${UNLOCALIZED_RESOURCES_FOLDER_PATH}/ext-static_highlight.js",
				"${TARGET_BUILD_DIR}/${UNLOCALIZED_RESOURCES_FOLDER_PATH}/ext-statusbar.js",
				"${TARGET_BUILD_DIR}/${UNLOCALIZED_RESOURCES_FOLDER_PATH}/ext-textarea.js",
				"${TARGET_BUILD_DIR}/${UNLOCALIZED_RESOURCES_FOLDER_PATH}/ext-themelist.js",
				"${TARGET_BUILD_DIR}/${UNLOCALIZED_RESOURCES_FOLDER_PATH}/ext-whitespace.js",
				"${TARGET_BUILD_DIR}/${UNLOCALIZED_RESOURCES_FOLDER_PATH}/keybinding-emacs.js",
				"${TARGET_BUILD_DIR}/${UNLOCALIZED_RESOURCES_FOLDER_PATH}/keybinding-vim.js",
				"${TARGET_BUILD_DIR}/${UNLOCALIZED_RESOURCES_FOLDER_PATH}/mode-abap.js",
				"${TARGET_BUILD_DIR}/${UNLOCALIZED_RESOURCES_FOLDER_PATH}/mode-actionscript.js",
				"${TARGET_BUILD_DIR}/${UNLOCALIZED_RESOURCES_FOLDER_PATH}/mode-ada.js",
				"${TARGET_BUILD_DIR}/${UNLOCALIZED_RESOURCES_FOLDER_PATH}/mode-apache_conf.js",
				"${TARGET_BUILD_DIR}/${UNLOCALIZED_RESOURCES_FOLDER_PATH}/mode-applescript.js",
				"${TARGET_BUILD_DIR}/${UNLOCALIZED_RESOURCES_FOLDER_PATH}/mode-asciidoc.js",
				"${TARGET_BUILD_DIR}/${UNLOCALIZED_RESOURCES_FOLDER_PATH}/mode-assembly_x86.js",
				"${TARGET_BUILD_DIR}/${UNLOCALIZED_RESOURCES_FOLDER_PATH}/mode-autohotkey.js",
				"${TARGET_BUILD_DIR}/${UNLOCALIZED_RESOURCES_FOLDER_PATH}/mode-batchfile.js",
				"${TARGET_BUILD_DIR}/${UNLOCALIZED_RESOURCES_FOLDER_PATH}/mode-c9search.js",
				"${TARGET_BUILD_DIR}/${UNLOCALIZED_RESOURCES_FOLDER_PATH}/mode-cirru.js",
				"${TARGET_BUILD_DIR}/${UNLOCALIZED_RESOURCES_FOLDER_PATH}/mode-clojure.js",
				"${TARGET_BUILD_DIR}/${UNLOCALIZED_RESOURCES_FOLDER_PATH}/mode-cobol.js",
				"${TARGET_BUILD_DIR}/${UNLOCALIZED_RESOURCES_FOLDER_PATH}/mode-coffee.js",
				"${TARGET_BUILD_DIR}/${UNLOCALIZED_RESOURCES_FOLDER_PATH}/mode-coldfusion.js",
				"${TARGET_BUILD_DIR}/${UNLOCALIZED_RESOURCES_FOLDER_PATH}/mode-csharp.js",
				"${TARGET_BUILD_DIR}/${UNLOCALIZED_RESOURCES_FOLDER_PATH}/mode-css.js",
				"${TARGET_BUILD_DIR}/${UNLOCALIZED_RESOURCES_FOLDER_PATH}/mode-curly.js",
				"${TARGET_BUILD_DIR}/${UNLOCALIZED_RESOURCES_FOLDER_PATH}/mode-c_cpp.js",
				"${TARGET_BUILD_DIR}/${UNLOCALIZED_RESOURCES_FOLDER_PATH}/mode-d.js",
				"${TARGET_BUILD_DIR}/${UNLOCALIZED_RESOURCES_FOLDER_PATH}/mode-dart.js",
				"${TARGET_BUILD_DIR}/${UNLOCALIZED_RESOURCES_FOLDER_PATH}/mode-diff.js",
				"${TARGET_BUILD_DIR}/${UNLOCALIZED_RESOURCES_FOLDER_PATH}/mode-django.js",
				"${TARGET_BUILD_DIR}/${UNLOCALIZED_RESOURCES_FOLDER_PATH}/mode-dockerfile.js",
				"${TARGET_BUILD_DIR}/${UNLOCALIZED_RESOURCES_FOLDER_PATH}/mode-dot.js",
				"${TARGET_BUILD_DIR}/${UNLOCALIZED_RESOURCES_FOLDER_PATH}/mode-eiffel.js",
				"${TARGET_BUILD_DIR}/${UNLOCALIZED_RESOURCES_FOLDER_PATH}/mode-ejs.js",
				"${TARGET_BUILD_DIR}/${UNLOCALIZED_RESOURCES_FOLDER_PATH}/mode-elixir.js",
				"${TARGET_BUILD_DIR}/${UNLOCALIZED_RESOURCES_FOLDER_PATH}/mode-elm.js",
				"${TARGET_BUILD_DIR}/${UNLOCALIZED_RESOURCES_FOLDER_PATH}/mode-erlang.js",
				"${TARGET_BUILD_DIR}/${UNLOCALIZED_RESOURCES_FOLDER_PATH}/mode-forth.js",
				"${TARGET_BUILD_DIR}/${UNLOCALIZED_RESOURCES_FOLDER_PATH}/mode-ftl.js",
				"${TARGET_BUILD_DIR}/${UNLOCALIZED_RESOURCES_FOLDER_PATH}/mode-gcode.js",
				"${TARGET_BUILD_DIR}/${UNLOCALIZED_RESOURCES_FOLDER_PATH}/mode-gherkin.js",
				"${TARGET_BUILD_DIR}/${UNLOCALIZED_RESOURCES_FOLDER_PATH}/mode-gitignore.js",
				"${TARGET_BUILD_DIR}/${UNLOCALIZED_RESOURCES_FOLDER_PATH}/mode-glsl.js",
				"${TARGET_BUILD_DIR}/${UNLOCALIZED_RESOURCES_FOLDER_PATH}/mode-golang.js",
				"${TARGET_BUILD_DIR}/${UNLOCALIZED_RESOURCES_FOLDER_PATH}/mode-groovy.js",
				"${TARGET_BUILD_DIR}/${UNLOCALIZED_RESOURCES_FOLDER_PATH}/mode-haml.js",
				"${TARGET_BUILD_DIR}/${UNLOCALIZED_RESOURCES_FOLDER_PATH}/mode-handlebars.js",
				"${TARGET_BUILD_DIR}/${UNLOCALIZED_RESOURCES_FOLDER_PATH}/mode-haskell.js",
				"${TARGET_BUILD_DIR}/${UNLOCALIZED_RESOURCES_FOLDER_PATH}/mode-haxe.js",
				"${TARGET_BUILD_DIR}/${UNLOCALIZED_RESOURCES_FOLDER_PATH}/mode-html.js",
				"${TARGET_BUILD_DIR}/${UNLOCALIZED_RESOURCES_FOLDER_PATH}/mode-html_ruby.js",
				"${TARGET_BUILD_DIR}/${UNLOCALIZED_RESOURCES_FOLDER_PATH}/mode-ini.js",
				"${TARGET_BUILD_DIR}/${UNLOCALIZED_RESOURCES_FOLDER_PATH}/mode-io.js",
				"${TARGET_BUILD_DIR}/${UNLOCALIZED_RESOURCES_FOLDER_PATH}/mode-jack.js",
				"${TARGET_BUILD_DIR}/${UNLOCALIZED_RESOURCES_FOLDER_PATH}/mode-jade.js",
				"${TARGET_BUILD_DIR}/${UNLOCALIZED_RESOURCES_FOLDER_PATH}/mode-java.js",
				"${TARGET_BUILD_DIR}/${UNLOCALIZED_RESOURCES_FOLDER_PATH}/mode-javascript.js",
				"${TARGET_BUILD_DIR}/${UNLOCALIZED_RESOURCES_FOLDER_PATH}/mode-json.js",
				"${TARGET_BUILD_DIR}/${UNLOCALIZED_RESOURCES_FOLDER_PATH}/mode-jsoniq.js",
				"${TARGET_BUILD_DIR}/${UNLOCALIZED_RESOURCES_FOLDER_PATH}/mode-jsp.js",
				"${TARGET_BUILD_DIR}/${UNLOCALIZED_RESOURCES_FOLDER_PATH}/mode-jsx.js",
				"${TARGET_BUILD_DIR}/${UNLOCALIZED_RESOURCES_FOLDER_PATH}/mode-julia.js",
				"${TARGET_BUILD_DIR}/${UNLOCALIZED_RESOURCES_FOLDER_PATH}/mode-latex.js",
				"${TARGET_BUILD_DIR}/${UNLOCALIZED_RESOURCES_FOLDER_PATH}/mode-less.js",
				"${TARGET_BUILD_DIR}/${UNLOCALIZED_RESOURCES_FOLDER_PATH}/mode-liquid.js",
				"${TARGET_BUILD_DIR}/${UNLOCALIZED_RESOURCES_FOLDER_PATH}/mode-lisp.js",
				"${TARGET_BUILD_DIR}/${UNLOCALIZED_RESOURCES_FOLDER_PATH}/mode-livescript.js",
				"${TARGET_BUILD_DIR}/${UNLOCALIZED_RESOURCES_FOLDER_PATH}/mode-logiql.js",
				"${TARGET_BUILD_DIR}/${UNLOCALIZED_RESOURCES_FOLDER_PATH}/mode-lsl.js",
				"${TARGET_BUILD_DIR}/${UNLOCALIZED_RESOURCES_FOLDER_PATH}/mode-lua.js",
				"${TARGET_BUILD_DIR}/${UNLOCALIZED_RESOURCES_FOLDER_PATH}/mode-luapage.js",
				"${TARGET_BUILD_DIR}/${UNLOCALIZED_RESOURCES_FOLDER_PATH}/mode-lucene.js",
				"${TARGET_BUILD_DIR}/${UNLOCALIZED_RESOURCES_FOLDER_PATH}/mode-makefile.js",
				"${TARGET_BUILD_DIR}/${UNLOCALIZED_RESOURCES_FOLDER_PATH}/mode-markdown.js",
				"${TARGET_BUILD_DIR}/${UNLOCALIZED_RESOURCES_FOLDER_PATH}/mode-mask.js",
				"${TARGET_BUILD_DIR}/${UNLOCALIZED_RESOURCES_FOLDER_PATH}/mode-matlab.js",
				"${TARGET_BUILD_DIR}/${UNLOCALIZED_RESOURCES_FOLDER_PATH}/mode-mel.js",
				"${TARGET_BUILD_DIR}/${UNLOCALIZED_RESOURCES_FOLDER_PATH}/mode-mushcode.js",
				"${TARGET_BUILD_DIR}/${UNLOCALIZED_RESOURCES_FOLDER_PATH}/mode-mysql.js",
				"${TARGET_BUILD_DIR}/${UNLOCALIZED_RESOURCES_FOLDER_PATH}/mode-nix.js",
				"${TARGET_BUILD_DIR}/${UNLOCALIZED_RESOURCES_FOLDER_PATH}/mode-objectivec.js",
				"${TARGET_BUILD_DIR}/${UNLOCALIZED_RESOURCES_FOLDER_PATH}/mode-ocaml.js",
				"${TARGET_BUILD_DIR}/${UNLOCALIZED_RESOURCES_FOLDER_PATH}/mode-pascal.js",
				"${TARGET_BUILD_DIR}/${UNLOCALIZED_RESOURCES_FOLDER_PATH}/mode-perl.js",
				"${TARGET_BUILD_DIR}/${UNLOCALIZED_RESOURCES_FOLDER_PATH}/mode-pgsql.js",
				"${TARGET_BUILD_DIR}/${UNLOCALIZED_RESOURCES_FOLDER_PATH}/mode-php.js",
				"${TARGET_BUILD_DIR}/${UNLOCALIZED_RESOURCES_FOLDER_PATH}/mode-plain_text.js",
				"${TARGET_BUILD_DIR}/${UNLOCALIZED_RESOURCES_FOLDER_PATH}/mode-powershell.js",
				"${TARGET_BUILD_DIR}/${UNLOCALIZED_RESOURCES_FOLDER_PATH}/mode-praat.js",
				"${TARGET_BUILD_DIR}/${UNLOCALIZED_RESOURCES_FOLDER_PATH}/mode-prolog.js",
				"${TARGET_BUILD_DIR}/${UNLOCALIZED_RESOURCES_FOLDER_PATH}/mode-properties.js",
				"${TARGET_BUILD_DIR}/${UNLOCALIZED_RESOURCES_FOLDER_PATH}/mode-protobuf.js",
				"${TARGET_BUILD_DIR}/${UNLOCALIZED_RESOURCES_FOLDER_PATH}/mode-python.js",
				"${TARGET_BUILD_DIR}/${UNLOCALIZED_RESOURCES_FOLDER_PATH}/mode-r.js",
				"${TARGET_BUILD_DIR}/${UNLOCALIZED_RESOURCES_FOLDER_PATH}/mode-rdoc.js",
				"${TARGET_BUILD_DIR}/${UNLOCALIZED_RESOURCES_FOLDER_PATH}/mode-rhtml.js",
				"${TARGET_BUILD_DIR}/${UNLOCALIZED_RESOURCES_FOLDER_PATH}/mode-ruby.js",
				"${TARGET_BUILD_DIR}/${UNLOCALIZED_RESOURCES_FOLDER_PATH}/mode-rust.js",
				"${TARGET_BUILD_DIR}/${UNLOCALIZED_RESOURCES_FOLDER_PATH}/mode-sass.js",
				"${TARGET_BUILD_DIR}/${UNLOCALIZED_RESOURCES_FOLDER_PATH}/mode-scad.js",
				"${TARGET_BUILD_DIR}/${UNLOCALIZED_RESOURCES_FOLDER_PATH}/mode-scala.js",
				"${TARGET_BUILD_DIR}/${UNLOCALIZED_RESOURCES_FOLDER_PATH}/mode-scheme.js",
				"${TARGET_BUILD_DIR}/${UNLOCALIZED_RESOURCES_FOLDER_PATH}/mode-scss.js",
				"${TARGET_BUILD_DIR}/${UNLOCALIZED_RESOURCES_FOLDER_PATH}/mode-sh.js",
				"${TARGET_BUILD_DIR}/${UNLOCALIZED_RESOURCES_FOLDER_PATH}/mode-sjs.js",
				"${TARGET_BUILD_DIR}/${UNLOCALIZED_RESOURCES_FOLDER_PATH}/mode-smarty.js",
				"${TARGET_BUILD_DIR}/${UNLOCALIZED_RESOURCES_FOLDER_PATH}/mode-snippets.js",
				"${TARGET_BUILD_DIR}/${UNLOCALIZED_RESOURCES_FOLDER_PATH}/mode-soy_template.js",
				"${TARGET_BUILD_DIR}/${UNLOCALIZED_RESOURCES_FOLDER_PATH}/mode-space.js",
				"${TARGET_BUILD_DIR}/${UNLOCALIZED_RESOURCES_FOLDER_PATH}/mode-sql.js",
				"${TARGET_BUILD_DIR}/${UNLOCALIZED_RESOURCES_FOLDER_PATH}/mode-stylus.js",
				"${TARGET_BUILD_DIR}/${UNLOCALIZED_RESOURCES_FOLDER_PATH}/mode-svg.js",
				"${TARGET_BUILD_DIR}/${UNLOCALIZED_RESOURCES_FOLDER_PATH}/mode-tcl.js",
				"${TARGET_BUILD_DIR}/${UNLOCALIZED_RESOURCES_FOLDER_PATH}/mode-tex.js",
				"${TARGET_BUILD_DIR}/${UNLOCALIZED_RESOURCES_FOLDER_PATH}/mode-text.js",
				"${TARGET_BUILD_DIR}/${UNLOCALIZED_RESOURCES_FOLDER_PATH}/mode-textile.js",
				"${TARGET_BUILD_DIR}/${UNLOCALIZED_RESOURCES_FOLDER_PATH}/mode-toml.js",
				"${TARGET_BUILD_DIR}/${UNLOCALIZED_RESOURCES_FOLDER_PATH}/mode-twig.js",
				"${TARGET_BUILD_DIR}/${UNLOCALIZED_RESOURCES_FOLDER_PATH}/mode-typescript.js",
				"${TARGET_BUILD_DIR}/${UNLOCALIZED_RESOURCES_FOLDER_PATH}/mode-vala.js",
				"${TARGET_BUILD_DIR}/${UNLOCALIZED_RESOURCES_FOLDER_PATH}/mode-vbscript.js",
				"${TARGET_BUILD_DIR}/${UNLOCALIZED_RESOURCES_FOLDER_PATH}/mode-velocity.js",
				"${TARGET_BUILD_DIR}/${UNLOCALIZED_RESOURCES_FOLDER_PATH}/mode-verilog.js",
				"${TARGET_BUILD_DIR}/${UNLOCALIZED_RESOURCES_FOLDER_PATH}/mode-vhdl.js",
				"${TARGET_BUILD_DIR}/${UNLOCALIZED_RESOURCES_FOLDER_PATH}/mode-xml.js",
				"${TARGET_BUILD_DIR}/${UNLOCALIZED_RESOURCES_FOLDER_PATH}/mode-xquery.js",
				"${TARGET_BUILD_DIR}/${UNLOCALIZED_RESOURCES_FOLDER_PATH}/mode-yaml.js",
				"${TARGET_BUILD_DIR}/${UNLOCALIZED_RESOURCES_FOLDER_PATH}/theme-ambiance.js",
				"${TARGET_BUILD_DIR}/${UNLOCALIZED_RESOURCES_FOLDER_PATH}/theme-chaos.js",
				"${TARGET_BUILD_DIR}/${UNLOCALIZED_RESOURCES_FOLDER_PATH}/theme-chrome.js",
				"${TARGET_BUILD_DIR}/${UNLOCALIZED_RESOURCES_FOLDER_PATH}/theme-clouds.js",
				"${TARGET_BUILD_DIR}/${UNLOCALIZED_RESOURCES_FOLDER_PATH}/theme-clouds_midnight.js",
				"${TARGET_BUILD_DIR}/${UNLOCALIZED_RESOURCES_FOLDER_PATH}/theme-cobalt.js",
				"${TARGET_BUILD_DIR}/${UNLOCALIZED_RESOURCES_FOLDER_PATH}/theme-crimson_editor.js",
				"${TARGET_BUILD_DIR}/${UNLOCALIZED_RESOURCES_FOLDER_PATH}/theme-dawn.js",
				"${TARGET_BUILD_DIR}/${UNLOCALIZED_RESOURCES_FOLDER_PATH}/theme-dreamweaver.js",
				"${TARGET_BUILD_DIR}/${UNLOCALIZED_RESOURCES_FOLDER_PATH}/theme-eclipse.js",
				"${TARGET_BUILD_DIR}/${UNLOCALIZED_RESOURCES_FOLDER_PATH}/theme-github.js",
				"${TARGET_BUILD_DIR}/${UNLOCALIZED_RESOURCES_FOLDER_PATH}/theme-idle_fingers.js",
				"${TARGET_BUILD_DIR}/${UNLOCALIZED_RESOURCES_FOLDER_PATH}/theme-katzenmilch.js",
				"${TARGET_BUILD_DIR}/${UNLOCALIZED_RESOURCES_FOLDER_PATH}/theme-kr_theme.js",
				"${TARGET_BUILD_DIR}/${UNLOCALIZED_RESOURCES_FOLDER_PATH}/theme-kuroir.js",
				"${TARGET_BUILD_DIR}/${UNLOCALIZED_RESOURCES_FOLDER_PATH}/theme-merbivore.js",
				"${TARGET_BUILD_DIR}/${UNLOCALIZED_RESOURCES_FOLDER_PATH}/theme-merbivore_soft.js",
				"${TARGET_BUILD_DIR}/${UNLOCALIZED_RESOURCES_FOLDER_PATH}/theme-monokai.js",
				"${TARGET_BUILD_DIR}/${UNLOCALIZED_RESOURCES_FOLDER_PATH}/theme-mono_industrial.js",
				"${TARGET_BUILD_DIR}/${UNLOCALIZED_RESOURCES_FOLDER_PATH}/theme-pastel_on_dark.js",
				"${TARGET_BUILD_DIR}/${UNLOCALIZED_RESOURCES_FOLDER_PATH}/theme-solarized_dark.js",
				"${TARGET_BUILD_DIR}/${UNLOCALIZED_RESOURCES_FOLDER_PATH}/theme-solarized_light.js",
				"${TARGET_BUILD_DIR}/${UNLOCALIZED_RESOURCES_FOLDER_PATH}/theme-terminal.js",
				"${TARGET_BUILD_DIR}/${UNLOCALIZED_RESOURCES_FOLDER_PATH}/theme-textmate.js",
				"${TARGET_BUILD_DIR}/${UNLOCALIZED_RESOURCES_FOLDER_PATH}/theme-tomorrow.js",
				"${TARGET_BUILD_DIR}/${UNLOCALIZED_RESOURCES_FOLDER_PATH}/theme-tomorrow_night.js",
				"${TARGET_BUILD_DIR}/${UNLOCALIZED_RESOURCES_FOLDER_PATH}/theme-tomorrow_night_blue.js",
				"${TARGET_BUILD_DIR}/${UNLOCALIZED_RESOURCES_FOLDER_PATH}/theme-tomorrow_night_bright.js",
				"${TARGET_BUILD_DIR}/${UNLOCALIZED_RESOURCES_FOLDER_PATH}/theme-tomorrow_night_eighties.js",
				"${TARGET_BUILD_DIR}/${UNLOCALIZED_RESOURCES_FOLDER_PATH}/theme-twilight.js",
				"${TARGET_BUILD_DIR}/${UNLOCALIZED_RESOURCES_FOLDER_PATH}/theme-vibrant_ink.js",
				"${TARGET_BUILD_DIR}/${UNLOCALIZED_RESOURCES_FOLDER_PATH}/theme-xcode.js",
				"${TARGET_BUILD_DIR}/${UNLOCALIZED_RESOURCES_FOLDER_PATH}/worker-coffee.js",
				"${TARGET_BUILD_DIR}/${UNLOCALIZED_RESOURCES_FOLDER_PATH}/worker-css.js",
				"${TARGET_BUILD_DIR}/${UNLOCALIZED_RESOURCES_FOLDER_PATH}/worker-html.js",
				"${TARGET_BUILD_DIR}/${UNLOCALIZED_RESOURCES_FOLDER_PATH}/worker-javascript.js",
				"${TARGET_BUILD_DIR}/${UNLOCALIZED_RESOURCES_FOLDER_PATH}/worker-json.js",
				"${TARGET_BUILD_DIR}/${UNLOCALIZED_RESOURCES_FOLDER_PATH}/worker-lua.js",
				"${TARGET_BUILD_DIR}/${UNLOCALIZED_RESOURCES_FOLDER_PATH}/worker-php.js",
				"${TARGET_BUILD_DIR}/${UNLOCALIZED_RESOURCES_FOLDER_PATH}/worker-xquery.js",
				"${TARGET_BUILD_DIR}/${UNLOCALIZED_RESOURCES_FOLDER_PATH}/index.html",
			);
			runOnlyForDeploymentPostprocessing = 0;
			shellPath = /bin/sh;
			shellScript = "\"${SRCROOT}/Pods/Target Support Files/Pods-ManDrake/Pods-ManDrake-resources.sh\"\n";
			showEnvVarsInLog = 0;
		};
		F4296FF91E06C57F002C25C4 /* Set CFBundleVersion to git commit count */ = {
			isa = PBXShellScriptBuildPhase;
			buildActionMask = 2147483647;
			files = (
			);
			inputPaths = (
			);
			name = "Set CFBundleVersion to git commit count";
			outputPaths = (
			);
			runOnlyForDeploymentPostprocessing = 0;
			shellPath = /bin/sh;
			shellScript = "#!/bin/sh\nBUILD_NUMBER=`git rev-list HEAD | wc -l`\n/usr/libexec/PlistBuddy -c \"Set :CFBundleVersion $BUILD_NUMBER\" \"${TARGET_BUILD_DIR}/${INFOPLIST_PATH}\"\nif [ \"$?\" -ne 0 ] ; then\necho \"warning:Error incrementing CFBundleVersion\"\nfi";
		};
		F43557EC1C56AE04009080DC /* Delete Unneded Pods Resources */ = {
			isa = PBXShellScriptBuildPhase;
			buildActionMask = 2147483647;
			files = (
			);
			inputPaths = (
			);
			name = "Delete Unneded Pods Resources";
			outputPaths = (
			);
			runOnlyForDeploymentPostprocessing = 0;
			shellPath = /bin/sh;
			shellScript = "RSRC_DIR=\"${TARGET_BUILD_DIR}/ManDrake.app/Contents/Resources\"\n\nrm ${RSRC_DIR}/worker*.js\nrm ${RSRC_DIR}/mode*.js\n";
		};
/* End PBXShellScriptBuildPhase section */

/* Begin PBXSourcesBuildPhase section */
		F487F4A3141EADEF0093D633 /* Sources */ = {
			isa = PBXSourcesBuildPhase;
			buildActionMask = 2147483647;
			files = (
				F487F4B8141EADEF0093D633 /* main.m in Sources */,
				F45AFBDC1C53B9C000953D8F /* NSWorkspace+Additions.m in Sources */,
				F45AFBD71C51950600953D8F /* CustomACEView.m in Sources */,
				F487F4BF141EADEF0093D633 /* ManDrakeDocument.m in Sources */,
				F487F535141EB2560093D633 /* ManDrakeApplicationDelegate.m in Sources */,
			);
			runOnlyForDeploymentPostprocessing = 0;
		};
/* End PBXSourcesBuildPhase section */

/* Begin XCBuildConfiguration section */
		F487F4C6141EADEF0093D633 /* Debug */ = {
			isa = XCBuildConfiguration;
			buildSettings = {
				ALWAYS_SEARCH_USER_PATHS = NO;
				CLANG_WARN_BLOCK_CAPTURE_AUTORELEASING = YES;
				CLANG_WARN_BOOL_CONVERSION = YES;
				CLANG_WARN_COMMA = YES;
				CLANG_WARN_CONSTANT_CONVERSION = YES;
				CLANG_WARN_DEPRECATED_OBJC_IMPLEMENTATIONS = YES;
				CLANG_WARN_EMPTY_BODY = YES;
				CLANG_WARN_ENUM_CONVERSION = YES;
				CLANG_WARN_INFINITE_RECURSION = YES;
				CLANG_WARN_INT_CONVERSION = YES;
				CLANG_WARN_NON_LITERAL_NULL_CONVERSION = YES;
				CLANG_WARN_OBJC_IMPLICIT_RETAIN_SELF = NO;
				CLANG_WARN_OBJC_LITERAL_CONVERSION = YES;
				CLANG_WARN_RANGE_LOOP_ANALYSIS = YES;
				CLANG_WARN_STRICT_PROTOTYPES = YES;
				CLANG_WARN_SUSPICIOUS_MOVE = YES;
				CLANG_WARN_UNREACHABLE_CODE = YES;
				CLANG_WARN__DUPLICATE_METHOD_MATCH = YES;
				COPY_PHASE_STRIP = NO;
				DEBUG_INFORMATION_FORMAT = "dwarf-with-dsym";
				ENABLE_STRICT_OBJC_MSGSEND = YES;
				ENABLE_TESTABILITY = YES;
				GCC_C_LANGUAGE_STANDARD = gnu99;
				GCC_DYNAMIC_NO_PIC = NO;
				GCC_ENABLE_OBJC_EXCEPTIONS = YES;
				GCC_NO_COMMON_BLOCKS = YES;
				GCC_OPTIMIZATION_LEVEL = 0;
				GCC_SYMBOLS_PRIVATE_EXTERN = YES;
				GCC_VERSION = "";
				GCC_WARN_64_TO_32_BIT_CONVERSION = YES;
				GCC_WARN_ABOUT_MISSING_PROTOTYPES = YES;
				GCC_WARN_ABOUT_RETURN_TYPE = YES;
				GCC_WARN_UNDECLARED_SELECTOR = YES;
				GCC_WARN_UNINITIALIZED_AUTOS = YES;
				GCC_WARN_UNUSED_FUNCTION = YES;
				GCC_WARN_UNUSED_VARIABLE = YES;
				MACOSX_DEPLOYMENT_TARGET = 10.8;
				ONLY_ACTIVE_ARCH = YES;
				SDKROOT = macosx;
				WARNING_CFLAGS = "-Wpartial-availability";
			};
			name = Debug;
		};
		F487F4C7141EADEF0093D633 /* Release */ = {
			isa = XCBuildConfiguration;
			buildSettings = {
				ALWAYS_SEARCH_USER_PATHS = NO;
				CLANG_WARN_BLOCK_CAPTURE_AUTORELEASING = YES;
				CLANG_WARN_BOOL_CONVERSION = YES;
				CLANG_WARN_COMMA = YES;
				CLANG_WARN_CONSTANT_CONVERSION = YES;
				CLANG_WARN_DEPRECATED_OBJC_IMPLEMENTATIONS = YES;
				CLANG_WARN_EMPTY_BODY = YES;
				CLANG_WARN_ENUM_CONVERSION = YES;
				CLANG_WARN_INFINITE_RECURSION = YES;
				CLANG_WARN_INT_CONVERSION = YES;
				CLANG_WARN_NON_LITERAL_NULL_CONVERSION = YES;
				CLANG_WARN_OBJC_IMPLICIT_RETAIN_SELF = NO;
				CLANG_WARN_OBJC_LITERAL_CONVERSION = YES;
				CLANG_WARN_RANGE_LOOP_ANALYSIS = YES;
				CLANG_WARN_STRICT_PROTOTYPES = YES;
				CLANG_WARN_SUSPICIOUS_MOVE = YES;
				CLANG_WARN_UNREACHABLE_CODE = YES;
				CLANG_WARN__DUPLICATE_METHOD_MATCH = YES;
				COPY_PHASE_STRIP = YES;
				DEBUG_INFORMATION_FORMAT = "dwarf-with-dsym";
				ENABLE_STRICT_OBJC_MSGSEND = YES;
				GCC_C_LANGUAGE_STANDARD = gnu99;
				GCC_ENABLE_OBJC_EXCEPTIONS = YES;
				GCC_NO_COMMON_BLOCKS = YES;
				GCC_SYMBOLS_PRIVATE_EXTERN = YES;
				GCC_VERSION = "";
				GCC_WARN_64_TO_32_BIT_CONVERSION = YES;
				GCC_WARN_ABOUT_MISSING_PROTOTYPES = YES;
				GCC_WARN_ABOUT_RETURN_TYPE = YES;
				GCC_WARN_UNDECLARED_SELECTOR = YES;
				GCC_WARN_UNINITIALIZED_AUTOS = YES;
				GCC_WARN_UNUSED_FUNCTION = YES;
				GCC_WARN_UNUSED_VARIABLE = YES;
				MACOSX_DEPLOYMENT_TARGET = 10.8;
				ONLY_ACTIVE_ARCH = NO;
				SDKROOT = macosx;
				WARNING_CFLAGS = "-Wpartial-availability";
			};
			name = Release;
		};
		F487F4C9141EADEF0093D633 /* Debug */ = {
			isa = XCBuildConfiguration;
			baseConfigurationReference = 1D8C3EB843CFB4099FEB1A6F /* Pods-ManDrake.debug.xcconfig */;
			buildSettings = {
				CLANG_ENABLE_OBJC_ARC = YES;
				CODE_SIGN_IDENTITY = "Apple Development";
				CODE_SIGN_STYLE = Manual;
				COMBINE_HIDPI_IMAGES = YES;
				DEVELOPMENT_TEAM = 5WX26Y89JP;
				FRAMEWORK_SEARCH_PATHS = (
					"$(inherited)",
					"$(PROJECT_DIR)/Sparkle",
				);
				GCC_PRECOMPILE_PREFIX_HEADER = YES;
				GCC_PREFIX_HEADER = "ManDrake/ManDrake-Prefix.pch";
				GENERATE_PKGINFO_FILE = NO;
				INFOPLIST_FILE = "ManDrake/ManDrake-Info.plist";
				LD_RUNPATH_SEARCH_PATHS = "@loader_path/../Frameworks";
				MACOSX_DEPLOYMENT_TARGET = 10.8;
				PRODUCT_BUNDLE_IDENTIFIER = org.sveinbjorn.ManDrake;
				PRODUCT_NAME = "$(TARGET_NAME)";
				PROVISIONING_PROFILE_SPECIFIER = "";
				SDKROOT = macosx;
				USER_HEADER_SEARCH_PATHS = ManDrake/External/UliKit/;
				WRAPPER_EXTENSION = app;
			};
			name = Debug;
		};
		F487F4CA141EADEF0093D633 /* Release */ = {
			isa = XCBuildConfiguration;
			baseConfigurationReference = 1765B518EC55CEC9D2FA5110 /* Pods-ManDrake.release.xcconfig */;
			buildSettings = {
				CLANG_ENABLE_OBJC_ARC = YES;
				CODE_SIGN_IDENTITY = "Apple Development";
				CODE_SIGN_STYLE = Manual;
				COMBINE_HIDPI_IMAGES = YES;
				DEVELOPMENT_TEAM = 5WX26Y89JP;
				FRAMEWORK_SEARCH_PATHS = (
					"$(inherited)",
					"$(PROJECT_DIR)/Sparkle",
				);
				GCC_PRECOMPILE_PREFIX_HEADER = YES;
				GCC_PREFIX_HEADER = "ManDrake/ManDrake-Prefix.pch";
				GENERATE_PKGINFO_FILE = NO;
				INFOPLIST_FILE = "ManDrake/ManDrake-Info.plist";
				LD_RUNPATH_SEARCH_PATHS = "@loader_path/../Frameworks";
				MACOSX_DEPLOYMENT_TARGET = 10.8;
				PRODUCT_BUNDLE_IDENTIFIER = org.sveinbjorn.ManDrake;
				PRODUCT_NAME = "$(TARGET_NAME)";
				PROVISIONING_PROFILE_SPECIFIER = "";
				SDKROOT = macosx;
				USER_HEADER_SEARCH_PATHS = ManDrake/External/UliKit/;
				WRAPPER_EXTENSION = app;
			};
			name = Release;
		};
/* End XCBuildConfiguration section */

/* Begin XCConfigurationList section */
		F487F4A1141EADEF0093D633 /* Build configuration list for PBXProject "ManDrake" */ = {
			isa = XCConfigurationList;
			buildConfigurations = (
				F487F4C6141EADEF0093D633 /* Debug */,
				F487F4C7141EADEF0093D633 /* Release */,
			);
			defaultConfigurationIsVisible = 0;
			defaultConfigurationName = Release;
		};
		F487F4C8141EADEF0093D633 /* Build configuration list for PBXNativeTarget "ManDrake" */ = {
			isa = XCConfigurationList;
			buildConfigurations = (
				F487F4C9141EADEF0093D633 /* Debug */,
				F487F4CA141EADEF0093D633 /* Release */,
			);
			defaultConfigurationIsVisible = 0;
			defaultConfigurationName = Release;
		};
/* End XCConfigurationList section */
	};
	rootObject = F487F49E141EADEF0093D633 /* Project object */;
}
