// !$*UTF8*$!
{
	archiveVersion = 1;
	classes = {
	};
	objectVersion = 44;
	objects = {

/* Begin PBXBuildFile section */
		1DDD582C0DA1D0D100B32029 /* ManDrakeDocument.xib in Resources */ = {isa = PBXBuildFile; fileRef = 1DDD58280DA1D0D100B32029 /* ManDrakeDocument.xib */; };
		1DDD582D0DA1D0D100B32029 /* MainMenu.xib in Resources */ = {isa = PBXBuildFile; fileRef = 1DDD582A0DA1D0D100B32029 /* MainMenu.xib */; };
		8D15AC2C0486D014006FF6A4 /* Credits.rtf in Resources */ = {isa = PBXBuildFile; fileRef = 2A37F4B9FDCFA73011CA2CEA /* Credits.rtf */; };
		8D15AC2F0486D014006FF6A4 /* InfoPlist.strings in Resources */ = {isa = PBXBuildFile; fileRef = 089C165FFE840EACC02AAC07 /* InfoPlist.strings */; };
		8D15AC310486D014006FF6A4 /* ManDrakeDocument.m in Sources */ = {isa = PBXBuildFile; fileRef = 2A37F4ACFDCFA73011CA2CEA /* ManDrakeDocument.m */; settings = {ATTRIBUTES = (); }; };
		8D15AC320486D014006FF6A4 /* main.m in Sources */ = {isa = PBXBuildFile; fileRef = 2A37F4B0FDCFA73011CA2CEA /* main.m */; settings = {ATTRIBUTES = (); }; };
		8D15AC340486D014006FF6A4 /* Cocoa.framework in Frameworks */ = {isa = PBXBuildFile; fileRef = 1058C7A7FEA54F5311CA2CBB /* Cocoa.framework */; };
		F44753751230B3E400EE6BEB /* MarkerLineNumberView.m in Sources */ = {isa = PBXBuildFile; fileRef = F44753741230B3E400EE6BEB /* MarkerLineNumberView.m */; };
		F447537A1230B40400EE6BEB /* NoodleLineNumberMarker.m in Sources */ = {isa = PBXBuildFile; fileRef = F44753771230B40400EE6BEB /* NoodleLineNumberMarker.m */; };
		F447537B1230B40400EE6BEB /* NoodleLineNumberView.m in Sources */ = {isa = PBXBuildFile; fileRef = F44753791230B40400EE6BEB /* NoodleLineNumberView.m */; };
		F452328F1207511300B1EF37 /* NSArray+Color.m in Sources */ = {isa = PBXBuildFile; fileRef = F452327C1207511300B1EF37 /* NSArray+Color.m */; };
		F45232901207511300B1EF37 /* NSMenu+DeepSearch.m in Sources */ = {isa = PBXBuildFile; fileRef = F452327E1207511300B1EF37 /* NSMenu+DeepSearch.m */; };
		F45232911207511300B1EF37 /* NSScanner+SkipUpToCharset.m in Sources */ = {isa = PBXBuildFile; fileRef = F45232801207511300B1EF37 /* NSScanner+SkipUpToCharset.m */; };
		F45232931207511300B1EF37 /* UKSCTDColorWellPrefsController.m in Sources */ = {isa = PBXBuildFile; fileRef = F45232841207511300B1EF37 /* UKSCTDColorWellPrefsController.m */; };
		F45232941207511300B1EF37 /* UKSCTDGradientBar.m in Sources */ = {isa = PBXBuildFile; fileRef = F45232861207511300B1EF37 /* UKSCTDGradientBar.m */; };
		F45232951207511300B1EF37 /* UKSCTDUserIdentifiersPrefsController.m in Sources */ = {isa = PBXBuildFile; fileRef = F45232881207511300B1EF37 /* UKSCTDUserIdentifiersPrefsController.m */; };
		F45232961207511300B1EF37 /* UKSyntaxColoredTextDocument.m in Sources */ = {isa = PBXBuildFile; fileRef = F452328A1207511300B1EF37 /* UKSyntaxColoredTextDocument.m */; };
		F45232971207511300B1EF37 /* UKSyntaxColoredTextViewController.m in Sources */ = {isa = PBXBuildFile; fileRef = F452328C1207511300B1EF37 /* UKSyntaxColoredTextViewController.m */; };
		F45232981207511300B1EF37 /* UKTextDocGoToBox.m in Sources */ = {isa = PBXBuildFile; fileRef = F452328E1207511300B1EF37 /* UKTextDocGoToBox.m */; };
		F47AED4F12059FC8000BE927 /* Man.plist in Resources */ = {isa = PBXBuildFile; fileRef = F47AED4E12059FC8000BE927 /* Man.plist */; };
		F47AEE101205AE55000BE927 /* WebKit.framework in Frameworks */ = {isa = PBXBuildFile; fileRef = F47AEE0F1205AE55000BE927 /* WebKit.framework */; };
		F47AEE2A12061C44000BE927 /* cat2html in Resources */ = {isa = PBXBuildFile; fileRef = F47AEE2912061C44000BE927 /* cat2html */; };
		F47AEF621206E8D1000BE927 /* ManDocument.icns in Resources */ = {isa = PBXBuildFile; fileRef = F47AEF611206E8D1000BE927 /* ManDocument.icns */; };
		F4E4ACD71205931200908F95 /* SyntaxColorDefaults.plist in Resources */ = {isa = PBXBuildFile; fileRef = F4E4ACD31205931200908F95 /* SyntaxColorDefaults.plist */; };
		F4E4ACD81205931200908F95 /* SyntaxDefinition.plist in Resources */ = {isa = PBXBuildFile; fileRef = F4E4ACD41205931200908F95 /* SyntaxDefinition.plist */; };
/* End PBXBuildFile section */

/* Begin PBXFileReference section */
		089C1660FE840EACC02AAC07 /* English */ = {isa = PBXFileReference; fileEncoding = 4; lastKnownFileType = text.plist.strings; name = English; path = English.lproj/InfoPlist.strings; sourceTree = "<group>"; };
		1058C7A7FEA54F5311CA2CBB /* Cocoa.framework */ = {isa = PBXFileReference; lastKnownFileType = wrapper.framework; name = Cocoa.framework; path = /System/Library/Frameworks/Cocoa.framework; sourceTree = "<absolute>"; };
		1DDD58290DA1D0D100B32029 /* English */ = {isa = PBXFileReference; lastKnownFileType = file.xib; name = English; path = English.lproj/ManDrakeDocument.xib; sourceTree = "<group>"; };
		1DDD582B0DA1D0D100B32029 /* English */ = {isa = PBXFileReference; lastKnownFileType = file.xib; name = English; path = English.lproj/MainMenu.xib; sourceTree = "<group>"; };
		2564AD2C0F5327BB00F57823 /* ManDrake2_Prefix.pch */ = {isa = PBXFileReference; fileEncoding = 4; lastKnownFileType = sourcecode.c.h; path = ManDrake2_Prefix.pch; sourceTree = "<group>"; };
		2A37F4ACFDCFA73011CA2CEA /* ManDrakeDocument.m */ = {isa = PBXFileReference; fileEncoding = 4; lastKnownFileType = sourcecode.c.objc; path = ManDrakeDocument.m; sourceTree = "<group>"; };
		2A37F4AEFDCFA73011CA2CEA /* ManDrakeDocument.h */ = {isa = PBXFileReference; fileEncoding = 4; lastKnownFileType = sourcecode.c.h; path = ManDrakeDocument.h; sourceTree = "<group>"; };
		2A37F4B0FDCFA73011CA2CEA /* main.m */ = {isa = PBXFileReference; fileEncoding = 4; lastKnownFileType = sourcecode.c.objc; path = main.m; sourceTree = "<group>"; };
		2A37F4BAFDCFA73011CA2CEA /* English */ = {isa = PBXFileReference; lastKnownFileType = text.rtf; name = English; path = English.lproj/Credits.rtf; sourceTree = "<group>"; };
		8D15AC360486D014006FF6A4 /* ManDrake2-Info.plist */ = {isa = PBXFileReference; fileEncoding = 4; lastKnownFileType = text.plist.xml; path = "ManDrake2-Info.plist"; sourceTree = "<group>"; };
		8D15AC370486D014006FF6A4 /* ManDrake2.app */ = {isa = PBXFileReference; explicitFileType = wrapper.application; includeInIndex = 0; path = ManDrake2.app; sourceTree = BUILT_PRODUCTS_DIR; };
		F44753731230B3E400EE6BEB /* MarkerLineNumberView.h */ = {isa = PBXFileReference; fileEncoding = 4; lastKnownFileType = sourcecode.c.h; path = MarkerLineNumberView.h; sourceTree = "<group>"; };
		F44753741230B3E400EE6BEB /* MarkerLineNumberView.m */ = {isa = PBXFileReference; fileEncoding = 4; lastKnownFileType = sourcecode.c.objc; path = MarkerLineNumberView.m; sourceTree = "<group>"; };
		F44753761230B40400EE6BEB /* NoodleLineNumberMarker.h */ = {isa = PBXFileReference; fileEncoding = 4; lastKnownFileType = sourcecode.c.h; path = NoodleLineNumberMarker.h; sourceTree = "<group>"; };
		F44753771230B40400EE6BEB /* NoodleLineNumberMarker.m */ = {isa = PBXFileReference; fileEncoding = 4; lastKnownFileType = sourcecode.c.objc; path = NoodleLineNumberMarker.m; sourceTree = "<group>"; };
		F44753781230B40400EE6BEB /* NoodleLineNumberView.h */ = {isa = PBXFileReference; fileEncoding = 4; lastKnownFileType = sourcecode.c.h; path = NoodleLineNumberView.h; sourceTree = "<group>"; };
		F44753791230B40400EE6BEB /* NoodleLineNumberView.m */ = {isa = PBXFileReference; fileEncoding = 4; lastKnownFileType = sourcecode.c.objc; path = NoodleLineNumberView.m; sourceTree = "<group>"; };
		F452327B1207511300B1EF37 /* NSArray+Color.h */ = {isa = PBXFileReference; fileEncoding = 4; lastKnownFileType = sourcecode.c.h; path = "NSArray+Color.h"; sourceTree = "<group>"; };
		F452327C1207511300B1EF37 /* NSArray+Color.m */ = {isa = PBXFileReference; fileEncoding = 4; lastKnownFileType = sourcecode.c.objc; path = "NSArray+Color.m"; sourceTree = "<group>"; };
		F452327D1207511300B1EF37 /* NSMenu+DeepSearch.h */ = {isa = PBXFileReference; fileEncoding = 4; lastKnownFileType = sourcecode.c.h; path = "NSMenu+DeepSearch.h"; sourceTree = "<group>"; };
		F452327E1207511300B1EF37 /* NSMenu+DeepSearch.m */ = {isa = PBXFileReference; fileEncoding = 4; lastKnownFileType = sourcecode.c.objc; path = "NSMenu+DeepSearch.m"; sourceTree = "<group>"; };
		F452327F1207511300B1EF37 /* NSScanner+SkipUpToCharset.h */ = {isa = PBXFileReference; fileEncoding = 4; lastKnownFileType = sourcecode.c.h; path = "NSScanner+SkipUpToCharset.h"; sourceTree = "<group>"; };
		F45232801207511300B1EF37 /* NSScanner+SkipUpToCharset.m */ = {isa = PBXFileReference; fileEncoding = 4; lastKnownFileType = sourcecode.c.objc; path = "NSScanner+SkipUpToCharset.m"; sourceTree = "<group>"; };
		F45232831207511300B1EF37 /* UKSCTDColorWellPrefsController.h */ = {isa = PBXFileReference; fileEncoding = 4; lastKnownFileType = sourcecode.c.h; path = UKSCTDColorWellPrefsController.h; sourceTree = "<group>"; };
		F45232841207511300B1EF37 /* UKSCTDColorWellPrefsController.m */ = {isa = PBXFileReference; fileEncoding = 4; lastKnownFileType = sourcecode.c.objc; path = UKSCTDColorWellPrefsController.m; sourceTree = "<group>"; };
		F45232851207511300B1EF37 /* UKSCTDGradientBar.h */ = {isa = PBXFileReference; fileEncoding = 4; lastKnownFileType = sourcecode.c.h; path = UKSCTDGradientBar.h; sourceTree = "<group>"; };
		F45232861207511300B1EF37 /* UKSCTDGradientBar.m */ = {isa = PBXFileReference; fileEncoding = 4; lastKnownFileType = sourcecode.c.objc; path = UKSCTDGradientBar.m; sourceTree = "<group>"; };
		F45232871207511300B1EF37 /* UKSCTDUserIdentifiersPrefsController.h */ = {isa = PBXFileReference; fileEncoding = 4; lastKnownFileType = sourcecode.c.h; path = UKSCTDUserIdentifiersPrefsController.h; sourceTree = "<group>"; };
		F45232881207511300B1EF37 /* UKSCTDUserIdentifiersPrefsController.m */ = {isa = PBXFileReference; fileEncoding = 4; lastKnownFileType = sourcecode.c.objc; path = UKSCTDUserIdentifiersPrefsController.m; sourceTree = "<group>"; };
		F45232891207511300B1EF37 /* UKSyntaxColoredTextDocument.h */ = {isa = PBXFileReference; fileEncoding = 4; lastKnownFileType = sourcecode.c.h; path = UKSyntaxColoredTextDocument.h; sourceTree = "<group>"; };
		F452328A1207511300B1EF37 /* UKSyntaxColoredTextDocument.m */ = {isa = PBXFileReference; fileEncoding = 4; lastKnownFileType = sourcecode.c.objc; path = UKSyntaxColoredTextDocument.m; sourceTree = "<group>"; };
		F452328B1207511300B1EF37 /* UKSyntaxColoredTextViewController.h */ = {isa = PBXFileReference; fileEncoding = 4; lastKnownFileType = sourcecode.c.h; path = UKSyntaxColoredTextViewController.h; sourceTree = "<group>"; };
		F452328C1207511300B1EF37 /* UKSyntaxColoredTextViewController.m */ = {isa = PBXFileReference; fileEncoding = 4; lastKnownFileType = sourcecode.c.objc; path = UKSyntaxColoredTextViewController.m; sourceTree = "<group>"; };
		F452328D1207511300B1EF37 /* UKTextDocGotoBox.h */ = {isa = PBXFileReference; fileEncoding = 4; lastKnownFileType = sourcecode.c.h; path = UKTextDocGotoBox.h; sourceTree = "<group>"; };
		F452328E1207511300B1EF37 /* UKTextDocGoToBox.m */ = {isa = PBXFileReference; fileEncoding = 4; lastKnownFileType = sourcecode.c.objc; path = UKTextDocGoToBox.m; sourceTree = "<group>"; };
		F47AED4E12059FC8000BE927 /* Man.plist */ = {isa = PBXFileReference; fileEncoding = 4; lastKnownFileType = text.plist.xml; path = Man.plist; sourceTree = "<group>"; };
		F47AEE0F1205AE55000BE927 /* WebKit.framework */ = {isa = PBXFileReference; lastKnownFileType = wrapper.framework; name = WebKit.framework; path = /System/Library/Frameworks/WebKit.framework; sourceTree = "<absolute>"; };
		F47AEE2912061C44000BE927 /* cat2html */ = {isa = PBXFileReference; lastKnownFileType = "compiled.mach-o.executable"; path = cat2html; sourceTree = "<group>"; };
		F47AEF611206E8D1000BE927 /* ManDocument.icns */ = {isa = PBXFileReference; lastKnownFileType = image.icns; path = ManDocument.icns; sourceTree = "<group>"; };
		F4E4ACD31205931200908F95 /* SyntaxColorDefaults.plist */ = {isa = PBXFileReference; fileEncoding = 4; lastKnownFileType = text.plist.xml; path = SyntaxColorDefaults.plist; sourceTree = "<group>"; };
		F4E4ACD41205931200908F95 /* SyntaxDefinition.plist */ = {isa = PBXFileReference; fileEncoding = 4; lastKnownFileType = text.plist.xml; path = SyntaxDefinition.plist; sourceTree = "<group>"; };
/* End PBXFileReference section */

/* Begin PBXFrameworksBuildPhase section */
		8D15AC330486D014006FF6A4 /* Frameworks */ = {
			isa = PBXFrameworksBuildPhase;
			buildActionMask = 2147483647;
			files = (
				8D15AC340486D014006FF6A4 /* Cocoa.framework in Frameworks */,
				F47AEE101205AE55000BE927 /* WebKit.framework in Frameworks */,
			);
			runOnlyForDeploymentPostprocessing = 0;
		};
/* End PBXFrameworksBuildPhase section */

/* Begin PBXGroup section */
		19C28FB0FE9D524F11CA2CBB /* Products */ = {
			isa = PBXGroup;
			children = (
				8D15AC370486D014006FF6A4 /* ManDrake2.app */,
			);
			name = Products;
			sourceTree = "<group>";
		};
		2A37F4AAFDCFA73011CA2CEA /* ManDrake2 */ = {
			isa = PBXGroup;
			children = (
				2A37F4ABFDCFA73011CA2CEA /* Classes */,
				2A37F4AFFDCFA73011CA2CEA /* Other Sources */,
				2A37F4B8FDCFA73011CA2CEA /* Resources */,
				2A37F4C3FDCFA73011CA2CEA /* Frameworks */,
				19C28FB0FE9D524F11CA2CBB /* Products */,
			);
			name = ManDrake2;
			sourceTree = "<group>";
		};
		2A37F4ABFDCFA73011CA2CEA /* Classes */ = {
			isa = PBXGroup;
			children = (
				2A37F4AEFDCFA73011CA2CEA /* ManDrakeDocument.h */,
				2A37F4ACFDCFA73011CA2CEA /* ManDrakeDocument.m */,
				F43871A61340347300B51A5E /* Line numbering */,
				F43871A71340347D00B51A5E /* UKSyntaxColoring */,
			);
			name = Classes;
			sourceTree = "<group>";
		};
		2A37F4AFFDCFA73011CA2CEA /* Other Sources */ = {
			isa = PBXGroup;
			children = (
				2564AD2C0F5327BB00F57823 /* ManDrake2_Prefix.pch */,
				2A37F4B0FDCFA73011CA2CEA /* main.m */,
			);
			name = "Other Sources";
			sourceTree = "<group>";
		};
		2A37F4B8FDCFA73011CA2CEA /* Resources */ = {
			isa = PBXGroup;
			children = (
				F47AEF611206E8D1000BE927 /* ManDocument.icns */,
				F47AEE2912061C44000BE927 /* cat2html */,
				F4E4AD8712059D0400908F95 /* Syntax Definitions */,
				F4E4ACD31205931200908F95 /* SyntaxColorDefaults.plist */,
				F4E4ACD41205931200908F95 /* SyntaxDefinition.plist */,
				2A37F4B9FDCFA73011CA2CEA /* Credits.rtf */,
				8D15AC360486D014006FF6A4 /* ManDrake2-Info.plist */,
				089C165FFE840EACC02AAC07 /* InfoPlist.strings */,
				1DDD58280DA1D0D100B32029 /* ManDrakeDocument.xib */,
				1DDD582A0DA1D0D100B32029 /* MainMenu.xib */,
			);
			name = Resources;
			sourceTree = "<group>";
		};
		2A37F4C3FDCFA73011CA2CEA /* Frameworks */ = {
			isa = PBXGroup;
			children = (
				1058C7A7FEA54F5311CA2CBB /* Cocoa.framework */,
				F47AEE0F1205AE55000BE927 /* WebKit.framework */,
			);
			name = Frameworks;
			sourceTree = "<group>";
		};
		F43871A61340347300B51A5E /* Line numbering */ = {
			isa = PBXGroup;
			children = (
				F44753761230B40400EE6BEB /* NoodleLineNumberMarker.h */,
				F44753771230B40400EE6BEB /* NoodleLineNumberMarker.m */,
				F44753781230B40400EE6BEB /* NoodleLineNumberView.h */,
				F44753791230B40400EE6BEB /* NoodleLineNumberView.m */,
				F44753731230B3E400EE6BEB /* MarkerLineNumberView.h */,
				F44753741230B3E400EE6BEB /* MarkerLineNumberView.m */,
			);
			name = "Line numbering";
			sourceTree = "<group>";
		};
		F43871A71340347D00B51A5E /* UKSyntaxColoring */ = {
			isa = PBXGroup;
			children = (
				F452327B1207511300B1EF37 /* NSArray+Color.h */,
				F452327C1207511300B1EF37 /* NSArray+Color.m */,
				F452327D1207511300B1EF37 /* NSMenu+DeepSearch.h */,
				F452327E1207511300B1EF37 /* NSMenu+DeepSearch.m */,
				F452327F1207511300B1EF37 /* NSScanner+SkipUpToCharset.h */,
				F45232801207511300B1EF37 /* NSScanner+SkipUpToCharset.m */,
				F45232831207511300B1EF37 /* UKSCTDColorWellPrefsController.h */,
				F45232841207511300B1EF37 /* UKSCTDColorWellPrefsController.m */,
				F45232851207511300B1EF37 /* UKSCTDGradientBar.h */,
				F45232861207511300B1EF37 /* UKSCTDGradientBar.m */,
				F45232871207511300B1EF37 /* UKSCTDUserIdentifiersPrefsController.h */,
				F45232881207511300B1EF37 /* UKSCTDUserIdentifiersPrefsController.m */,
				F45232891207511300B1EF37 /* UKSyntaxColoredTextDocument.h */,
				F452328A1207511300B1EF37 /* UKSyntaxColoredTextDocument.m */,
				F452328B1207511300B1EF37 /* UKSyntaxColoredTextViewController.h */,
				F452328C1207511300B1EF37 /* UKSyntaxColoredTextViewController.m */,
				F452328D1207511300B1EF37 /* UKTextDocGotoBox.h */,
				F452328E1207511300B1EF37 /* UKTextDocGoToBox.m */,
			);
			name = UKSyntaxColoring;
			sourceTree = "<group>";
		};
		F4E4AD8712059D0400908F95 /* Syntax Definitions */ = {
			isa = PBXGroup;
			children = (
				F47AED4E12059FC8000BE927 /* Man.plist */,
			);
			path = "Syntax Definitions";
			sourceTree = "<group>";
		};
/* End PBXGroup section */

/* Begin PBXNativeTarget section */
		8D15AC270486D014006FF6A4 /* ManDrake */ = {
			isa = PBXNativeTarget;
			buildConfigurationList = C05733C708A9546B00998B17 /* Build configuration list for PBXNativeTarget "ManDrake" */;
			buildPhases = (
				8D15AC2B0486D014006FF6A4 /* Resources */,
				8D15AC300486D014006FF6A4 /* Sources */,
				8D15AC330486D014006FF6A4 /* Frameworks */,
			);
			buildRules = (
			);
			dependencies = (
			);
			name = ManDrake;
			productInstallPath = "$(HOME)/Applications";
			productName = ManDrake2;
			productReference = 8D15AC370486D014006FF6A4 /* ManDrake2.app */;
			productType = "com.apple.product-type.application";
		};
/* End PBXNativeTarget section */

/* Begin PBXProject section */
		2A37F4A9FDCFA73011CA2CEA /* Project object */ = {
			isa = PBXProject;
			attributes = {
				ORGANIZATIONNAME = "Sveinbjorn Thordarson";
			};
			buildConfigurationList = C05733CB08A9546B00998B17 /* Build configuration list for PBXProject "ManDrake2" */;
			compatibilityVersion = "Xcode 3.0";
			developmentRegion = English;
			hasScannedForEncodings = 1;
			knownRegions = (
				English,
				Japanese,
				French,
				German,
			);
			mainGroup = 2A37F4AAFDCFA73011CA2CEA /* ManDrake2 */;
			projectDirPath = "";
			projectRoot = "";
			targets = (
				8D15AC270486D014006FF6A4 /* ManDrake */,
			);
		};
/* End PBXProject section */

/* Begin PBXResourcesBuildPhase section */
		8D15AC2B0486D014006FF6A4 /* Resources */ = {
			isa = PBXResourcesBuildPhase;
			buildActionMask = 2147483647;
			files = (
				8D15AC2C0486D014006FF6A4 /* Credits.rtf in Resources */,
				8D15AC2F0486D014006FF6A4 /* InfoPlist.strings in Resources */,
				1DDD582C0DA1D0D100B32029 /* ManDrakeDocument.xib in Resources */,
				1DDD582D0DA1D0D100B32029 /* MainMenu.xib in Resources */,
				F4E4ACD71205931200908F95 /* SyntaxColorDefaults.plist in Resources */,
				F4E4ACD81205931200908F95 /* SyntaxDefinition.plist in Resources */,
				F47AED4F12059FC8000BE927 /* Man.plist in Resources */,
				F47AEE2A12061C44000BE927 /* cat2html in Resources */,
				F47AEF621206E8D1000BE927 /* ManDocument.icns in Resources */,
			);
			runOnlyForDeploymentPostprocessing = 0;
		};
/* End PBXResourcesBuildPhase section */

/* Begin PBXSourcesBuildPhase section */
		8D15AC300486D014006FF6A4 /* Sources */ = {
			isa = PBXSourcesBuildPhase;
			buildActionMask = 2147483647;
			files = (
				8D15AC310486D014006FF6A4 /* ManDrakeDocument.m in Sources */,
				8D15AC320486D014006FF6A4 /* main.m in Sources */,
				F452328F1207511300B1EF37 /* NSArray+Color.m in Sources */,
				F45232901207511300B1EF37 /* NSMenu+DeepSearch.m in Sources */,
				F45232911207511300B1EF37 /* NSScanner+SkipUpToCharset.m in Sources */,
				F45232931207511300B1EF37 /* UKSCTDColorWellPrefsController.m in Sources */,
				F45232941207511300B1EF37 /* UKSCTDGradientBar.m in Sources */,
				F45232951207511300B1EF37 /* UKSCTDUserIdentifiersPrefsController.m in Sources */,
				F45232961207511300B1EF37 /* UKSyntaxColoredTextDocument.m in Sources */,
				F45232971207511300B1EF37 /* UKSyntaxColoredTextViewController.m in Sources */,
				F45232981207511300B1EF37 /* UKTextDocGoToBox.m in Sources */,
				F44753751230B3E400EE6BEB /* MarkerLineNumberView.m in Sources */,
				F447537A1230B40400EE6BEB /* NoodleLineNumberMarker.m in Sources */,
				F447537B1230B40400EE6BEB /* NoodleLineNumberView.m in Sources */,
			);
			runOnlyForDeploymentPostprocessing = 0;
		};
/* End PBXSourcesBuildPhase section */

/* Begin PBXVariantGroup section */
		089C165FFE840EACC02AAC07 /* InfoPlist.strings */ = {
			isa = PBXVariantGroup;
			children = (
				089C1660FE840EACC02AAC07 /* English */,
			);
			name = InfoPlist.strings;
			sourceTree = "<group>";
		};
		1DDD58280DA1D0D100B32029 /* ManDrakeDocument.xib */ = {
			isa = PBXVariantGroup;
			children = (
				1DDD58290DA1D0D100B32029 /* English */,
			);
			name = ManDrakeDocument.xib;
			sourceTree = "<group>";
		};
		1DDD582A0DA1D0D100B32029 /* MainMenu.xib */ = {
			isa = PBXVariantGroup;
			children = (
				1DDD582B0DA1D0D100B32029 /* English */,
			);
			name = MainMenu.xib;
			sourceTree = "<group>";
		};
		2A37F4B9FDCFA73011CA2CEA /* Credits.rtf */ = {
			isa = PBXVariantGroup;
			children = (
				2A37F4BAFDCFA73011CA2CEA /* English */,
			);
			name = Credits.rtf;
			sourceTree = "<group>";
		};
/* End PBXVariantGroup section */

/* Begin XCBuildConfiguration section */
		C05733C808A9546B00998B17 /* Debug */ = {
			isa = XCBuildConfiguration;
			buildSettings = {
				ALWAYS_SEARCH_USER_PATHS = NO;
				COPY_PHASE_STRIP = NO;
				GCC_DYNAMIC_NO_PIC = NO;
				GCC_ENABLE_FIX_AND_CONTINUE = YES;
				GCC_MODEL_TUNING = G5;
				GCC_OPTIMIZATION_LEVEL = 0;
				GCC_PRECOMPILE_PREFIX_HEADER = YES;
				GCC_PREFIX_HEADER = ManDrake2_Prefix.pch;
				INFOPLIST_FILE = "ManDrake2-Info.plist";
				INSTALL_PATH = "$(HOME)/Applications";
				PRODUCT_NAME = ManDrake2;
			};
			name = Debug;
		};
		C05733C908A9546B00998B17 /* Release */ = {
			isa = XCBuildConfiguration;
			buildSettings = {
				ALWAYS_SEARCH_USER_PATHS = NO;
				DEBUG_INFORMATION_FORMAT = "dwarf-with-dsym";
				GCC_MODEL_TUNING = G5;
				GCC_PRECOMPILE_PREFIX_HEADER = YES;
				GCC_PREFIX_HEADER = ManDrake2_Prefix.pch;
				INFOPLIST_FILE = "ManDrake2-Info.plist";
				INSTALL_PATH = "$(HOME)/Applications";
				PRODUCT_NAME = ManDrake2;
			};
			name = Release;
		};
		C05733CC08A9546B00998B17 /* Debug */ = {
			isa = XCBuildConfiguration;
			buildSettings = {
				ARCHS = "$(ONLY_ACTIVE_ARCH_PRE_XCODE_3_1)";
				GCC_C_LANGUAGE_STANDARD = gnu99;
				GCC_OPTIMIZATION_LEVEL = 0;
				GCC_VERSION = 4.2;
				GCC_WARN_ABOUT_RETURN_TYPE = YES;
				GCC_WARN_UNUSED_VARIABLE = YES;
				ONLY_ACTIVE_ARCH_PRE_XCODE_3_1 = "$(NATIVE_ARCH_ACTUAL)";
				PREBINDING = NO;
				SDKROOT = "$(DEVELOPER_SDK_DIR)/MacOSX10.6.sdk";
				VALID_ARCHS = "ppc i386";
			};
			name = Debug;
		};
		C05733CD08A9546B00998B17 /* Release */ = {
			isa = XCBuildConfiguration;
			buildSettings = {
				ARCHS = "$(ARCHS_STANDARD_32_64_BIT_PRE_XCODE_3_1)";
				ARCHS_STANDARD_32_64_BIT_PRE_XCODE_3_1 = "x86_64 i386 ppc";
				GCC_C_LANGUAGE_STANDARD = gnu99;
				GCC_VERSION = 4.2;
				GCC_WARN_ABOUT_RETURN_TYPE = YES;
				GCC_WARN_UNUSED_VARIABLE = YES;
				PREBINDING = NO;
				SDKROOT = "$(DEVELOPER_SDK_DIR)/MacOSX10.6.sdk";
				VALID_ARCHS = "ppc i386";
			};
			name = Release;
		};
/* End XCBuildConfiguration section */

/* Begin XCConfigurationList section */
		C05733C708A9546B00998B17 /* Build configuration list for PBXNativeTarget "ManDrake" */ = {
			isa = XCConfigurationList;
			buildConfigurations = (
				C05733C808A9546B00998B17 /* Debug */,
				C05733C908A9546B00998B17 /* Release */,
			);
			defaultConfigurationIsVisible = 0;
			defaultConfigurationName = Release;
		};
		C05733CB08A9546B00998B17 /* Build configuration list for PBXProject "ManDrake2" */ = {
			isa = XCConfigurationList;
			buildConfigurations = (
				C05733CC08A9546B00998B17 /* Debug */,
				C05733CD08A9546B00998B17 /* Release */,
			);
			defaultConfigurationIsVisible = 0;
			defaultConfigurationName = Release;
		};
/* End XCConfigurationList section */
	};
	rootObject = 2A37F4A9FDCFA73011CA2CEA /* Project object */;
}
